// !$*UTF8*$!
{
	archiveVersion = 1;
	classes = {
	};
	objectVersion = 46;
	objects = {

/* Begin PBXBuildFile section */
		F207A4AF2065747F006FFD17 /* CTChessboardView+iOS.swift in Sources */ = {isa = PBXBuildFile; fileRef = F207A4AE2065747F006FFD17 /* CTChessboardView+iOS.swift */; };
		F207A4B3206586CC006FFD17 /* CTChessboardView+tvOS.swift in Sources */ = {isa = PBXBuildFile; fileRef = F207A4B2206586CC006FFD17 /* CTChessboardView+tvOS.swift */; };
		F214A811206417A700A4CC73 /* AppDelegate.swift in Sources */ = {isa = PBXBuildFile; fileRef = F214A810206417A700A4CC73 /* AppDelegate.swift */; };
		F214A813206417A700A4CC73 /* ViewController.swift in Sources */ = {isa = PBXBuildFile; fileRef = F214A812206417A700A4CC73 /* ViewController.swift */; };
		F214A816206417A700A4CC73 /* Main.storyboard in Resources */ = {isa = PBXBuildFile; fileRef = F214A814206417A700A4CC73 /* Main.storyboard */; };
		F214A818206417A700A4CC73 /* Assets.xcassets in Resources */ = {isa = PBXBuildFile; fileRef = F214A817206417A700A4CC73 /* Assets.xcassets */; };
		F214A82620641A9E00A4CC73 /* ChessToolkitUI_tvOS.h in Headers */ = {isa = PBXBuildFile; fileRef = F214A82420641A9E00A4CC73 /* ChessToolkitUI_tvOS.h */; settings = {ATTRIBUTES = (Public, ); }; };
		F214A82920641A9E00A4CC73 /* ChessToolkitUI.framework in Frameworks */ = {isa = PBXBuildFile; fileRef = F214A82220641A9E00A4CC73 /* ChessToolkitUI.framework */; };
		F214A82A20641A9E00A4CC73 /* ChessToolkitUI.framework in Embed Frameworks */ = {isa = PBXBuildFile; fileRef = F214A82220641A9E00A4CC73 /* ChessToolkitUI.framework */; settings = {ATTRIBUTES = (CodeSignOnCopy, RemoveHeadersOnCopy, ); }; };
		F214A83820641AE700A4CC73 /* ChessToolkit_tvOS.h in Headers */ = {isa = PBXBuildFile; fileRef = F214A83620641AE700A4CC73 /* ChessToolkit_tvOS.h */; settings = {ATTRIBUTES = (Public, ); }; };
		F214A83B20641AE700A4CC73 /* ChessToolkit.framework in Frameworks */ = {isa = PBXBuildFile; fileRef = F214A83420641AE700A4CC73 /* ChessToolkit.framework */; };
		F214A83C20641AE700A4CC73 /* ChessToolkit.framework in Embed Frameworks */ = {isa = PBXBuildFile; fileRef = F214A83420641AE700A4CC73 /* ChessToolkit.framework */; settings = {ATTRIBUTES = (CodeSignOnCopy, RemoveHeadersOnCopy, ); }; };
		F214A84020641B0E00A4CC73 /* CTCastlingRights.swift in Sources */ = {isa = PBXBuildFile; fileRef = F2F2159F1E86ED8D000BBC9A /* CTCastlingRights.swift */; };
		F214A84120641B0E00A4CC73 /* CTConstants.swift in Sources */ = {isa = PBXBuildFile; fileRef = F2F215A01E86ED8D000BBC9A /* CTConstants.swift */; };
		F214A84220641B0E00A4CC73 /* CTEnums.swift in Sources */ = {isa = PBXBuildFile; fileRef = F2F215A11E86ED8D000BBC9A /* CTEnums.swift */; };
		F214A84320641B0E00A4CC73 /* CTFENParser.swift in Sources */ = {isa = PBXBuildFile; fileRef = F2F215A21E86ED8D000BBC9A /* CTFENParser.swift */; };
		F214A84420641B0E00A4CC73 /* CTGame.swift in Sources */ = {isa = PBXBuildFile; fileRef = F2F215A31E86ED8D000BBC9A /* CTGame.swift */; };
		F214A84520641B0E00A4CC73 /* CTMove.swift in Sources */ = {isa = PBXBuildFile; fileRef = F2F215A41E86ED8D000BBC9A /* CTMove.swift */; };
		F214A84620641B0E00A4CC73 /* CTMoveBuilder.swift in Sources */ = {isa = PBXBuildFile; fileRef = F2F215A51E86ED8D000BBC9A /* CTMoveBuilder.swift */; };
		F214A84720641B0E00A4CC73 /* CTMoveGenerator.swift in Sources */ = {isa = PBXBuildFile; fileRef = F2F215A61E86ED8D000BBC9A /* CTMoveGenerator.swift */; };
		F214A84820641B0E00A4CC73 /* CTMoveNode.swift in Sources */ = {isa = PBXBuildFile; fileRef = F2F215A71E86ED8D000BBC9A /* CTMoveNode.swift */; };
		F214A84920641B0E00A4CC73 /* CTPosition.swift in Sources */ = {isa = PBXBuildFile; fileRef = F2F215A81E86ED8D000BBC9A /* CTPosition.swift */; };
		F214A84A20641B0E00A4CC73 /* CTUtils.swift in Sources */ = {isa = PBXBuildFile; fileRef = F2F215A91E86ED8D000BBC9A /* CTUtils.swift */; };
		F214A84B20641B0E00A4CC73 /* String+Extension.swift in Sources */ = {isa = PBXBuildFile; fileRef = F2F215AA1E86ED8D000BBC9A /* String+Extension.swift */; };
		F214A84C20641B2700A4CC73 /* CTChessboardView.swift in Sources */ = {isa = PBXBuildFile; fileRef = F2F215B71E86EDDD000BBC9A /* CTChessboardView.swift */; };
		F214A84D20641B2700A4CC73 /* CTPieceSet.swift in Sources */ = {isa = PBXBuildFile; fileRef = F2F215B81E86EDDD000BBC9A /* CTPieceSet.swift */; };
		F214A84E20641B2700A4CC73 /* CTUIConstants.swift in Sources */ = {isa = PBXBuildFile; fileRef = F2F215B91E86EDDD000BBC9A /* CTUIConstants.swift */; };
		F214A84F20641B2700A4CC73 /* UIColor+Extension.swift in Sources */ = {isa = PBXBuildFile; fileRef = F2F215BA1E86EDDD000BBC9A /* UIColor+Extension.swift */; };
		F214A85020641B3A00A4CC73 /* PieceSet_Default.plist in Resources */ = {isa = PBXBuildFile; fileRef = F26BFE932054210B001BE35B /* PieceSet_Default.plist */; };
		F214A85120641B3A00A4CC73 /* PieceSets.xcassets in Resources */ = {isa = PBXBuildFile; fileRef = F26BFE922054210B001BE35B /* PieceSets.xcassets */; };
		F2492C51206C2E4700DCD798 /* TVOSAssets.xcassets in Resources */ = {isa = PBXBuildFile; fileRef = F2492C50206C2E4700DCD798 /* TVOSAssets.xcassets */; };
		F26BFE962054210F001BE35B /* PieceSet_Default.plist in Resources */ = {isa = PBXBuildFile; fileRef = F26BFE932054210B001BE35B /* PieceSet_Default.plist */; };
		F26BFE9720542114001BE35B /* PieceSets.xcassets in Resources */ = {isa = PBXBuildFile; fileRef = F26BFE922054210B001BE35B /* PieceSets.xcassets */; };
		F29DEC401DF2CB9D00047BBD /* ChessToolkitUI-iOS.h in Headers */ = {isa = PBXBuildFile; fileRef = F29DEC3E1DF2CB9D00047BBD /* ChessToolkitUI-iOS.h */; settings = {ATTRIBUTES = (Public, ); }; };
		F29DEC431DF2CB9D00047BBD /* ChessToolkitUI.framework in Frameworks */ = {isa = PBXBuildFile; fileRef = F29DEC3C1DF2CB9D00047BBD /* ChessToolkitUI.framework */; };
		F29DEC441DF2CB9D00047BBD /* ChessToolkitUI.framework in Embed Frameworks */ = {isa = PBXBuildFile; fileRef = F29DEC3C1DF2CB9D00047BBD /* ChessToolkitUI.framework */; settings = {ATTRIBUTES = (CodeSignOnCopy, RemoveHeadersOnCopy, ); }; };
		F29DEC5A1DF2CBDA00047BBD /* ChessToolkit.framework in Frameworks */ = {isa = PBXBuildFile; fileRef = F2D1435F1DDE245800288DFC /* ChessToolkit.framework */; };
		F2A1FD941E86EE3F00ED1166 /* CTCastlingRights.swift in Sources */ = {isa = PBXBuildFile; fileRef = F2F2159F1E86ED8D000BBC9A /* CTCastlingRights.swift */; };
		F2A1FD951E86EE3F00ED1166 /* CTConstants.swift in Sources */ = {isa = PBXBuildFile; fileRef = F2F215A01E86ED8D000BBC9A /* CTConstants.swift */; };
		F2A1FD961E86EE3F00ED1166 /* CTEnums.swift in Sources */ = {isa = PBXBuildFile; fileRef = F2F215A11E86ED8D000BBC9A /* CTEnums.swift */; };
		F2A1FD971E86EE3F00ED1166 /* CTFENParser.swift in Sources */ = {isa = PBXBuildFile; fileRef = F2F215A21E86ED8D000BBC9A /* CTFENParser.swift */; };
		F2A1FD981E86EE3F00ED1166 /* CTGame.swift in Sources */ = {isa = PBXBuildFile; fileRef = F2F215A31E86ED8D000BBC9A /* CTGame.swift */; };
		F2A1FD991E86EE3F00ED1166 /* CTMove.swift in Sources */ = {isa = PBXBuildFile; fileRef = F2F215A41E86ED8D000BBC9A /* CTMove.swift */; };
		F2A1FD9A1E86EE3F00ED1166 /* CTMoveBuilder.swift in Sources */ = {isa = PBXBuildFile; fileRef = F2F215A51E86ED8D000BBC9A /* CTMoveBuilder.swift */; };
		F2A1FD9B1E86EE3F00ED1166 /* CTMoveGenerator.swift in Sources */ = {isa = PBXBuildFile; fileRef = F2F215A61E86ED8D000BBC9A /* CTMoveGenerator.swift */; };
		F2A1FD9C1E86EE3F00ED1166 /* CTMoveNode.swift in Sources */ = {isa = PBXBuildFile; fileRef = F2F215A71E86ED8D000BBC9A /* CTMoveNode.swift */; };
		F2A1FD9D1E86EE3F00ED1166 /* CTPosition.swift in Sources */ = {isa = PBXBuildFile; fileRef = F2F215A81E86ED8D000BBC9A /* CTPosition.swift */; };
		F2A1FD9E1E86EE3F00ED1166 /* CTUtils.swift in Sources */ = {isa = PBXBuildFile; fileRef = F2F215A91E86ED8D000BBC9A /* CTUtils.swift */; };
		F2A1FD9F1E86EE3F00ED1166 /* String+Extension.swift in Sources */ = {isa = PBXBuildFile; fileRef = F2F215AA1E86ED8D000BBC9A /* String+Extension.swift */; };
		F2A1FDA01E86EE4A00ED1166 /* CTChessboardView.swift in Sources */ = {isa = PBXBuildFile; fileRef = F2F215B71E86EDDD000BBC9A /* CTChessboardView.swift */; };
		F2A1FDA11E86EE4A00ED1166 /* CTPieceSet.swift in Sources */ = {isa = PBXBuildFile; fileRef = F2F215B81E86EDDD000BBC9A /* CTPieceSet.swift */; };
		F2A1FDA21E86EE4A00ED1166 /* CTUIConstants.swift in Sources */ = {isa = PBXBuildFile; fileRef = F2F215B91E86EDDD000BBC9A /* CTUIConstants.swift */; };
		F2A1FDA31E86EE4A00ED1166 /* UIColor+Extension.swift in Sources */ = {isa = PBXBuildFile; fileRef = F2F215BA1E86EDDD000BBC9A /* UIColor+Extension.swift */; };
		F2A1FDBE1E86F25900ED1166 /* ChessToolkit.framework in Frameworks */ = {isa = PBXBuildFile; fileRef = F2D1435F1DDE245800288DFC /* ChessToolkit.framework */; };
		F2A1FDD41E86F40300ED1166 /* CTFENParserTests.swift in Sources */ = {isa = PBXBuildFile; fileRef = F2A1FDCA1E86F3F300ED1166 /* CTFENParserTests.swift */; };
		F2A1FDD51E86F40300ED1166 /* CTGameTests.swift in Sources */ = {isa = PBXBuildFile; fileRef = F2A1FDCB1E86F3F300ED1166 /* CTGameTests.swift */; };
		F2A1FDD61E86F40300ED1166 /* CTMoveGeneratorTests.swift in Sources */ = {isa = PBXBuildFile; fileRef = F2A1FDCC1E86F3F300ED1166 /* CTMoveGeneratorTests.swift */; };
		F2A1FDD71E86F40300ED1166 /* CTMoveTests.swift in Sources */ = {isa = PBXBuildFile; fileRef = F2A1FDCD1E86F3F300ED1166 /* CTMoveTests.swift */; };
		F2A1FDD81E86F40300ED1166 /* CTPositionTests.swift in Sources */ = {isa = PBXBuildFile; fileRef = F2A1FDCE1E86F3F300ED1166 /* CTPositionTests.swift */; };
		F2D143641DDE245800288DFC /* ChessToolkit-iOS.h in Headers */ = {isa = PBXBuildFile; fileRef = F2D143621DDE245800288DFC /* ChessToolkit-iOS.h */; settings = {ATTRIBUTES = (Public, ); }; };
		F2D1437F1DDE260600288DFC /* AppDelegate.swift in Sources */ = {isa = PBXBuildFile; fileRef = F2D1437E1DDE260600288DFC /* AppDelegate.swift */; };
		F2D143811DDE260600288DFC /* ViewController.swift in Sources */ = {isa = PBXBuildFile; fileRef = F2D143801DDE260600288DFC /* ViewController.swift */; };
		F2D143841DDE260600288DFC /* Main.storyboard in Resources */ = {isa = PBXBuildFile; fileRef = F2D143821DDE260600288DFC /* Main.storyboard */; };
		F2D143861DDE260600288DFC /* Assets.xcassets in Resources */ = {isa = PBXBuildFile; fileRef = F2D143851DDE260600288DFC /* Assets.xcassets */; };
		F2D143891DDE260600288DFC /* LaunchScreen.storyboard in Resources */ = {isa = PBXBuildFile; fileRef = F2D143871DDE260600288DFC /* LaunchScreen.storyboard */; };
		F2D1438E1DDE261800288DFC /* ChessToolkit.framework in Frameworks */ = {isa = PBXBuildFile; fileRef = F2D1435F1DDE245800288DFC /* ChessToolkit.framework */; settings = {ATTRIBUTES = (Required, ); }; };
		F2F2156B1E86DFD7000BBC9A /* ChessToolkit-macOS.h in Headers */ = {isa = PBXBuildFile; fileRef = F2F215691E86DFD7000BBC9A /* ChessToolkit-macOS.h */; settings = {ATTRIBUTES = (Public, ); }; };
		F2F215AB1E86ED8D000BBC9A /* CTCastlingRights.swift in Sources */ = {isa = PBXBuildFile; fileRef = F2F2159F1E86ED8D000BBC9A /* CTCastlingRights.swift */; };
		F2F215AC1E86ED8D000BBC9A /* CTConstants.swift in Sources */ = {isa = PBXBuildFile; fileRef = F2F215A01E86ED8D000BBC9A /* CTConstants.swift */; };
		F2F215AD1E86ED8D000BBC9A /* CTEnums.swift in Sources */ = {isa = PBXBuildFile; fileRef = F2F215A11E86ED8D000BBC9A /* CTEnums.swift */; };
		F2F215AE1E86ED8D000BBC9A /* CTFENParser.swift in Sources */ = {isa = PBXBuildFile; fileRef = F2F215A21E86ED8D000BBC9A /* CTFENParser.swift */; };
		F2F215AF1E86ED8D000BBC9A /* CTGame.swift in Sources */ = {isa = PBXBuildFile; fileRef = F2F215A31E86ED8D000BBC9A /* CTGame.swift */; };
		F2F215B01E86ED8D000BBC9A /* CTMove.swift in Sources */ = {isa = PBXBuildFile; fileRef = F2F215A41E86ED8D000BBC9A /* CTMove.swift */; };
		F2F215B11E86ED8D000BBC9A /* CTMoveBuilder.swift in Sources */ = {isa = PBXBuildFile; fileRef = F2F215A51E86ED8D000BBC9A /* CTMoveBuilder.swift */; };
		F2F215B21E86ED8D000BBC9A /* CTMoveGenerator.swift in Sources */ = {isa = PBXBuildFile; fileRef = F2F215A61E86ED8D000BBC9A /* CTMoveGenerator.swift */; };
		F2F215B31E86ED8D000BBC9A /* CTMoveNode.swift in Sources */ = {isa = PBXBuildFile; fileRef = F2F215A71E86ED8D000BBC9A /* CTMoveNode.swift */; };
		F2F215B41E86ED8D000BBC9A /* CTPosition.swift in Sources */ = {isa = PBXBuildFile; fileRef = F2F215A81E86ED8D000BBC9A /* CTPosition.swift */; };
		F2F215B51E86ED8D000BBC9A /* CTUtils.swift in Sources */ = {isa = PBXBuildFile; fileRef = F2F215A91E86ED8D000BBC9A /* CTUtils.swift */; };
		F2F215B61E86ED8D000BBC9A /* String+Extension.swift in Sources */ = {isa = PBXBuildFile; fileRef = F2F215AA1E86ED8D000BBC9A /* String+Extension.swift */; };
/* End PBXBuildFile section */

/* Begin PBXContainerItemProxy section */
		F214A82720641A9E00A4CC73 /* PBXContainerItemProxy */ = {
			isa = PBXContainerItemProxy;
			containerPortal = F2D1432E1DDE222800288DFC /* Project object */;
			proxyType = 1;
			remoteGlobalIDString = F214A82120641A9E00A4CC73;
			remoteInfo = "ChessToolkitUI-tvOS";
		};
		F214A83920641AE700A4CC73 /* PBXContainerItemProxy */ = {
			isa = PBXContainerItemProxy;
			containerPortal = F2D1432E1DDE222800288DFC /* Project object */;
			proxyType = 1;
			remoteGlobalIDString = F214A83320641AE700A4CC73;
			remoteInfo = "ChessToolkit-tvOS";
		};
		F214A85220641CFF00A4CC73 /* PBXContainerItemProxy */ = {
			isa = PBXContainerItemProxy;
			containerPortal = F2D1432E1DDE222800288DFC /* Project object */;
			proxyType = 1;
			remoteGlobalIDString = F214A83320641AE700A4CC73;
			remoteInfo = "ChessToolkit-tvOS";
		};
		F29DEC411DF2CB9D00047BBD /* PBXContainerItemProxy */ = {
			isa = PBXContainerItemProxy;
			containerPortal = F2D1432E1DDE222800288DFC /* Project object */;
			proxyType = 1;
			remoteGlobalIDString = F29DEC3B1DF2CB9D00047BBD;
			remoteInfo = "ChessToolkitUI-iOS";
		};
		F29DEC581DF2CBD000047BBD /* PBXContainerItemProxy */ = {
			isa = PBXContainerItemProxy;
			containerPortal = F2D1432E1DDE222800288DFC /* Project object */;
			proxyType = 1;
			remoteGlobalIDString = F2D1435E1DDE245800288DFC;
			remoteInfo = "ChessToolkit-iOS";
		};
		F2A1FDBF1E86F25900ED1166 /* PBXContainerItemProxy */ = {
			isa = PBXContainerItemProxy;
			containerPortal = F2D1432E1DDE222800288DFC /* Project object */;
			proxyType = 1;
			remoteGlobalIDString = F2D1435E1DDE245800288DFC;
			remoteInfo = "ChessToolkit-iOS";
		};
/* End PBXContainerItemProxy section */

/* Begin PBXCopyFilesBuildPhase section */
		F214A82E20641A9E00A4CC73 /* Embed Frameworks */ = {
			isa = PBXCopyFilesBuildPhase;
			buildActionMask = 2147483647;
			dstPath = "";
			dstSubfolderSpec = 10;
			files = (
				F214A83C20641AE700A4CC73 /* ChessToolkit.framework in Embed Frameworks */,
				F214A82A20641A9E00A4CC73 /* ChessToolkitUI.framework in Embed Frameworks */,
			);
			name = "Embed Frameworks";
			runOnlyForDeploymentPostprocessing = 0;
		};
		F2D143911DDE27A000288DFC /* Embed Frameworks */ = {
			isa = PBXCopyFilesBuildPhase;
			buildActionMask = 8;
			dstPath = "";
			dstSubfolderSpec = 10;
			files = (
				F29DEC441DF2CB9D00047BBD /* ChessToolkitUI.framework in Embed Frameworks */,
			);
			name = "Embed Frameworks";
			runOnlyForDeploymentPostprocessing = 1;
		};
/* End PBXCopyFilesBuildPhase section */

/* Begin PBXFileReference section */
		F207A4AE2065747F006FFD17 /* CTChessboardView+iOS.swift */ = {isa = PBXFileReference; lastKnownFileType = sourcecode.swift; path = "CTChessboardView+iOS.swift"; sourceTree = "<group>"; };
		F207A4B2206586CC006FFD17 /* CTChessboardView+tvOS.swift */ = {isa = PBXFileReference; lastKnownFileType = sourcecode.swift; path = "CTChessboardView+tvOS.swift"; sourceTree = "<group>"; };
		F214A80E206417A700A4CC73 /* ChessToolki-tvos-Example.app */ = {isa = PBXFileReference; explicitFileType = wrapper.application; includeInIndex = 0; path = "ChessToolki-tvos-Example.app"; sourceTree = BUILT_PRODUCTS_DIR; };
		F214A810206417A700A4CC73 /* AppDelegate.swift */ = {isa = PBXFileReference; lastKnownFileType = sourcecode.swift; path = AppDelegate.swift; sourceTree = "<group>"; };
		F214A812206417A700A4CC73 /* ViewController.swift */ = {isa = PBXFileReference; lastKnownFileType = sourcecode.swift; path = ViewController.swift; sourceTree = "<group>"; };
		F214A815206417A700A4CC73 /* Base */ = {isa = PBXFileReference; lastKnownFileType = file.storyboard; name = Base; path = Base.lproj/Main.storyboard; sourceTree = "<group>"; };
		F214A817206417A700A4CC73 /* Assets.xcassets */ = {isa = PBXFileReference; lastKnownFileType = folder.assetcatalog; path = Assets.xcassets; sourceTree = "<group>"; };
		F214A819206417A700A4CC73 /* Info.plist */ = {isa = PBXFileReference; lastKnownFileType = text.plist.xml; path = Info.plist; sourceTree = "<group>"; };
		F214A82220641A9E00A4CC73 /* ChessToolkitUI.framework */ = {isa = PBXFileReference; explicitFileType = wrapper.framework; includeInIndex = 0; path = ChessToolkitUI.framework; sourceTree = BUILT_PRODUCTS_DIR; };
		F214A82420641A9E00A4CC73 /* ChessToolkitUI_tvOS.h */ = {isa = PBXFileReference; lastKnownFileType = sourcecode.c.h; path = ChessToolkitUI_tvOS.h; sourceTree = "<group>"; };
		F214A82520641A9E00A4CC73 /* Info.plist */ = {isa = PBXFileReference; lastKnownFileType = text.plist.xml; path = Info.plist; sourceTree = "<group>"; };
		F214A83420641AE700A4CC73 /* ChessToolkit.framework */ = {isa = PBXFileReference; explicitFileType = wrapper.framework; includeInIndex = 0; path = ChessToolkit.framework; sourceTree = BUILT_PRODUCTS_DIR; };
		F214A83620641AE700A4CC73 /* ChessToolkit_tvOS.h */ = {isa = PBXFileReference; lastKnownFileType = sourcecode.c.h; path = ChessToolkit_tvOS.h; sourceTree = "<group>"; };
		F214A83720641AE700A4CC73 /* Info.plist */ = {isa = PBXFileReference; lastKnownFileType = text.plist.xml; path = Info.plist; sourceTree = "<group>"; };
		F217C2CE1E92569B00371996 /* ChessToolkit-Playground.playground */ = {isa = PBXFileReference; lastKnownFileType = file.playground; path = "ChessToolkit-Playground.playground"; sourceTree = "<group>"; };
		F2492C50206C2E4700DCD798 /* TVOSAssets.xcassets */ = {isa = PBXFileReference; lastKnownFileType = folder.assetcatalog; path = TVOSAssets.xcassets; sourceTree = "<group>"; };
		F26BFE922054210B001BE35B /* PieceSets.xcassets */ = {isa = PBXFileReference; lastKnownFileType = folder.assetcatalog; path = PieceSets.xcassets; sourceTree = "<group>"; };
		F26BFE932054210B001BE35B /* PieceSet_Default.plist */ = {isa = PBXFileReference; fileEncoding = 4; lastKnownFileType = text.plist.xml; path = PieceSet_Default.plist; sourceTree = "<group>"; };
		F29DEC3C1DF2CB9D00047BBD /* ChessToolkitUI.framework */ = {isa = PBXFileReference; explicitFileType = wrapper.framework; includeInIndex = 0; path = ChessToolkitUI.framework; sourceTree = BUILT_PRODUCTS_DIR; };
		F29DEC3E1DF2CB9D00047BBD /* ChessToolkitUI-iOS.h */ = {isa = PBXFileReference; lastKnownFileType = sourcecode.c.h; path = "ChessToolkitUI-iOS.h"; sourceTree = "<group>"; };
		F29DEC3F1DF2CB9D00047BBD /* Info.plist */ = {isa = PBXFileReference; lastKnownFileType = text.plist.xml; path = Info.plist; sourceTree = "<group>"; };
		F2A1FDB91E86F25900ED1166 /* ChessToolkit-iOS-Tests.xctest */ = {isa = PBXFileReference; explicitFileType = wrapper.cfbundle; includeInIndex = 0; path = "ChessToolkit-iOS-Tests.xctest"; sourceTree = BUILT_PRODUCTS_DIR; };
		F2A1FDCA1E86F3F300ED1166 /* CTFENParserTests.swift */ = {isa = PBXFileReference; fileEncoding = 4; lastKnownFileType = sourcecode.swift; path = CTFENParserTests.swift; sourceTree = "<group>"; };
		F2A1FDCB1E86F3F300ED1166 /* CTGameTests.swift */ = {isa = PBXFileReference; fileEncoding = 4; lastKnownFileType = sourcecode.swift; path = CTGameTests.swift; sourceTree = "<group>"; };
		F2A1FDCC1E86F3F300ED1166 /* CTMoveGeneratorTests.swift */ = {isa = PBXFileReference; fileEncoding = 4; lastKnownFileType = sourcecode.swift; path = CTMoveGeneratorTests.swift; sourceTree = "<group>"; };
		F2A1FDCD1E86F3F300ED1166 /* CTMoveTests.swift */ = {isa = PBXFileReference; fileEncoding = 4; lastKnownFileType = sourcecode.swift; path = CTMoveTests.swift; sourceTree = "<group>"; };
		F2A1FDCE1E86F3F300ED1166 /* CTPositionTests.swift */ = {isa = PBXFileReference; fileEncoding = 4; lastKnownFileType = sourcecode.swift; path = CTPositionTests.swift; sourceTree = "<group>"; };
		F2D1435F1DDE245800288DFC /* ChessToolkit.framework */ = {isa = PBXFileReference; explicitFileType = wrapper.framework; includeInIndex = 0; path = ChessToolkit.framework; sourceTree = BUILT_PRODUCTS_DIR; };
		F2D143621DDE245800288DFC /* ChessToolkit-iOS.h */ = {isa = PBXFileReference; lastKnownFileType = sourcecode.c.h; path = "ChessToolkit-iOS.h"; sourceTree = "<group>"; };
		F2D143631DDE245800288DFC /* Info.plist */ = {isa = PBXFileReference; lastKnownFileType = text.plist.xml; path = Info.plist; sourceTree = "<group>"; };
		F2D1437C1DDE260600288DFC /* ChessToolkitExample.app */ = {isa = PBXFileReference; explicitFileType = wrapper.application; includeInIndex = 0; path = ChessToolkitExample.app; sourceTree = BUILT_PRODUCTS_DIR; };
		F2D1437E1DDE260600288DFC /* AppDelegate.swift */ = {isa = PBXFileReference; lastKnownFileType = sourcecode.swift; path = AppDelegate.swift; sourceTree = "<group>"; };
		F2D143801DDE260600288DFC /* ViewController.swift */ = {isa = PBXFileReference; lastKnownFileType = sourcecode.swift; path = ViewController.swift; sourceTree = "<group>"; };
		F2D143831DDE260600288DFC /* Base */ = {isa = PBXFileReference; lastKnownFileType = file.storyboard; name = Base; path = Base.lproj/Main.storyboard; sourceTree = "<group>"; };
		F2D143851DDE260600288DFC /* Assets.xcassets */ = {isa = PBXFileReference; lastKnownFileType = folder.assetcatalog; path = Assets.xcassets; sourceTree = "<group>"; };
		F2D143881DDE260600288DFC /* Base */ = {isa = PBXFileReference; lastKnownFileType = file.storyboard; name = Base; path = Base.lproj/LaunchScreen.storyboard; sourceTree = "<group>"; };
		F2D1438A1DDE260600288DFC /* Info.plist */ = {isa = PBXFileReference; lastKnownFileType = text.plist.xml; path = Info.plist; sourceTree = "<group>"; };
		F2DAFE8A1DDF74B30094F9A3 /* Info.plist */ = {isa = PBXFileReference; lastKnownFileType = text.plist.xml; path = Info.plist; sourceTree = "<group>"; };
		F2F215671E86DFD7000BBC9A /* ChessToolkit.framework */ = {isa = PBXFileReference; explicitFileType = wrapper.framework; includeInIndex = 0; path = ChessToolkit.framework; sourceTree = BUILT_PRODUCTS_DIR; };
		F2F215691E86DFD7000BBC9A /* ChessToolkit-macOS.h */ = {isa = PBXFileReference; lastKnownFileType = sourcecode.c.h; path = "ChessToolkit-macOS.h"; sourceTree = "<group>"; };
		F2F2156A1E86DFD7000BBC9A /* Info.plist */ = {isa = PBXFileReference; lastKnownFileType = text.plist.xml; path = Info.plist; sourceTree = "<group>"; };
		F2F2158F1E86E0F5000BBC9A /* Package.swift */ = {isa = PBXFileReference; lastKnownFileType = sourcecode.swift; path = Package.swift; sourceTree = "<group>"; };
		F2F2159F1E86ED8D000BBC9A /* CTCastlingRights.swift */ = {isa = PBXFileReference; fileEncoding = 4; lastKnownFileType = sourcecode.swift; path = CTCastlingRights.swift; sourceTree = "<group>"; };
		F2F215A01E86ED8D000BBC9A /* CTConstants.swift */ = {isa = PBXFileReference; fileEncoding = 4; lastKnownFileType = sourcecode.swift; path = CTConstants.swift; sourceTree = "<group>"; };
		F2F215A11E86ED8D000BBC9A /* CTEnums.swift */ = {isa = PBXFileReference; fileEncoding = 4; lastKnownFileType = sourcecode.swift; path = CTEnums.swift; sourceTree = "<group>"; };
		F2F215A21E86ED8D000BBC9A /* CTFENParser.swift */ = {isa = PBXFileReference; fileEncoding = 4; lastKnownFileType = sourcecode.swift; path = CTFENParser.swift; sourceTree = "<group>"; };
		F2F215A31E86ED8D000BBC9A /* CTGame.swift */ = {isa = PBXFileReference; fileEncoding = 4; lastKnownFileType = sourcecode.swift; path = CTGame.swift; sourceTree = "<group>"; };
		F2F215A41E86ED8D000BBC9A /* CTMove.swift */ = {isa = PBXFileReference; fileEncoding = 4; lastKnownFileType = sourcecode.swift; path = CTMove.swift; sourceTree = "<group>"; };
		F2F215A51E86ED8D000BBC9A /* CTMoveBuilder.swift */ = {isa = PBXFileReference; fileEncoding = 4; lastKnownFileType = sourcecode.swift; path = CTMoveBuilder.swift; sourceTree = "<group>"; };
		F2F215A61E86ED8D000BBC9A /* CTMoveGenerator.swift */ = {isa = PBXFileReference; fileEncoding = 4; lastKnownFileType = sourcecode.swift; path = CTMoveGenerator.swift; sourceTree = "<group>"; };
		F2F215A71E86ED8D000BBC9A /* CTMoveNode.swift */ = {isa = PBXFileReference; fileEncoding = 4; lastKnownFileType = sourcecode.swift; path = CTMoveNode.swift; sourceTree = "<group>"; };
		F2F215A81E86ED8D000BBC9A /* CTPosition.swift */ = {isa = PBXFileReference; fileEncoding = 4; lastKnownFileType = sourcecode.swift; path = CTPosition.swift; sourceTree = "<group>"; };
		F2F215A91E86ED8D000BBC9A /* CTUtils.swift */ = {isa = PBXFileReference; fileEncoding = 4; lastKnownFileType = sourcecode.swift; path = CTUtils.swift; sourceTree = "<group>"; };
		F2F215AA1E86ED8D000BBC9A /* String+Extension.swift */ = {isa = PBXFileReference; fileEncoding = 4; lastKnownFileType = sourcecode.swift; path = "String+Extension.swift"; sourceTree = "<group>"; };
		F2F215B71E86EDDD000BBC9A /* CTChessboardView.swift */ = {isa = PBXFileReference; fileEncoding = 4; lastKnownFileType = sourcecode.swift; path = CTChessboardView.swift; sourceTree = "<group>"; };
		F2F215B81E86EDDD000BBC9A /* CTPieceSet.swift */ = {isa = PBXFileReference; fileEncoding = 4; lastKnownFileType = sourcecode.swift; path = CTPieceSet.swift; sourceTree = "<group>"; };
		F2F215B91E86EDDD000BBC9A /* CTUIConstants.swift */ = {isa = PBXFileReference; fileEncoding = 4; lastKnownFileType = sourcecode.swift; path = CTUIConstants.swift; sourceTree = "<group>"; };
		F2F215BA1E86EDDD000BBC9A /* UIColor+Extension.swift */ = {isa = PBXFileReference; fileEncoding = 4; lastKnownFileType = sourcecode.swift; path = "UIColor+Extension.swift"; sourceTree = "<group>"; };
/* End PBXFileReference section */

/* Begin PBXFrameworksBuildPhase section */
		F214A80B206417A700A4CC73 /* Frameworks */ = {
			isa = PBXFrameworksBuildPhase;
			buildActionMask = 2147483647;
			files = (
				F214A83B20641AE700A4CC73 /* ChessToolkit.framework in Frameworks */,
				F214A82920641A9E00A4CC73 /* ChessToolkitUI.framework in Frameworks */,
			);
			runOnlyForDeploymentPostprocessing = 0;
		};
		F214A81E20641A9E00A4CC73 /* Frameworks */ = {
			isa = PBXFrameworksBuildPhase;
			buildActionMask = 2147483647;
			files = (
			);
			runOnlyForDeploymentPostprocessing = 0;
		};
		F214A83020641AE700A4CC73 /* Frameworks */ = {
			isa = PBXFrameworksBuildPhase;
			buildActionMask = 2147483647;
			files = (
			);
			runOnlyForDeploymentPostprocessing = 0;
		};
		F29DEC381DF2CB9D00047BBD /* Frameworks */ = {
			isa = PBXFrameworksBuildPhase;
			buildActionMask = 2147483647;
			files = (
				F29DEC5A1DF2CBDA00047BBD /* ChessToolkit.framework in Frameworks */,
			);
			runOnlyForDeploymentPostprocessing = 0;
		};
		F2A1FDB61E86F25900ED1166 /* Frameworks */ = {
			isa = PBXFrameworksBuildPhase;
			buildActionMask = 2147483647;
			files = (
				F2A1FDBE1E86F25900ED1166 /* ChessToolkit.framework in Frameworks */,
			);
			runOnlyForDeploymentPostprocessing = 0;
		};
		F2D1435B1DDE245800288DFC /* Frameworks */ = {
			isa = PBXFrameworksBuildPhase;
			buildActionMask = 2147483647;
			files = (
			);
			runOnlyForDeploymentPostprocessing = 0;
		};
		F2D143791DDE260600288DFC /* Frameworks */ = {
			isa = PBXFrameworksBuildPhase;
			buildActionMask = 2147483647;
			files = (
				F29DEC431DF2CB9D00047BBD /* ChessToolkitUI.framework in Frameworks */,
				F2D1438E1DDE261800288DFC /* ChessToolkit.framework in Frameworks */,
			);
			runOnlyForDeploymentPostprocessing = 0;
		};
		F2F215631E86DFD7000BBC9A /* Frameworks */ = {
			isa = PBXFrameworksBuildPhase;
			buildActionMask = 2147483647;
			files = (
			);
			runOnlyForDeploymentPostprocessing = 0;
		};
/* End PBXFrameworksBuildPhase section */

/* Begin PBXGroup section */
		F207A4B020657489006FFD17 /* iOS */ = {
			isa = PBXGroup;
			children = (
				F207A4AE2065747F006FFD17 /* CTChessboardView+iOS.swift */,
			);
			path = iOS;
			sourceTree = "<group>";
		};
		F207A4B120658697006FFD17 /* tvOS */ = {
			isa = PBXGroup;
			children = (
				F207A4B2206586CC006FFD17 /* CTChessboardView+tvOS.swift */,
				F2492C50206C2E4700DCD798 /* TVOSAssets.xcassets */,
			);
			path = tvOS;
			sourceTree = "<group>";
		};
		F214A80F206417A700A4CC73 /* ChessToolki-tvos-Example */ = {
			isa = PBXGroup;
			children = (
				F214A810206417A700A4CC73 /* AppDelegate.swift */,
				F214A812206417A700A4CC73 /* ViewController.swift */,
				F214A814206417A700A4CC73 /* Main.storyboard */,
				F214A817206417A700A4CC73 /* Assets.xcassets */,
				F214A819206417A700A4CC73 /* Info.plist */,
			);
			path = "ChessToolki-tvos-Example";
			sourceTree = "<group>";
		};
		F214A82320641A9E00A4CC73 /* ChessToolkitUI-tvOS */ = {
			isa = PBXGroup;
			children = (
				F214A82420641A9E00A4CC73 /* ChessToolkitUI_tvOS.h */,
				F214A82520641A9E00A4CC73 /* Info.plist */,
			);
			path = "ChessToolkitUI-tvOS";
			sourceTree = "<group>";
		};
		F214A83520641AE700A4CC73 /* ChessToolkit-tvOS */ = {
			isa = PBXGroup;
			children = (
				F214A83620641AE700A4CC73 /* ChessToolkit_tvOS.h */,
				F214A83720641AE700A4CC73 /* Info.plist */,
			);
			path = "ChessToolkit-tvOS";
			sourceTree = "<group>";
		};
		F26BFE91205420E7001BE35B /* PieceSets */ = {
			isa = PBXGroup;
			children = (
				F26BFE932054210B001BE35B /* PieceSet_Default.plist */,
				F26BFE922054210B001BE35B /* PieceSets.xcassets */,
			);
			path = PieceSets;
			sourceTree = "<group>";
		};
		F29DEC3D1DF2CB9D00047BBD /* ChessToolkitUI-iOS */ = {
			isa = PBXGroup;
			children = (
				F29DEC3E1DF2CB9D00047BBD /* ChessToolkitUI-iOS.h */,
				F29DEC3F1DF2CB9D00047BBD /* Info.plist */,
			);
			path = "ChessToolkitUI-iOS";
			sourceTree = "<group>";
		};
		F2A1FDC91E86F3F300ED1166 /* ChessToolkitTests */ = {
			isa = PBXGroup;
			children = (
				F2A1FDCA1E86F3F300ED1166 /* CTFENParserTests.swift */,
				F2A1FDCB1E86F3F300ED1166 /* CTGameTests.swift */,
				F2A1FDCC1E86F3F300ED1166 /* CTMoveGeneratorTests.swift */,
				F2A1FDCD1E86F3F300ED1166 /* CTMoveTests.swift */,
				F2A1FDCE1E86F3F300ED1166 /* CTPositionTests.swift */,
			);
			path = ChessToolkitTests;
			sourceTree = "<group>";
		};
		F2D1432D1DDE222800288DFC = {
			isa = PBXGroup;
			children = (
				F217C2CE1E92569B00371996 /* ChessToolkit-Playground.playground */,
				F2F2158F1E86E0F5000BBC9A /* Package.swift */,
				F2D143351DDE227000288DFC /* Sources */,
				F2DAFE6D1DDF74010094F9A3 /* Tests */,
				F2D143611DDE245800288DFC /* ChessToolkit-iOS */,
				F2D1437D1DDE260600288DFC /* ChessToolkit-Example */,
				F2DAFE871DDF74B30094F9A3 /* ChessToolkit-iOS-Tests */,
				F29DEC3D1DF2CB9D00047BBD /* ChessToolkitUI-iOS */,
				F2F215681E86DFD7000BBC9A /* ChessToolkit-macOS */,
				F214A80F206417A700A4CC73 /* ChessToolki-tvos-Example */,
				F214A82320641A9E00A4CC73 /* ChessToolkitUI-tvOS */,
				F214A83520641AE700A4CC73 /* ChessToolkit-tvOS */,
				F2D143601DDE245800288DFC /* Products */,
			);
			sourceTree = "<group>";
		};
		F2D143351DDE227000288DFC /* Sources */ = {
			isa = PBXGroup;
			children = (
				F2F215911E86EC39000BBC9A /* ChessToolkit */,
				F2F215921E86EC6C000BBC9A /* ChessToolkitUI */,
			);
			path = Sources;
			sourceTree = "<group>";
		};
		F2D143601DDE245800288DFC /* Products */ = {
			isa = PBXGroup;
			children = (
				F2D1435F1DDE245800288DFC /* ChessToolkit.framework */,
				F2D1437C1DDE260600288DFC /* ChessToolkitExample.app */,
				F29DEC3C1DF2CB9D00047BBD /* ChessToolkitUI.framework */,
				F2F215671E86DFD7000BBC9A /* ChessToolkit.framework */,
				F2A1FDB91E86F25900ED1166 /* ChessToolkit-iOS-Tests.xctest */,
				F214A80E206417A700A4CC73 /* ChessToolki-tvos-Example.app */,
				F214A82220641A9E00A4CC73 /* ChessToolkitUI.framework */,
				F214A83420641AE700A4CC73 /* ChessToolkit.framework */,
			);
			name = Products;
			sourceTree = "<group>";
		};
		F2D143611DDE245800288DFC /* ChessToolkit-iOS */ = {
			isa = PBXGroup;
			children = (
				F2D143621DDE245800288DFC /* ChessToolkit-iOS.h */,
				F2D143631DDE245800288DFC /* Info.plist */,
			);
			path = "ChessToolkit-iOS";
			sourceTree = "<group>";
		};
		F2D1437D1DDE260600288DFC /* ChessToolkit-Example */ = {
			isa = PBXGroup;
			children = (
				F2D1437E1DDE260600288DFC /* AppDelegate.swift */,
				F2D143801DDE260600288DFC /* ViewController.swift */,
				F2D143821DDE260600288DFC /* Main.storyboard */,
				F2D143851DDE260600288DFC /* Assets.xcassets */,
				F2D143871DDE260600288DFC /* LaunchScreen.storyboard */,
				F2D1438A1DDE260600288DFC /* Info.plist */,
			);
			path = "ChessToolkit-Example";
			sourceTree = "<group>";
		};
		F2DAFE6D1DDF74010094F9A3 /* Tests */ = {
			isa = PBXGroup;
			children = (
				F2A1FDC91E86F3F300ED1166 /* ChessToolkitTests */,
			);
			path = Tests;
			sourceTree = "<group>";
		};
		F2DAFE871DDF74B30094F9A3 /* ChessToolkit-iOS-Tests */ = {
			isa = PBXGroup;
			children = (
				F2DAFE8A1DDF74B30094F9A3 /* Info.plist */,
			);
			path = "ChessToolkit-iOS-Tests";
			sourceTree = "<group>";
		};
		F2F215681E86DFD7000BBC9A /* ChessToolkit-macOS */ = {
			isa = PBXGroup;
			children = (
				F2F215691E86DFD7000BBC9A /* ChessToolkit-macOS.h */,
				F2F2156A1E86DFD7000BBC9A /* Info.plist */,
			);
			path = "ChessToolkit-macOS";
			sourceTree = "<group>";
		};
		F2F215911E86EC39000BBC9A /* ChessToolkit */ = {
			isa = PBXGroup;
			children = (
				F2F2159F1E86ED8D000BBC9A /* CTCastlingRights.swift */,
				F2F215A01E86ED8D000BBC9A /* CTConstants.swift */,
				F2F215A11E86ED8D000BBC9A /* CTEnums.swift */,
				F2F215A21E86ED8D000BBC9A /* CTFENParser.swift */,
				F2F215A31E86ED8D000BBC9A /* CTGame.swift */,
				F2F215A41E86ED8D000BBC9A /* CTMove.swift */,
				F2F215A51E86ED8D000BBC9A /* CTMoveBuilder.swift */,
				F2F215A61E86ED8D000BBC9A /* CTMoveGenerator.swift */,
				F2F215A71E86ED8D000BBC9A /* CTMoveNode.swift */,
				F2F215A81E86ED8D000BBC9A /* CTPosition.swift */,
				F2F215A91E86ED8D000BBC9A /* CTUtils.swift */,
				F2F215AA1E86ED8D000BBC9A /* String+Extension.swift */,
			);
			path = ChessToolkit;
			sourceTree = "<group>";
		};
		F2F215921E86EC6C000BBC9A /* ChessToolkitUI */ = {
			isa = PBXGroup;
			children = (
				F207A4B120658697006FFD17 /* tvOS */,
				F207A4B020657489006FFD17 /* iOS */,
				F26BFE91205420E7001BE35B /* PieceSets */,
				F2F215B71E86EDDD000BBC9A /* CTChessboardView.swift */,
				F2F215B81E86EDDD000BBC9A /* CTPieceSet.swift */,
				F2F215B91E86EDDD000BBC9A /* CTUIConstants.swift */,
				F2F215BA1E86EDDD000BBC9A /* UIColor+Extension.swift */,
			);
			path = ChessToolkitUI;
			sourceTree = "<group>";
		};
/* End PBXGroup section */

/* Begin PBXHeadersBuildPhase section */
		F214A81F20641A9E00A4CC73 /* Headers */ = {
			isa = PBXHeadersBuildPhase;
			buildActionMask = 2147483647;
			files = (
				F214A82620641A9E00A4CC73 /* ChessToolkitUI_tvOS.h in Headers */,
			);
			runOnlyForDeploymentPostprocessing = 0;
		};
		F214A83120641AE700A4CC73 /* Headers */ = {
			isa = PBXHeadersBuildPhase;
			buildActionMask = 2147483647;
			files = (
				F214A83820641AE700A4CC73 /* ChessToolkit_tvOS.h in Headers */,
			);
			runOnlyForDeploymentPostprocessing = 0;
		};
		F29DEC391DF2CB9D00047BBD /* Headers */ = {
			isa = PBXHeadersBuildPhase;
			buildActionMask = 2147483647;
			files = (
				F29DEC401DF2CB9D00047BBD /* ChessToolkitUI-iOS.h in Headers */,
			);
			runOnlyForDeploymentPostprocessing = 0;
		};
		F2D1435C1DDE245800288DFC /* Headers */ = {
			isa = PBXHeadersBuildPhase;
			buildActionMask = 2147483647;
			files = (
				F2D143641DDE245800288DFC /* ChessToolkit-iOS.h in Headers */,
			);
			runOnlyForDeploymentPostprocessing = 0;
		};
		F2F215641E86DFD7000BBC9A /* Headers */ = {
			isa = PBXHeadersBuildPhase;
			buildActionMask = 2147483647;
			files = (
				F2F2156B1E86DFD7000BBC9A /* ChessToolkit-macOS.h in Headers */,
			);
			runOnlyForDeploymentPostprocessing = 0;
		};
/* End PBXHeadersBuildPhase section */

/* Begin PBXNativeTarget section */
		F214A80D206417A700A4CC73 /* ChessToolki-tvos-Example */ = {
			isa = PBXNativeTarget;
			buildConfigurationList = F214A81C206417A700A4CC73 /* Build configuration list for PBXNativeTarget "ChessToolki-tvos-Example" */;
			buildPhases = (
				F214A80A206417A700A4CC73 /* Sources */,
				F214A80B206417A700A4CC73 /* Frameworks */,
				F214A80C206417A700A4CC73 /* Resources */,
				F214A82E20641A9E00A4CC73 /* Embed Frameworks */,
			);
			buildRules = (
			);
			dependencies = (
				F214A82820641A9E00A4CC73 /* PBXTargetDependency */,
				F214A83A20641AE700A4CC73 /* PBXTargetDependency */,
			);
			name = "ChessToolki-tvos-Example";
			productName = "ChessToolki-tvos-Example";
			productReference = F214A80E206417A700A4CC73 /* ChessToolki-tvos-Example.app */;
			productType = "com.apple.product-type.application";
		};
		F214A82120641A9E00A4CC73 /* ChessToolkitUI-tvOS */ = {
			isa = PBXNativeTarget;
			buildConfigurationList = F214A82B20641A9E00A4CC73 /* Build configuration list for PBXNativeTarget "ChessToolkitUI-tvOS" */;
			buildPhases = (
				F214A81D20641A9E00A4CC73 /* Sources */,
				F214A81E20641A9E00A4CC73 /* Frameworks */,
				F214A81F20641A9E00A4CC73 /* Headers */,
				F214A82020641A9E00A4CC73 /* Resources */,
			);
			buildRules = (
			);
			dependencies = (
				F214A85320641CFF00A4CC73 /* PBXTargetDependency */,
			);
			name = "ChessToolkitUI-tvOS";
			productName = "ChessToolkitUI-tvOS";
			productReference = F214A82220641A9E00A4CC73 /* ChessToolkitUI.framework */;
			productType = "com.apple.product-type.framework";
		};
		F214A83320641AE700A4CC73 /* ChessToolkit-tvOS */ = {
			isa = PBXNativeTarget;
			buildConfigurationList = F214A83D20641AE700A4CC73 /* Build configuration list for PBXNativeTarget "ChessToolkit-tvOS" */;
			buildPhases = (
				F214A82F20641AE700A4CC73 /* Sources */,
				F214A83020641AE700A4CC73 /* Frameworks */,
				F214A83120641AE700A4CC73 /* Headers */,
				F214A83220641AE700A4CC73 /* Resources */,
			);
			buildRules = (
			);
			dependencies = (
			);
			name = "ChessToolkit-tvOS";
			productName = "ChessToolkit-tvOS";
			productReference = F214A83420641AE700A4CC73 /* ChessToolkit.framework */;
			productType = "com.apple.product-type.framework";
		};
		F29DEC3B1DF2CB9D00047BBD /* ChessToolkitUI-iOS */ = {
			isa = PBXNativeTarget;
			buildConfigurationList = F29DEC451DF2CB9D00047BBD /* Build configuration list for PBXNativeTarget "ChessToolkitUI-iOS" */;
			buildPhases = (
				F29DEC371DF2CB9D00047BBD /* Sources */,
				F29DEC381DF2CB9D00047BBD /* Frameworks */,
				F29DEC391DF2CB9D00047BBD /* Headers */,
				F29DEC3A1DF2CB9D00047BBD /* Resources */,
			);
			buildRules = (
			);
			dependencies = (
				F29DEC591DF2CBD000047BBD /* PBXTargetDependency */,
			);
			name = "ChessToolkitUI-iOS";
			productName = "ChessToolkitUI-iOS";
			productReference = F29DEC3C1DF2CB9D00047BBD /* ChessToolkitUI.framework */;
			productType = "com.apple.product-type.framework";
		};
		F2A1FDB81E86F25900ED1166 /* ChessToolkit-iOS-Tests */ = {
			isa = PBXNativeTarget;
			buildConfigurationList = F2A1FDC11E86F25900ED1166 /* Build configuration list for PBXNativeTarget "ChessToolkit-iOS-Tests" */;
			buildPhases = (
				F2A1FDB51E86F25900ED1166 /* Sources */,
				F2A1FDB61E86F25900ED1166 /* Frameworks */,
				F2A1FDB71E86F25900ED1166 /* Resources */,
			);
			buildRules = (
			);
			dependencies = (
				F2A1FDC01E86F25900ED1166 /* PBXTargetDependency */,
			);
			name = "ChessToolkit-iOS-Tests";
			productName = "ChessToolkit-iOS-Tests";
			productReference = F2A1FDB91E86F25900ED1166 /* ChessToolkit-iOS-Tests.xctest */;
			productType = "com.apple.product-type.bundle.unit-test";
		};
		F2D1435E1DDE245800288DFC /* ChessToolkit-iOS */ = {
			isa = PBXNativeTarget;
			buildConfigurationList = F2D143651DDE245800288DFC /* Build configuration list for PBXNativeTarget "ChessToolkit-iOS" */;
			buildPhases = (
				F2D1435A1DDE245800288DFC /* Sources */,
				F2D1435B1DDE245800288DFC /* Frameworks */,
				F2D1435C1DDE245800288DFC /* Headers */,
				F2D1435D1DDE245800288DFC /* Resources */,
			);
			buildRules = (
			);
			dependencies = (
			);
			name = "ChessToolkit-iOS";
			productName = "ChessToolkit-iOS";
			productReference = F2D1435F1DDE245800288DFC /* ChessToolkit.framework */;
			productType = "com.apple.product-type.framework";
		};
		F2D1437B1DDE260600288DFC /* ChessToolkit-Example */ = {
			isa = PBXNativeTarget;
			buildConfigurationList = F2D1438B1DDE260600288DFC /* Build configuration list for PBXNativeTarget "ChessToolkit-Example" */;
			buildPhases = (
				F2D143781DDE260600288DFC /* Sources */,
				F2D143791DDE260600288DFC /* Frameworks */,
				F2D1437A1DDE260600288DFC /* Resources */,
				F2D143911DDE27A000288DFC /* Embed Frameworks */,
			);
			buildRules = (
			);
			dependencies = (
				F29DEC421DF2CB9D00047BBD /* PBXTargetDependency */,
			);
			name = "ChessToolkit-Example";
			productName = "ChessToolkit-Example";
			productReference = F2D1437C1DDE260600288DFC /* ChessToolkitExample.app */;
			productType = "com.apple.product-type.application";
		};
		F2F215661E86DFD7000BBC9A /* ChessToolkit-macOS */ = {
			isa = PBXNativeTarget;
			buildConfigurationList = F2F215821E86DFD7000BBC9A /* Build configuration list for PBXNativeTarget "ChessToolkit-macOS" */;
			buildPhases = (
				F2F215621E86DFD7000BBC9A /* Sources */,
				F2F215631E86DFD7000BBC9A /* Frameworks */,
				F2F215641E86DFD7000BBC9A /* Headers */,
				F2F215651E86DFD7000BBC9A /* Resources */,
			);
			buildRules = (
			);
			dependencies = (
			);
			name = "ChessToolkit-macOS";
			productName = "ChessToolkit-macOS";
			productReference = F2F215671E86DFD7000BBC9A /* ChessToolkit.framework */;
			productType = "com.apple.product-type.framework";
		};
/* End PBXNativeTarget section */

/* Begin PBXProject section */
		F2D1432E1DDE222800288DFC /* Project object */ = {
			isa = PBXProject;
			attributes = {
				LastSwiftUpdateCheck = 0920;
				LastUpgradeCheck = 0930;
				TargetAttributes = {
					F214A80D206417A700A4CC73 = {
						CreatedOnToolsVersion = 9.2;
						DevelopmentTeam = YZB6HYGFR3;
						ProvisioningStyle = Automatic;
					};
					F214A82120641A9E00A4CC73 = {
						CreatedOnToolsVersion = 9.2;
						DevelopmentTeam = YZB6HYGFR3;
						ProvisioningStyle = Automatic;
					};
					F214A83320641AE700A4CC73 = {
						CreatedOnToolsVersion = 9.2;
						DevelopmentTeam = YZB6HYGFR3;
						ProvisioningStyle = Automatic;
					};
					F29DEC3B1DF2CB9D00047BBD = {
						CreatedOnToolsVersion = 8.1;
						DevelopmentTeam = YZB6HYGFR3;
						LastSwiftMigration = 0920;
						ProvisioningStyle = Automatic;
					};
					F2A1FDB81E86F25900ED1166 = {
						CreatedOnToolsVersion = 8.2.1;
						DevelopmentTeam = YZB6HYGFR3;
						ProvisioningStyle = Automatic;
					};
					F2D1435E1DDE245800288DFC = {
						CreatedOnToolsVersion = 8.1;
						DevelopmentTeam = YZB6HYGFR3;
						LastSwiftMigration = 0920;
						ProvisioningStyle = Automatic;
					};
					F2D1437B1DDE260600288DFC = {
						CreatedOnToolsVersion = 8.1;
						DevelopmentTeam = YZB6HYGFR3;
						LastSwiftMigration = 0920;
						ProvisioningStyle = Automatic;
					};
					F2F215661E86DFD7000BBC9A = {
						CreatedOnToolsVersion = 8.2.1;
						DevelopmentTeam = YZB6HYGFR3;
						ProvisioningStyle = Automatic;
					};
				};
			};
			buildConfigurationList = F2D143311DDE222800288DFC /* Build configuration list for PBXProject "ChessToolkit" */;
			compatibilityVersion = "Xcode 3.2";
			developmentRegion = English;
			hasScannedForEncodings = 0;
			knownRegions = (
				en,
				Base,
			);
			mainGroup = F2D1432D1DDE222800288DFC;
			productRefGroup = F2D143601DDE245800288DFC /* Products */;
			projectDirPath = "";
			projectRoot = "";
			targets = (
				F2D1435E1DDE245800288DFC /* ChessToolkit-iOS */,
				F2F215661E86DFD7000BBC9A /* ChessToolkit-macOS */,
				F214A83320641AE700A4CC73 /* ChessToolkit-tvOS */,
				F29DEC3B1DF2CB9D00047BBD /* ChessToolkitUI-iOS */,
				F214A82120641A9E00A4CC73 /* ChessToolkitUI-tvOS */,
				F2D1437B1DDE260600288DFC /* ChessToolkit-Example */,
				F2A1FDB81E86F25900ED1166 /* ChessToolkit-iOS-Tests */,
				F214A80D206417A700A4CC73 /* ChessToolki-tvos-Example */,
			);
		};
/* End PBXProject section */

/* Begin PBXResourcesBuildPhase section */
		F214A80C206417A700A4CC73 /* Resources */ = {
			isa = PBXResourcesBuildPhase;
			buildActionMask = 2147483647;
			files = (
				F214A818206417A700A4CC73 /* Assets.xcassets in Resources */,
				F214A816206417A700A4CC73 /* Main.storyboard in Resources */,
			);
			runOnlyForDeploymentPostprocessing = 0;
		};
		F214A82020641A9E00A4CC73 /* Resources */ = {
			isa = PBXResourcesBuildPhase;
			buildActionMask = 2147483647;
			files = (
				F2492C51206C2E4700DCD798 /* TVOSAssets.xcassets in Resources */,
				F214A85020641B3A00A4CC73 /* PieceSet_Default.plist in Resources */,
				F214A85120641B3A00A4CC73 /* PieceSets.xcassets in Resources */,
			);
			runOnlyForDeploymentPostprocessing = 0;
		};
		F214A83220641AE700A4CC73 /* Resources */ = {
			isa = PBXResourcesBuildPhase;
			buildActionMask = 2147483647;
			files = (
			);
			runOnlyForDeploymentPostprocessing = 0;
		};
		F29DEC3A1DF2CB9D00047BBD /* Resources */ = {
			isa = PBXResourcesBuildPhase;
			buildActionMask = 2147483647;
			files = (
				F26BFE962054210F001BE35B /* PieceSet_Default.plist in Resources */,
				F26BFE9720542114001BE35B /* PieceSets.xcassets in Resources */,
			);
			runOnlyForDeploymentPostprocessing = 0;
		};
		F2A1FDB71E86F25900ED1166 /* Resources */ = {
			isa = PBXResourcesBuildPhase;
			buildActionMask = 2147483647;
			files = (
			);
			runOnlyForDeploymentPostprocessing = 0;
		};
		F2D1435D1DDE245800288DFC /* Resources */ = {
			isa = PBXResourcesBuildPhase;
			buildActionMask = 2147483647;
			files = (
			);
			runOnlyForDeploymentPostprocessing = 0;
		};
		F2D1437A1DDE260600288DFC /* Resources */ = {
			isa = PBXResourcesBuildPhase;
			buildActionMask = 2147483647;
			files = (
				F2D143891DDE260600288DFC /* LaunchScreen.storyboard in Resources */,
				F2D143861DDE260600288DFC /* Assets.xcassets in Resources */,
				F2D143841DDE260600288DFC /* Main.storyboard in Resources */,
			);
			runOnlyForDeploymentPostprocessing = 0;
		};
		F2F215651E86DFD7000BBC9A /* Resources */ = {
			isa = PBXResourcesBuildPhase;
			buildActionMask = 2147483647;
			files = (
			);
			runOnlyForDeploymentPostprocessing = 0;
		};
/* End PBXResourcesBuildPhase section */

/* Begin PBXSourcesBuildPhase section */
		F214A80A206417A700A4CC73 /* Sources */ = {
			isa = PBXSourcesBuildPhase;
			buildActionMask = 2147483647;
			files = (
				F214A813206417A700A4CC73 /* ViewController.swift in Sources */,
				F214A811206417A700A4CC73 /* AppDelegate.swift in Sources */,
			);
			runOnlyForDeploymentPostprocessing = 0;
		};
		F214A81D20641A9E00A4CC73 /* Sources */ = {
			isa = PBXSourcesBuildPhase;
			buildActionMask = 2147483647;
			files = (
				F214A84C20641B2700A4CC73 /* CTChessboardView.swift in Sources */,
				F214A84D20641B2700A4CC73 /* CTPieceSet.swift in Sources */,
				F214A84E20641B2700A4CC73 /* CTUIConstants.swift in Sources */,
				F207A4B3206586CC006FFD17 /* CTChessboardView+tvOS.swift in Sources */,
				F214A84F20641B2700A4CC73 /* UIColor+Extension.swift in Sources */,
			);
			runOnlyForDeploymentPostprocessing = 0;
		};
		F214A82F20641AE700A4CC73 /* Sources */ = {
			isa = PBXSourcesBuildPhase;
			buildActionMask = 2147483647;
			files = (
				F214A84020641B0E00A4CC73 /* CTCastlingRights.swift in Sources */,
				F214A84120641B0E00A4CC73 /* CTConstants.swift in Sources */,
				F214A84220641B0E00A4CC73 /* CTEnums.swift in Sources */,
				F214A84320641B0E00A4CC73 /* CTFENParser.swift in Sources */,
				F214A84420641B0E00A4CC73 /* CTGame.swift in Sources */,
				F214A84520641B0E00A4CC73 /* CTMove.swift in Sources */,
				F214A84620641B0E00A4CC73 /* CTMoveBuilder.swift in Sources */,
				F214A84720641B0E00A4CC73 /* CTMoveGenerator.swift in Sources */,
				F214A84820641B0E00A4CC73 /* CTMoveNode.swift in Sources */,
				F214A84920641B0E00A4CC73 /* CTPosition.swift in Sources */,
				F214A84A20641B0E00A4CC73 /* CTUtils.swift in Sources */,
				F214A84B20641B0E00A4CC73 /* String+Extension.swift in Sources */,
			);
			runOnlyForDeploymentPostprocessing = 0;
		};
		F29DEC371DF2CB9D00047BBD /* Sources */ = {
			isa = PBXSourcesBuildPhase;
			buildActionMask = 2147483647;
			files = (
				F2A1FDA01E86EE4A00ED1166 /* CTChessboardView.swift in Sources */,
				F2A1FDA11E86EE4A00ED1166 /* CTPieceSet.swift in Sources */,
				F2A1FDA21E86EE4A00ED1166 /* CTUIConstants.swift in Sources */,
				F207A4AF2065747F006FFD17 /* CTChessboardView+iOS.swift in Sources */,
				F2A1FDA31E86EE4A00ED1166 /* UIColor+Extension.swift in Sources */,
			);
			runOnlyForDeploymentPostprocessing = 0;
		};
		F2A1FDB51E86F25900ED1166 /* Sources */ = {
			isa = PBXSourcesBuildPhase;
			buildActionMask = 2147483647;
			files = (
				F2A1FDD41E86F40300ED1166 /* CTFENParserTests.swift in Sources */,
				F2A1FDD51E86F40300ED1166 /* CTGameTests.swift in Sources */,
				F2A1FDD61E86F40300ED1166 /* CTMoveGeneratorTests.swift in Sources */,
				F2A1FDD71E86F40300ED1166 /* CTMoveTests.swift in Sources */,
				F2A1FDD81E86F40300ED1166 /* CTPositionTests.swift in Sources */,
			);
			runOnlyForDeploymentPostprocessing = 0;
		};
		F2D1435A1DDE245800288DFC /* Sources */ = {
			isa = PBXSourcesBuildPhase;
			buildActionMask = 2147483647;
			files = (
				F2F215AC1E86ED8D000BBC9A /* CTConstants.swift in Sources */,
				F2F215B11E86ED8D000BBC9A /* CTMoveBuilder.swift in Sources */,
				F2F215B31E86ED8D000BBC9A /* CTMoveNode.swift in Sources */,
				F2F215B41E86ED8D000BBC9A /* CTPosition.swift in Sources */,
				F2F215B61E86ED8D000BBC9A /* String+Extension.swift in Sources */,
				F2F215AE1E86ED8D000BBC9A /* CTFENParser.swift in Sources */,
				F2F215AF1E86ED8D000BBC9A /* CTGame.swift in Sources */,
				F2F215B01E86ED8D000BBC9A /* CTMove.swift in Sources */,
				F2F215B21E86ED8D000BBC9A /* CTMoveGenerator.swift in Sources */,
				F2F215B51E86ED8D000BBC9A /* CTUtils.swift in Sources */,
				F2F215AD1E86ED8D000BBC9A /* CTEnums.swift in Sources */,
				F2F215AB1E86ED8D000BBC9A /* CTCastlingRights.swift in Sources */,
			);
			runOnlyForDeploymentPostprocessing = 0;
		};
		F2D143781DDE260600288DFC /* Sources */ = {
			isa = PBXSourcesBuildPhase;
			buildActionMask = 2147483647;
			files = (
				F2D143811DDE260600288DFC /* ViewController.swift in Sources */,
				F2D1437F1DDE260600288DFC /* AppDelegate.swift in Sources */,
			);
			runOnlyForDeploymentPostprocessing = 0;
		};
		F2F215621E86DFD7000BBC9A /* Sources */ = {
			isa = PBXSourcesBuildPhase;
			buildActionMask = 2147483647;
			files = (
				F2A1FD941E86EE3F00ED1166 /* CTCastlingRights.swift in Sources */,
				F2A1FD951E86EE3F00ED1166 /* CTConstants.swift in Sources */,
				F2A1FD961E86EE3F00ED1166 /* CTEnums.swift in Sources */,
				F2A1FD971E86EE3F00ED1166 /* CTFENParser.swift in Sources */,
				F2A1FD981E86EE3F00ED1166 /* CTGame.swift in Sources */,
				F2A1FD991E86EE3F00ED1166 /* CTMove.swift in Sources */,
				F2A1FD9A1E86EE3F00ED1166 /* CTMoveBuilder.swift in Sources */,
				F2A1FD9B1E86EE3F00ED1166 /* CTMoveGenerator.swift in Sources */,
				F2A1FD9C1E86EE3F00ED1166 /* CTMoveNode.swift in Sources */,
				F2A1FD9D1E86EE3F00ED1166 /* CTPosition.swift in Sources */,
				F2A1FD9E1E86EE3F00ED1166 /* CTUtils.swift in Sources */,
				F2A1FD9F1E86EE3F00ED1166 /* String+Extension.swift in Sources */,
			);
			runOnlyForDeploymentPostprocessing = 0;
		};
/* End PBXSourcesBuildPhase section */

/* Begin PBXTargetDependency section */
		F214A82820641A9E00A4CC73 /* PBXTargetDependency */ = {
			isa = PBXTargetDependency;
			target = F214A82120641A9E00A4CC73 /* ChessToolkitUI-tvOS */;
			targetProxy = F214A82720641A9E00A4CC73 /* PBXContainerItemProxy */;
		};
		F214A83A20641AE700A4CC73 /* PBXTargetDependency */ = {
			isa = PBXTargetDependency;
			target = F214A83320641AE700A4CC73 /* ChessToolkit-tvOS */;
			targetProxy = F214A83920641AE700A4CC73 /* PBXContainerItemProxy */;
		};
		F214A85320641CFF00A4CC73 /* PBXTargetDependency */ = {
			isa = PBXTargetDependency;
			target = F214A83320641AE700A4CC73 /* ChessToolkit-tvOS */;
			targetProxy = F214A85220641CFF00A4CC73 /* PBXContainerItemProxy */;
		};
		F29DEC421DF2CB9D00047BBD /* PBXTargetDependency */ = {
			isa = PBXTargetDependency;
			target = F29DEC3B1DF2CB9D00047BBD /* ChessToolkitUI-iOS */;
			targetProxy = F29DEC411DF2CB9D00047BBD /* PBXContainerItemProxy */;
		};
		F29DEC591DF2CBD000047BBD /* PBXTargetDependency */ = {
			isa = PBXTargetDependency;
			target = F2D1435E1DDE245800288DFC /* ChessToolkit-iOS */;
			targetProxy = F29DEC581DF2CBD000047BBD /* PBXContainerItemProxy */;
		};
		F2A1FDC01E86F25900ED1166 /* PBXTargetDependency */ = {
			isa = PBXTargetDependency;
			target = F2D1435E1DDE245800288DFC /* ChessToolkit-iOS */;
			targetProxy = F2A1FDBF1E86F25900ED1166 /* PBXContainerItemProxy */;
		};
/* End PBXTargetDependency section */

/* Begin PBXVariantGroup section */
		F214A814206417A700A4CC73 /* Main.storyboard */ = {
			isa = PBXVariantGroup;
			children = (
				F214A815206417A700A4CC73 /* Base */,
			);
			name = Main.storyboard;
			sourceTree = "<group>";
		};
		F2D143821DDE260600288DFC /* Main.storyboard */ = {
			isa = PBXVariantGroup;
			children = (
				F2D143831DDE260600288DFC /* Base */,
			);
			name = Main.storyboard;
			sourceTree = "<group>";
		};
		F2D143871DDE260600288DFC /* LaunchScreen.storyboard */ = {
			isa = PBXVariantGroup;
			children = (
				F2D143881DDE260600288DFC /* Base */,
			);
			name = LaunchScreen.storyboard;
			sourceTree = "<group>";
		};
/* End PBXVariantGroup section */

/* Begin XCBuildConfiguration section */
		F214A81A206417A700A4CC73 /* Debug */ = {
			isa = XCBuildConfiguration;
			buildSettings = {
				ALWAYS_EMBED_SWIFT_STANDARD_LIBRARIES = YES;
				ALWAYS_SEARCH_USER_PATHS = NO;
				ASSETCATALOG_COMPILER_APPICON_NAME = "App Icon & Top Shelf Image";
				ASSETCATALOG_COMPILER_LAUNCHIMAGE_NAME = LaunchImage;
				CLANG_ANALYZER_NONNULL = YES;
				CLANG_ANALYZER_NUMBER_OBJECT_CONVERSION = YES_AGGRESSIVE;
				CLANG_CXX_LANGUAGE_STANDARD = "gnu++14";
				CLANG_CXX_LIBRARY = "libc++";
				CLANG_ENABLE_MODULES = YES;
				CLANG_ENABLE_OBJC_ARC = YES;
				CLANG_WARN_DIRECT_OBJC_ISA_USAGE = YES_ERROR;
				CLANG_WARN_DOCUMENTATION_COMMENTS = YES;
				CLANG_WARN_OBJC_ROOT_CLASS = YES_ERROR;
				CLANG_WARN_UNGUARDED_AVAILABILITY = YES_AGGRESSIVE;
				CODE_SIGN_STYLE = Automatic;
				COPY_PHASE_STRIP = NO;
				DEBUG_INFORMATION_FORMAT = dwarf;
				DEVELOPMENT_TEAM = YZB6HYGFR3;
				GCC_C_LANGUAGE_STANDARD = gnu11;
				GCC_DYNAMIC_NO_PIC = NO;
				GCC_OPTIMIZATION_LEVEL = 0;
				GCC_PREPROCESSOR_DEFINITIONS = (
					"DEBUG=1",
					"$(inherited)",
				);
				GCC_WARN_ABOUT_RETURN_TYPE = YES_ERROR;
				GCC_WARN_UNINITIALIZED_AUTOS = YES_AGGRESSIVE;
				INFOPLIST_FILE = "ChessToolki-tvos-Example/Info.plist";
				LD_RUNPATH_SEARCH_PATHS = "$(inherited) @executable_path/Frameworks";
				MTL_ENABLE_DEBUG_INFO = YES;
				PRODUCT_BUNDLE_IDENTIFIER = "de.tklusemann.ChessToolki-tvos-Example";
				PRODUCT_NAME = "$(TARGET_NAME)";
				SDKROOT = appletvos;
				SWIFT_ACTIVE_COMPILATION_CONDITIONS = DEBUG;
				SWIFT_OPTIMIZATION_LEVEL = "-Onone";
				SWIFT_VERSION = 4.0;
				TARGETED_DEVICE_FAMILY = 3;
				TVOS_DEPLOYMENT_TARGET = 11.2;
			};
			name = Debug;
		};
		F214A81B206417A700A4CC73 /* Release */ = {
			isa = XCBuildConfiguration;
			buildSettings = {
				ALWAYS_EMBED_SWIFT_STANDARD_LIBRARIES = YES;
				ALWAYS_SEARCH_USER_PATHS = NO;
				ASSETCATALOG_COMPILER_APPICON_NAME = "App Icon & Top Shelf Image";
				ASSETCATALOG_COMPILER_LAUNCHIMAGE_NAME = LaunchImage;
				CLANG_ANALYZER_NONNULL = YES;
				CLANG_ANALYZER_NUMBER_OBJECT_CONVERSION = YES_AGGRESSIVE;
				CLANG_CXX_LANGUAGE_STANDARD = "gnu++14";
				CLANG_CXX_LIBRARY = "libc++";
				CLANG_ENABLE_MODULES = YES;
				CLANG_ENABLE_OBJC_ARC = YES;
				CLANG_WARN_DIRECT_OBJC_ISA_USAGE = YES_ERROR;
				CLANG_WARN_DOCUMENTATION_COMMENTS = YES;
				CLANG_WARN_OBJC_ROOT_CLASS = YES_ERROR;
				CLANG_WARN_UNGUARDED_AVAILABILITY = YES_AGGRESSIVE;
				CODE_SIGN_STYLE = Automatic;
				COPY_PHASE_STRIP = NO;
				DEBUG_INFORMATION_FORMAT = "dwarf-with-dsym";
				DEVELOPMENT_TEAM = YZB6HYGFR3;
				ENABLE_NS_ASSERTIONS = NO;
				GCC_C_LANGUAGE_STANDARD = gnu11;
				GCC_WARN_ABOUT_RETURN_TYPE = YES_ERROR;
				GCC_WARN_UNINITIALIZED_AUTOS = YES_AGGRESSIVE;
				INFOPLIST_FILE = "ChessToolki-tvos-Example/Info.plist";
				LD_RUNPATH_SEARCH_PATHS = "$(inherited) @executable_path/Frameworks";
				MTL_ENABLE_DEBUG_INFO = NO;
				PRODUCT_BUNDLE_IDENTIFIER = "de.tklusemann.ChessToolki-tvos-Example";
				PRODUCT_NAME = "$(TARGET_NAME)";
				SDKROOT = appletvos;
				SWIFT_OPTIMIZATION_LEVEL = "-Owholemodule";
				SWIFT_VERSION = 4.0;
				TARGETED_DEVICE_FAMILY = 3;
				TVOS_DEPLOYMENT_TARGET = 11.2;
				VALIDATE_PRODUCT = YES;
			};
			name = Release;
		};
		F214A82C20641A9E00A4CC73 /* Debug */ = {
			isa = XCBuildConfiguration;
			buildSettings = {
				ALWAYS_SEARCH_USER_PATHS = NO;
				CLANG_ANALYZER_NONNULL = YES;
				CLANG_ANALYZER_NUMBER_OBJECT_CONVERSION = YES_AGGRESSIVE;
				CLANG_CXX_LANGUAGE_STANDARD = "gnu++14";
				CLANG_CXX_LIBRARY = "libc++";
				CLANG_ENABLE_MODULES = YES;
				CLANG_ENABLE_OBJC_ARC = YES;
				CLANG_WARN_DIRECT_OBJC_ISA_USAGE = YES_ERROR;
				CLANG_WARN_DOCUMENTATION_COMMENTS = YES;
				CLANG_WARN_OBJC_ROOT_CLASS = YES_ERROR;
				CLANG_WARN_UNGUARDED_AVAILABILITY = YES_AGGRESSIVE;
				CODE_SIGN_IDENTITY = "";
				CODE_SIGN_STYLE = Automatic;
				COPY_PHASE_STRIP = NO;
				CURRENT_PROJECT_VERSION = 1;
				DEBUG_INFORMATION_FORMAT = dwarf;
				DEFINES_MODULE = YES;
				DEVELOPMENT_TEAM = YZB6HYGFR3;
				DYLIB_COMPATIBILITY_VERSION = 1;
				DYLIB_CURRENT_VERSION = 1;
				DYLIB_INSTALL_NAME_BASE = "@rpath";
				GCC_C_LANGUAGE_STANDARD = gnu11;
				GCC_DYNAMIC_NO_PIC = NO;
				GCC_OPTIMIZATION_LEVEL = 0;
				GCC_PREPROCESSOR_DEFINITIONS = (
					"DEBUG=1",
					"$(inherited)",
				);
				GCC_WARN_ABOUT_RETURN_TYPE = YES_ERROR;
				GCC_WARN_UNINITIALIZED_AUTOS = YES_AGGRESSIVE;
				INFOPLIST_FILE = "ChessToolkitUI-tvOS/Info.plist";
				INSTALL_PATH = "$(LOCAL_LIBRARY_DIR)/Frameworks";
				LD_RUNPATH_SEARCH_PATHS = "$(inherited) @executable_path/Frameworks @loader_path/Frameworks";
				MTL_ENABLE_DEBUG_INFO = YES;
				PRODUCT_BUNDLE_IDENTIFIER = "org.karrmarr.ChessToolkitUI-tvOS";
				PRODUCT_NAME = ChessToolkitUI;
				SDKROOT = appletvos;
				SKIP_INSTALL = YES;
				SWIFT_ACTIVE_COMPILATION_CONDITIONS = DEBUG;
				SWIFT_OPTIMIZATION_LEVEL = "-Onone";
				SWIFT_VERSION = 4.0;
				TARGETED_DEVICE_FAMILY = 3;
				TVOS_DEPLOYMENT_TARGET = 11.2;
				VERSIONING_SYSTEM = "apple-generic";
				VERSION_INFO_PREFIX = "";
			};
			name = Debug;
		};
		F214A82D20641A9E00A4CC73 /* Release */ = {
			isa = XCBuildConfiguration;
			buildSettings = {
				ALWAYS_SEARCH_USER_PATHS = NO;
				CLANG_ANALYZER_NONNULL = YES;
				CLANG_ANALYZER_NUMBER_OBJECT_CONVERSION = YES_AGGRESSIVE;
				CLANG_CXX_LANGUAGE_STANDARD = "gnu++14";
				CLANG_CXX_LIBRARY = "libc++";
				CLANG_ENABLE_MODULES = YES;
				CLANG_ENABLE_OBJC_ARC = YES;
				CLANG_WARN_DIRECT_OBJC_ISA_USAGE = YES_ERROR;
				CLANG_WARN_DOCUMENTATION_COMMENTS = YES;
				CLANG_WARN_OBJC_ROOT_CLASS = YES_ERROR;
				CLANG_WARN_UNGUARDED_AVAILABILITY = YES_AGGRESSIVE;
				CODE_SIGN_IDENTITY = "";
				CODE_SIGN_STYLE = Automatic;
				COPY_PHASE_STRIP = NO;
				CURRENT_PROJECT_VERSION = 1;
				DEBUG_INFORMATION_FORMAT = "dwarf-with-dsym";
				DEFINES_MODULE = YES;
				DEVELOPMENT_TEAM = YZB6HYGFR3;
				DYLIB_COMPATIBILITY_VERSION = 1;
				DYLIB_CURRENT_VERSION = 1;
				DYLIB_INSTALL_NAME_BASE = "@rpath";
				ENABLE_NS_ASSERTIONS = NO;
				GCC_C_LANGUAGE_STANDARD = gnu11;
				GCC_WARN_ABOUT_RETURN_TYPE = YES_ERROR;
				GCC_WARN_UNINITIALIZED_AUTOS = YES_AGGRESSIVE;
				INFOPLIST_FILE = "ChessToolkitUI-tvOS/Info.plist";
				INSTALL_PATH = "$(LOCAL_LIBRARY_DIR)/Frameworks";
				LD_RUNPATH_SEARCH_PATHS = "$(inherited) @executable_path/Frameworks @loader_path/Frameworks";
				MTL_ENABLE_DEBUG_INFO = NO;
				PRODUCT_BUNDLE_IDENTIFIER = "org.karrmarr.ChessToolkitUI-tvOS";
				PRODUCT_NAME = ChessToolkitUI;
				SDKROOT = appletvos;
				SKIP_INSTALL = YES;
				SWIFT_OPTIMIZATION_LEVEL = "-Owholemodule";
				SWIFT_VERSION = 4.0;
				TARGETED_DEVICE_FAMILY = 3;
				TVOS_DEPLOYMENT_TARGET = 11.2;
				VALIDATE_PRODUCT = YES;
				VERSIONING_SYSTEM = "apple-generic";
				VERSION_INFO_PREFIX = "";
			};
			name = Release;
		};
		F214A83E20641AE700A4CC73 /* Debug */ = {
			isa = XCBuildConfiguration;
			buildSettings = {
				ALWAYS_SEARCH_USER_PATHS = NO;
				CLANG_ANALYZER_NONNULL = YES;
				CLANG_ANALYZER_NUMBER_OBJECT_CONVERSION = YES_AGGRESSIVE;
				CLANG_CXX_LANGUAGE_STANDARD = "gnu++14";
				CLANG_CXX_LIBRARY = "libc++";
				CLANG_ENABLE_MODULES = YES;
				CLANG_ENABLE_OBJC_ARC = YES;
				CLANG_WARN_DIRECT_OBJC_ISA_USAGE = YES_ERROR;
				CLANG_WARN_DOCUMENTATION_COMMENTS = YES;
				CLANG_WARN_OBJC_ROOT_CLASS = YES_ERROR;
				CLANG_WARN_UNGUARDED_AVAILABILITY = YES_AGGRESSIVE;
				CODE_SIGN_IDENTITY = "";
				CODE_SIGN_STYLE = Automatic;
				COPY_PHASE_STRIP = NO;
				CURRENT_PROJECT_VERSION = 1;
				DEBUG_INFORMATION_FORMAT = dwarf;
				DEFINES_MODULE = YES;
				DEVELOPMENT_TEAM = YZB6HYGFR3;
				DYLIB_COMPATIBILITY_VERSION = 1;
				DYLIB_CURRENT_VERSION = 1;
				DYLIB_INSTALL_NAME_BASE = "@rpath";
				GCC_C_LANGUAGE_STANDARD = gnu11;
				GCC_DYNAMIC_NO_PIC = NO;
				GCC_OPTIMIZATION_LEVEL = 0;
				GCC_PREPROCESSOR_DEFINITIONS = (
					"DEBUG=1",
					"$(inherited)",
				);
				GCC_WARN_ABOUT_RETURN_TYPE = YES_ERROR;
				GCC_WARN_UNINITIALIZED_AUTOS = YES_AGGRESSIVE;
				INFOPLIST_FILE = "ChessToolkit-tvOS/Info.plist";
				INSTALL_PATH = "$(LOCAL_LIBRARY_DIR)/Frameworks";
				LD_RUNPATH_SEARCH_PATHS = "$(inherited) @executable_path/Frameworks @loader_path/Frameworks";
				MTL_ENABLE_DEBUG_INFO = YES;
				PRODUCT_BUNDLE_IDENTIFIER = "de.tklusemann.ChessToolkit-tvOS";
				PRODUCT_NAME = ChessToolkit;
				SDKROOT = appletvos;
				SKIP_INSTALL = YES;
				SWIFT_ACTIVE_COMPILATION_CONDITIONS = DEBUG;
				SWIFT_OPTIMIZATION_LEVEL = "-Onone";
				SWIFT_VERSION = 4.0;
				TARGETED_DEVICE_FAMILY = 3;
				TVOS_DEPLOYMENT_TARGET = 11.2;
				VERSIONING_SYSTEM = "apple-generic";
				VERSION_INFO_PREFIX = "";
			};
			name = Debug;
		};
		F214A83F20641AE700A4CC73 /* Release */ = {
			isa = XCBuildConfiguration;
			buildSettings = {
				ALWAYS_SEARCH_USER_PATHS = NO;
				CLANG_ANALYZER_NONNULL = YES;
				CLANG_ANALYZER_NUMBER_OBJECT_CONVERSION = YES_AGGRESSIVE;
				CLANG_CXX_LANGUAGE_STANDARD = "gnu++14";
				CLANG_CXX_LIBRARY = "libc++";
				CLANG_ENABLE_MODULES = YES;
				CLANG_ENABLE_OBJC_ARC = YES;
				CLANG_WARN_DIRECT_OBJC_ISA_USAGE = YES_ERROR;
				CLANG_WARN_DOCUMENTATION_COMMENTS = YES;
				CLANG_WARN_OBJC_ROOT_CLASS = YES_ERROR;
				CLANG_WARN_UNGUARDED_AVAILABILITY = YES_AGGRESSIVE;
				CODE_SIGN_IDENTITY = "";
				CODE_SIGN_STYLE = Automatic;
				COPY_PHASE_STRIP = NO;
				CURRENT_PROJECT_VERSION = 1;
				DEBUG_INFORMATION_FORMAT = "dwarf-with-dsym";
				DEFINES_MODULE = YES;
				DEVELOPMENT_TEAM = YZB6HYGFR3;
				DYLIB_COMPATIBILITY_VERSION = 1;
				DYLIB_CURRENT_VERSION = 1;
				DYLIB_INSTALL_NAME_BASE = "@rpath";
				ENABLE_NS_ASSERTIONS = NO;
				GCC_C_LANGUAGE_STANDARD = gnu11;
				GCC_WARN_ABOUT_RETURN_TYPE = YES_ERROR;
				GCC_WARN_UNINITIALIZED_AUTOS = YES_AGGRESSIVE;
				INFOPLIST_FILE = "ChessToolkit-tvOS/Info.plist";
				INSTALL_PATH = "$(LOCAL_LIBRARY_DIR)/Frameworks";
				LD_RUNPATH_SEARCH_PATHS = "$(inherited) @executable_path/Frameworks @loader_path/Frameworks";
				MTL_ENABLE_DEBUG_INFO = NO;
				PRODUCT_BUNDLE_IDENTIFIER = "de.tklusemann.ChessToolkit-tvOS";
				PRODUCT_NAME = ChessToolkit;
				SDKROOT = appletvos;
				SKIP_INSTALL = YES;
				SWIFT_OPTIMIZATION_LEVEL = "-Owholemodule";
				SWIFT_VERSION = 4.0;
				TARGETED_DEVICE_FAMILY = 3;
				TVOS_DEPLOYMENT_TARGET = 11.2;
				VALIDATE_PRODUCT = YES;
				VERSIONING_SYSTEM = "apple-generic";
				VERSION_INFO_PREFIX = "";
			};
			name = Release;
		};
		F29DEC461DF2CB9D00047BBD /* Debug */ = {
			isa = XCBuildConfiguration;
			buildSettings = {
				ALWAYS_SEARCH_USER_PATHS = NO;
				CLANG_ANALYZER_NONNULL = YES;
				CLANG_CXX_LANGUAGE_STANDARD = "gnu++0x";
				CLANG_CXX_LIBRARY = "libc++";
				CLANG_ENABLE_MODULES = YES;
				CLANG_ENABLE_OBJC_ARC = YES;
				CLANG_WARN_DIRECT_OBJC_ISA_USAGE = YES_ERROR;
				CLANG_WARN_DOCUMENTATION_COMMENTS = YES;
				CLANG_WARN_OBJC_ROOT_CLASS = YES_ERROR;
				CLANG_WARN_SUSPICIOUS_MOVES = YES;
				CODE_SIGN_IDENTITY = "";
				"CODE_SIGN_IDENTITY[sdk=iphoneos*]" = "";
				COPY_PHASE_STRIP = NO;
				CURRENT_PROJECT_VERSION = 1;
				DEBUG_INFORMATION_FORMAT = dwarf;
				DEFINES_MODULE = YES;
				DEVELOPMENT_TEAM = YZB6HYGFR3;
				DYLIB_COMPATIBILITY_VERSION = 1;
				DYLIB_CURRENT_VERSION = 1;
				DYLIB_INSTALL_NAME_BASE = "@rpath";
				GCC_C_LANGUAGE_STANDARD = gnu99;
				GCC_DYNAMIC_NO_PIC = NO;
				GCC_OPTIMIZATION_LEVEL = 0;
				GCC_PREPROCESSOR_DEFINITIONS = (
					"DEBUG=1",
					"$(inherited)",
				);
				GCC_WARN_ABOUT_RETURN_TYPE = YES_ERROR;
				GCC_WARN_UNINITIALIZED_AUTOS = YES_AGGRESSIVE;
				INFOPLIST_FILE = "ChessToolkitUI-iOS/Info.plist";
				INSTALL_PATH = "$(LOCAL_LIBRARY_DIR)/Frameworks";
				IPHONEOS_DEPLOYMENT_TARGET = 11.0;
				LD_RUNPATH_SEARCH_PATHS = "$(inherited) @executable_path/Frameworks @loader_path/Frameworks";
				MTL_ENABLE_DEBUG_INFO = YES;
				PRODUCT_BUNDLE_IDENTIFIER = "org.karrmarr.ChessToolkitUI-iOS";
				PRODUCT_NAME = ChessToolkitUI;
				SDKROOT = iphoneos;
				SKIP_INSTALL = YES;
				SWIFT_ACTIVE_COMPILATION_CONDITIONS = DEBUG;
				SWIFT_OPTIMIZATION_LEVEL = "-Onone";
				SWIFT_SWIFT3_OBJC_INFERENCE = Default;
				SWIFT_VERSION = 4.0;
				TARGETED_DEVICE_FAMILY = "1,2";
				VERSIONING_SYSTEM = "apple-generic";
				VERSION_INFO_PREFIX = "";
			};
			name = Debug;
		};
		F29DEC471DF2CB9D00047BBD /* Release */ = {
			isa = XCBuildConfiguration;
			buildSettings = {
				ALWAYS_SEARCH_USER_PATHS = NO;
				CLANG_ANALYZER_NONNULL = YES;
				CLANG_CXX_LANGUAGE_STANDARD = "gnu++0x";
				CLANG_CXX_LIBRARY = "libc++";
				CLANG_ENABLE_MODULES = YES;
				CLANG_ENABLE_OBJC_ARC = YES;
				CLANG_WARN_DIRECT_OBJC_ISA_USAGE = YES_ERROR;
				CLANG_WARN_DOCUMENTATION_COMMENTS = YES;
				CLANG_WARN_OBJC_ROOT_CLASS = YES_ERROR;
				CLANG_WARN_SUSPICIOUS_MOVES = YES;
				CODE_SIGN_IDENTITY = "";
				"CODE_SIGN_IDENTITY[sdk=iphoneos*]" = "";
				COPY_PHASE_STRIP = NO;
				CURRENT_PROJECT_VERSION = 1;
				DEBUG_INFORMATION_FORMAT = "dwarf-with-dsym";
				DEFINES_MODULE = YES;
				DEVELOPMENT_TEAM = YZB6HYGFR3;
				DYLIB_COMPATIBILITY_VERSION = 1;
				DYLIB_CURRENT_VERSION = 1;
				DYLIB_INSTALL_NAME_BASE = "@rpath";
				ENABLE_NS_ASSERTIONS = NO;
				GCC_C_LANGUAGE_STANDARD = gnu99;
				GCC_WARN_ABOUT_RETURN_TYPE = YES_ERROR;
				GCC_WARN_UNINITIALIZED_AUTOS = YES_AGGRESSIVE;
				INFOPLIST_FILE = "ChessToolkitUI-iOS/Info.plist";
				INSTALL_PATH = "$(LOCAL_LIBRARY_DIR)/Frameworks";
				IPHONEOS_DEPLOYMENT_TARGET = 11.0;
				LD_RUNPATH_SEARCH_PATHS = "$(inherited) @executable_path/Frameworks @loader_path/Frameworks";
				MTL_ENABLE_DEBUG_INFO = NO;
				PRODUCT_BUNDLE_IDENTIFIER = "org.karrmarr.ChessToolkitUI-iOS";
				PRODUCT_NAME = ChessToolkitUI;
				SDKROOT = iphoneos;
				SKIP_INSTALL = YES;
				SWIFT_OPTIMIZATION_LEVEL = "-Owholemodule";
				SWIFT_SWIFT3_OBJC_INFERENCE = Default;
				SWIFT_VERSION = 4.0;
				TARGETED_DEVICE_FAMILY = "1,2";
				VALIDATE_PRODUCT = YES;
				VERSIONING_SYSTEM = "apple-generic";
				VERSION_INFO_PREFIX = "";
			};
			name = Release;
		};
		F2A1FDC21E86F25900ED1166 /* Debug */ = {
			isa = XCBuildConfiguration;
			buildSettings = {
				ALWAYS_SEARCH_USER_PATHS = NO;
				CLANG_ANALYZER_NONNULL = YES;
				CLANG_CXX_LANGUAGE_STANDARD = "gnu++0x";
				CLANG_CXX_LIBRARY = "libc++";
				CLANG_ENABLE_MODULES = YES;
				CLANG_ENABLE_OBJC_ARC = YES;
				CLANG_WARN_DIRECT_OBJC_ISA_USAGE = YES_ERROR;
				CLANG_WARN_DOCUMENTATION_COMMENTS = YES;
				CLANG_WARN_OBJC_ROOT_CLASS = YES_ERROR;
				"CODE_SIGN_IDENTITY[sdk=iphoneos*]" = "iPhone Developer";
				COPY_PHASE_STRIP = NO;
				DEBUG_INFORMATION_FORMAT = dwarf;
				DEVELOPMENT_TEAM = YZB6HYGFR3;
				GCC_C_LANGUAGE_STANDARD = gnu99;
				GCC_DYNAMIC_NO_PIC = NO;
				GCC_OPTIMIZATION_LEVEL = 0;
				GCC_PREPROCESSOR_DEFINITIONS = (
					"DEBUG=1",
					"$(inherited)",
				);
				GCC_WARN_ABOUT_RETURN_TYPE = YES_ERROR;
				GCC_WARN_UNINITIALIZED_AUTOS = YES_AGGRESSIVE;
				INFOPLIST_FILE = "ChessToolkit-iOS-Tests/Info.plist";
				IPHONEOS_DEPLOYMENT_TARGET = 10.2;
				LD_RUNPATH_SEARCH_PATHS = "$(inherited) @executable_path/Frameworks @loader_path/Frameworks";
				MTL_ENABLE_DEBUG_INFO = YES;
				PRODUCT_BUNDLE_IDENTIFIER = "org.karrmarr.ChessToolkit-iOS-Tests";
				PRODUCT_NAME = "$(TARGET_NAME)";
				SDKROOT = iphoneos;
				SWIFT_ACTIVE_COMPILATION_CONDITIONS = DEBUG;
				SWIFT_OPTIMIZATION_LEVEL = "-Onone";
				SWIFT_VERSION = 3.0;
			};
			name = Debug;
		};
		F2A1FDC31E86F25900ED1166 /* Release */ = {
			isa = XCBuildConfiguration;
			buildSettings = {
				ALWAYS_SEARCH_USER_PATHS = NO;
				CLANG_ANALYZER_NONNULL = YES;
				CLANG_CXX_LANGUAGE_STANDARD = "gnu++0x";
				CLANG_CXX_LIBRARY = "libc++";
				CLANG_ENABLE_MODULES = YES;
				CLANG_ENABLE_OBJC_ARC = YES;
				CLANG_WARN_DIRECT_OBJC_ISA_USAGE = YES_ERROR;
				CLANG_WARN_DOCUMENTATION_COMMENTS = YES;
				CLANG_WARN_OBJC_ROOT_CLASS = YES_ERROR;
				"CODE_SIGN_IDENTITY[sdk=iphoneos*]" = "iPhone Developer";
				COPY_PHASE_STRIP = NO;
				DEBUG_INFORMATION_FORMAT = "dwarf-with-dsym";
				DEVELOPMENT_TEAM = YZB6HYGFR3;
				ENABLE_NS_ASSERTIONS = NO;
				GCC_C_LANGUAGE_STANDARD = gnu99;
				GCC_WARN_ABOUT_RETURN_TYPE = YES_ERROR;
				GCC_WARN_UNINITIALIZED_AUTOS = YES_AGGRESSIVE;
				INFOPLIST_FILE = "ChessToolkit-iOS-Tests/Info.plist";
				IPHONEOS_DEPLOYMENT_TARGET = 10.2;
				LD_RUNPATH_SEARCH_PATHS = "$(inherited) @executable_path/Frameworks @loader_path/Frameworks";
				MTL_ENABLE_DEBUG_INFO = NO;
				PRODUCT_BUNDLE_IDENTIFIER = "org.karrmarr.ChessToolkit-iOS-Tests";
				PRODUCT_NAME = "$(TARGET_NAME)";
				SDKROOT = iphoneos;
				SWIFT_OPTIMIZATION_LEVEL = "-Owholemodule";
				SWIFT_VERSION = 3.0;
				VALIDATE_PRODUCT = YES;
			};
			name = Release;
		};
		F2D143321DDE222800288DFC /* Debug */ = {
			isa = XCBuildConfiguration;
			buildSettings = {
				CLANG_WARN_BLOCK_CAPTURE_AUTORELEASING = YES;
				CLANG_WARN_BOOL_CONVERSION = YES;
				CLANG_WARN_COMMA = YES;
				CLANG_WARN_CONSTANT_CONVERSION = YES;
				CLANG_WARN_DEPRECATED_OBJC_IMPLEMENTATIONS = YES;
				CLANG_WARN_EMPTY_BODY = YES;
				CLANG_WARN_ENUM_CONVERSION = YES;
				CLANG_WARN_INFINITE_RECURSION = YES;
				CLANG_WARN_INT_CONVERSION = YES;
				CLANG_WARN_NON_LITERAL_NULL_CONVERSION = YES;
				CLANG_WARN_OBJC_IMPLICIT_RETAIN_SELF = YES;
				CLANG_WARN_OBJC_LITERAL_CONVERSION = YES;
				CLANG_WARN_RANGE_LOOP_ANALYSIS = YES;
				CLANG_WARN_STRICT_PROTOTYPES = YES;
				CLANG_WARN_SUSPICIOUS_MOVE = YES;
				CLANG_WARN_UNREACHABLE_CODE = YES;
				CLANG_WARN__DUPLICATE_METHOD_MATCH = YES;
				ENABLE_STRICT_OBJC_MSGSEND = YES;
				ENABLE_TESTABILITY = YES;
				GCC_NO_COMMON_BLOCKS = YES;
				GCC_WARN_64_TO_32_BIT_CONVERSION = YES;
				GCC_WARN_ABOUT_RETURN_TYPE = YES;
				GCC_WARN_UNDECLARED_SELECTOR = YES;
				GCC_WARN_UNINITIALIZED_AUTOS = YES;
				GCC_WARN_UNUSED_FUNCTION = YES;
				GCC_WARN_UNUSED_VARIABLE = YES;
				ONLY_ACTIVE_ARCH = YES;
			};
			name = Debug;
		};
		F2D143331DDE222800288DFC /* Release */ = {
			isa = XCBuildConfiguration;
			buildSettings = {
				CLANG_WARN_BLOCK_CAPTURE_AUTORELEASING = YES;
				CLANG_WARN_BOOL_CONVERSION = YES;
				CLANG_WARN_COMMA = YES;
				CLANG_WARN_CONSTANT_CONVERSION = YES;
				CLANG_WARN_DEPRECATED_OBJC_IMPLEMENTATIONS = YES;
				CLANG_WARN_EMPTY_BODY = YES;
				CLANG_WARN_ENUM_CONVERSION = YES;
				CLANG_WARN_INFINITE_RECURSION = YES;
				CLANG_WARN_INT_CONVERSION = YES;
				CLANG_WARN_NON_LITERAL_NULL_CONVERSION = YES;
				CLANG_WARN_OBJC_IMPLICIT_RETAIN_SELF = YES;
				CLANG_WARN_OBJC_LITERAL_CONVERSION = YES;
				CLANG_WARN_RANGE_LOOP_ANALYSIS = YES;
				CLANG_WARN_STRICT_PROTOTYPES = YES;
				CLANG_WARN_SUSPICIOUS_MOVE = YES;
				CLANG_WARN_UNREACHABLE_CODE = YES;
				CLANG_WARN__DUPLICATE_METHOD_MATCH = YES;
				ENABLE_STRICT_OBJC_MSGSEND = YES;
				GCC_NO_COMMON_BLOCKS = YES;
				GCC_WARN_64_TO_32_BIT_CONVERSION = YES;
				GCC_WARN_ABOUT_RETURN_TYPE = YES;
				GCC_WARN_UNDECLARED_SELECTOR = YES;
				GCC_WARN_UNINITIALIZED_AUTOS = YES;
				GCC_WARN_UNUSED_FUNCTION = YES;
				GCC_WARN_UNUSED_VARIABLE = YES;
			};
			name = Release;
		};
		F2D143661DDE245800288DFC /* Debug */ = {
			isa = XCBuildConfiguration;
			buildSettings = {
				ALWAYS_SEARCH_USER_PATHS = NO;
				CLANG_ANALYZER_NONNULL = YES;
				CLANG_CXX_LANGUAGE_STANDARD = "gnu++0x";
				CLANG_CXX_LIBRARY = "libc++";
				CLANG_ENABLE_MODULES = YES;
				CLANG_ENABLE_OBJC_ARC = YES;
				CLANG_WARN_BOOL_CONVERSION = YES;
				CLANG_WARN_CONSTANT_CONVERSION = YES;
				CLANG_WARN_DIRECT_OBJC_ISA_USAGE = YES_ERROR;
				CLANG_WARN_DOCUMENTATION_COMMENTS = YES;
				CLANG_WARN_EMPTY_BODY = YES;
				CLANG_WARN_ENUM_CONVERSION = YES;
				CLANG_WARN_INFINITE_RECURSION = YES;
				CLANG_WARN_INT_CONVERSION = YES;
				CLANG_WARN_OBJC_ROOT_CLASS = YES_ERROR;
				CLANG_WARN_SUSPICIOUS_MOVES = YES;
				CLANG_WARN_UNREACHABLE_CODE = YES;
				CLANG_WARN__DUPLICATE_METHOD_MATCH = YES;
				CODE_SIGN_IDENTITY = "";
				"CODE_SIGN_IDENTITY[sdk=iphoneos*]" = "";
				COPY_PHASE_STRIP = NO;
				CURRENT_PROJECT_VERSION = 1;
				DEBUG_INFORMATION_FORMAT = dwarf;
				DEFINES_MODULE = YES;
				DEVELOPMENT_TEAM = YZB6HYGFR3;
				DYLIB_COMPATIBILITY_VERSION = 1;
				DYLIB_CURRENT_VERSION = 1;
				DYLIB_INSTALL_NAME_BASE = "@rpath";
				ENABLE_STRICT_OBJC_MSGSEND = YES;
				ENABLE_TESTABILITY = YES;
				GCC_C_LANGUAGE_STANDARD = gnu99;
				GCC_DYNAMIC_NO_PIC = NO;
				GCC_NO_COMMON_BLOCKS = YES;
				GCC_OPTIMIZATION_LEVEL = 0;
				GCC_PREPROCESSOR_DEFINITIONS = (
					"DEBUG=1",
					"$(inherited)",
				);
				GCC_WARN_64_TO_32_BIT_CONVERSION = YES;
				GCC_WARN_ABOUT_RETURN_TYPE = YES_ERROR;
				GCC_WARN_UNDECLARED_SELECTOR = YES;
				GCC_WARN_UNINITIALIZED_AUTOS = YES_AGGRESSIVE;
				GCC_WARN_UNUSED_FUNCTION = YES;
				GCC_WARN_UNUSED_VARIABLE = YES;
				INFOPLIST_FILE = "ChessToolkit-iOS/Info.plist";
				INSTALL_PATH = "$(LOCAL_LIBRARY_DIR)/Frameworks";
				IPHONEOS_DEPLOYMENT_TARGET = 11.0;
				LD_RUNPATH_SEARCH_PATHS = "$(inherited) @executable_path/Frameworks @loader_path/Frameworks";
				MTL_ENABLE_DEBUG_INFO = YES;
				ONLY_ACTIVE_ARCH = YES;
				PRODUCT_BUNDLE_IDENTIFIER = "org.karrmarr.ChessToolkit-iOS";
				PRODUCT_NAME = ChessToolkit;
				SDKROOT = iphoneos;
				SKIP_INSTALL = YES;
				SWIFT_ACTIVE_COMPILATION_CONDITIONS = DEBUG;
				SWIFT_OPTIMIZATION_LEVEL = "-Onone";
				SWIFT_SWIFT3_OBJC_INFERENCE = Default;
				SWIFT_VERSION = 4.0;
				TARGETED_DEVICE_FAMILY = "1,2";
				VERSIONING_SYSTEM = "apple-generic";
				VERSION_INFO_PREFIX = "";
			};
			name = Debug;
		};
		F2D143671DDE245800288DFC /* Release */ = {
			isa = XCBuildConfiguration;
			buildSettings = {
				ALWAYS_SEARCH_USER_PATHS = NO;
				CLANG_ANALYZER_NONNULL = YES;
				CLANG_CXX_LANGUAGE_STANDARD = "gnu++0x";
				CLANG_CXX_LIBRARY = "libc++";
				CLANG_ENABLE_MODULES = YES;
				CLANG_ENABLE_OBJC_ARC = YES;
				CLANG_WARN_BOOL_CONVERSION = YES;
				CLANG_WARN_CONSTANT_CONVERSION = YES;
				CLANG_WARN_DIRECT_OBJC_ISA_USAGE = YES_ERROR;
				CLANG_WARN_DOCUMENTATION_COMMENTS = YES;
				CLANG_WARN_EMPTY_BODY = YES;
				CLANG_WARN_ENUM_CONVERSION = YES;
				CLANG_WARN_INFINITE_RECURSION = YES;
				CLANG_WARN_INT_CONVERSION = YES;
				CLANG_WARN_OBJC_ROOT_CLASS = YES_ERROR;
				CLANG_WARN_SUSPICIOUS_MOVES = YES;
				CLANG_WARN_UNREACHABLE_CODE = YES;
				CLANG_WARN__DUPLICATE_METHOD_MATCH = YES;
				CODE_SIGN_IDENTITY = "";
				"CODE_SIGN_IDENTITY[sdk=iphoneos*]" = "";
				COPY_PHASE_STRIP = NO;
				CURRENT_PROJECT_VERSION = 1;
				DEBUG_INFORMATION_FORMAT = "dwarf-with-dsym";
				DEFINES_MODULE = YES;
				DEVELOPMENT_TEAM = YZB6HYGFR3;
				DYLIB_COMPATIBILITY_VERSION = 1;
				DYLIB_CURRENT_VERSION = 1;
				DYLIB_INSTALL_NAME_BASE = "@rpath";
				ENABLE_NS_ASSERTIONS = NO;
				ENABLE_STRICT_OBJC_MSGSEND = YES;
				GCC_C_LANGUAGE_STANDARD = gnu99;
				GCC_NO_COMMON_BLOCKS = YES;
				GCC_WARN_64_TO_32_BIT_CONVERSION = YES;
				GCC_WARN_ABOUT_RETURN_TYPE = YES_ERROR;
				GCC_WARN_UNDECLARED_SELECTOR = YES;
				GCC_WARN_UNINITIALIZED_AUTOS = YES_AGGRESSIVE;
				GCC_WARN_UNUSED_FUNCTION = YES;
				GCC_WARN_UNUSED_VARIABLE = YES;
				INFOPLIST_FILE = "ChessToolkit-iOS/Info.plist";
				INSTALL_PATH = "$(LOCAL_LIBRARY_DIR)/Frameworks";
				IPHONEOS_DEPLOYMENT_TARGET = 11.0;
				LD_RUNPATH_SEARCH_PATHS = "$(inherited) @executable_path/Frameworks @loader_path/Frameworks";
				MTL_ENABLE_DEBUG_INFO = NO;
				PRODUCT_BUNDLE_IDENTIFIER = "org.karrmarr.ChessToolkit-iOS";
				PRODUCT_NAME = ChessToolkit;
				SDKROOT = iphoneos;
				SKIP_INSTALL = YES;
				SWIFT_OPTIMIZATION_LEVEL = "-Owholemodule";
				SWIFT_SWIFT3_OBJC_INFERENCE = Default;
				SWIFT_VERSION = 4.0;
				TARGETED_DEVICE_FAMILY = "1,2";
				VALIDATE_PRODUCT = YES;
				VERSIONING_SYSTEM = "apple-generic";
				VERSION_INFO_PREFIX = "";
			};
			name = Release;
		};
		F2D1438C1DDE260600288DFC /* Debug */ = {
			isa = XCBuildConfiguration;
			buildSettings = {
				ALWAYS_EMBED_SWIFT_STANDARD_LIBRARIES = YES;
				ALWAYS_SEARCH_USER_PATHS = NO;
				ASSETCATALOG_COMPILER_APPICON_NAME = AppIcon;
				CLANG_ANALYZER_NONNULL = YES;
				CLANG_CXX_LANGUAGE_STANDARD = "gnu++0x";
				CLANG_CXX_LIBRARY = "libc++";
				CLANG_ENABLE_MODULES = YES;
				CLANG_ENABLE_OBJC_ARC = YES;
				CLANG_WARN_BOOL_CONVERSION = YES;
				CLANG_WARN_CONSTANT_CONVERSION = YES;
				CLANG_WARN_DIRECT_OBJC_ISA_USAGE = YES_ERROR;
				CLANG_WARN_DOCUMENTATION_COMMENTS = YES;
				CLANG_WARN_EMPTY_BODY = YES;
				CLANG_WARN_ENUM_CONVERSION = YES;
				CLANG_WARN_INFINITE_RECURSION = YES;
				CLANG_WARN_INT_CONVERSION = YES;
				CLANG_WARN_OBJC_ROOT_CLASS = YES_ERROR;
				CLANG_WARN_SUSPICIOUS_MOVES = YES;
				CLANG_WARN_UNREACHABLE_CODE = YES;
				CLANG_WARN__DUPLICATE_METHOD_MATCH = YES;
				"CODE_SIGN_IDENTITY[sdk=iphoneos*]" = "iPhone Developer";
				COPY_PHASE_STRIP = NO;
				DEBUG_INFORMATION_FORMAT = dwarf;
				DEVELOPMENT_TEAM = YZB6HYGFR3;
				ENABLE_STRICT_OBJC_MSGSEND = YES;
				ENABLE_TESTABILITY = YES;
				GCC_C_LANGUAGE_STANDARD = gnu99;
				GCC_DYNAMIC_NO_PIC = NO;
				GCC_NO_COMMON_BLOCKS = YES;
				GCC_OPTIMIZATION_LEVEL = 0;
				GCC_PREPROCESSOR_DEFINITIONS = (
					"DEBUG=1",
					"$(inherited)",
				);
				GCC_WARN_64_TO_32_BIT_CONVERSION = YES;
				GCC_WARN_ABOUT_RETURN_TYPE = YES_ERROR;
				GCC_WARN_UNDECLARED_SELECTOR = YES;
				GCC_WARN_UNINITIALIZED_AUTOS = YES_AGGRESSIVE;
				GCC_WARN_UNUSED_FUNCTION = YES;
				GCC_WARN_UNUSED_VARIABLE = YES;
				INFOPLIST_FILE = "ChessToolkit-Example/Info.plist";
				IPHONEOS_DEPLOYMENT_TARGET = 11.0;
				LD_RUNPATH_SEARCH_PATHS = "$(inherited) @executable_path/Frameworks";
				MTL_ENABLE_DEBUG_INFO = YES;
				ONLY_ACTIVE_ARCH = YES;
				PRODUCT_BUNDLE_IDENTIFIER = "org.karrmarr.ChessToolkit-Example";
				PRODUCT_NAME = ChessToolkitExample;
				SDKROOT = iphoneos;
				SWIFT_ACTIVE_COMPILATION_CONDITIONS = DEBUG;
				SWIFT_OPTIMIZATION_LEVEL = "-Onone";
				SWIFT_SWIFT3_OBJC_INFERENCE = Default;
				SWIFT_VERSION = 4.0;
			};
			name = Debug;
		};
		F2D1438D1DDE260600288DFC /* Release */ = {
			isa = XCBuildConfiguration;
			buildSettings = {
				ALWAYS_EMBED_SWIFT_STANDARD_LIBRARIES = YES;
				ALWAYS_SEARCH_USER_PATHS = NO;
				ASSETCATALOG_COMPILER_APPICON_NAME = AppIcon;
				CLANG_ANALYZER_NONNULL = YES;
				CLANG_CXX_LANGUAGE_STANDARD = "gnu++0x";
				CLANG_CXX_LIBRARY = "libc++";
				CLANG_ENABLE_MODULES = YES;
				CLANG_ENABLE_OBJC_ARC = YES;
				CLANG_WARN_BOOL_CONVERSION = YES;
				CLANG_WARN_CONSTANT_CONVERSION = YES;
				CLANG_WARN_DIRECT_OBJC_ISA_USAGE = YES_ERROR;
				CLANG_WARN_DOCUMENTATION_COMMENTS = YES;
				CLANG_WARN_EMPTY_BODY = YES;
				CLANG_WARN_ENUM_CONVERSION = YES;
				CLANG_WARN_INFINITE_RECURSION = YES;
				CLANG_WARN_INT_CONVERSION = YES;
				CLANG_WARN_OBJC_ROOT_CLASS = YES_ERROR;
				CLANG_WARN_SUSPICIOUS_MOVES = YES;
				CLANG_WARN_UNREACHABLE_CODE = YES;
				CLANG_WARN__DUPLICATE_METHOD_MATCH = YES;
				"CODE_SIGN_IDENTITY[sdk=iphoneos*]" = "iPhone Developer";
				COPY_PHASE_STRIP = NO;
				DEBUG_INFORMATION_FORMAT = "dwarf-with-dsym";
				DEVELOPMENT_TEAM = YZB6HYGFR3;
				ENABLE_NS_ASSERTIONS = NO;
				ENABLE_STRICT_OBJC_MSGSEND = YES;
				GCC_C_LANGUAGE_STANDARD = gnu99;
				GCC_NO_COMMON_BLOCKS = YES;
				GCC_WARN_64_TO_32_BIT_CONVERSION = YES;
				GCC_WARN_ABOUT_RETURN_TYPE = YES_ERROR;
				GCC_WARN_UNDECLARED_SELECTOR = YES;
				GCC_WARN_UNINITIALIZED_AUTOS = YES_AGGRESSIVE;
				GCC_WARN_UNUSED_FUNCTION = YES;
				GCC_WARN_UNUSED_VARIABLE = YES;
				INFOPLIST_FILE = "ChessToolkit-Example/Info.plist";
				IPHONEOS_DEPLOYMENT_TARGET = 11.0;
				LD_RUNPATH_SEARCH_PATHS = "$(inherited) @executable_path/Frameworks";
				MTL_ENABLE_DEBUG_INFO = NO;
				PRODUCT_BUNDLE_IDENTIFIER = "org.karrmarr.ChessToolkit-Example";
				PRODUCT_NAME = ChessToolkitExample;
				SDKROOT = iphoneos;
				SWIFT_OPTIMIZATION_LEVEL = "-Owholemodule";
				SWIFT_SWIFT3_OBJC_INFERENCE = Default;
				SWIFT_VERSION = 4.0;
				VALIDATE_PRODUCT = YES;
			};
			name = Release;
		};
		F2F2156C1E86DFD7000BBC9A /* Debug */ = {
			isa = XCBuildConfiguration;
			buildSettings = {
				ALWAYS_SEARCH_USER_PATHS = NO;
				CLANG_ANALYZER_NONNULL = YES;
				CLANG_CXX_LANGUAGE_STANDARD = "gnu++0x";
				CLANG_CXX_LIBRARY = "libc++";
				CLANG_ENABLE_MODULES = YES;
				CLANG_ENABLE_OBJC_ARC = YES;
				CLANG_WARN_DIRECT_OBJC_ISA_USAGE = YES_ERROR;
				CLANG_WARN_DOCUMENTATION_COMMENTS = YES;
				CLANG_WARN_OBJC_ROOT_CLASS = YES_ERROR;
				CODE_SIGN_IDENTITY = "-";
				COMBINE_HIDPI_IMAGES = YES;
				COPY_PHASE_STRIP = NO;
				CURRENT_PROJECT_VERSION = 1;
				DEBUG_INFORMATION_FORMAT = dwarf;
				DEFINES_MODULE = YES;
				DEVELOPMENT_TEAM = YZB6HYGFR3;
				DYLIB_COMPATIBILITY_VERSION = 1;
				DYLIB_CURRENT_VERSION = 1;
				DYLIB_INSTALL_NAME_BASE = "@rpath";
				FRAMEWORK_VERSION = A;
				GCC_C_LANGUAGE_STANDARD = gnu99;
				GCC_DYNAMIC_NO_PIC = NO;
				GCC_OPTIMIZATION_LEVEL = 0;
				GCC_PREPROCESSOR_DEFINITIONS = (
					"DEBUG=1",
					"$(inherited)",
				);
				GCC_WARN_ABOUT_RETURN_TYPE = YES_ERROR;
				GCC_WARN_UNINITIALIZED_AUTOS = YES_AGGRESSIVE;
				INFOPLIST_FILE = "ChessToolkit-macOS/Info.plist";
				INSTALL_PATH = "$(LOCAL_LIBRARY_DIR)/Frameworks";
				LD_RUNPATH_SEARCH_PATHS = "$(inherited) @executable_path/../Frameworks @loader_path/Frameworks";
				MACOSX_DEPLOYMENT_TARGET = 10.12;
				MTL_ENABLE_DEBUG_INFO = YES;
				PRODUCT_BUNDLE_IDENTIFIER = "org.karrmarr.ChessToolkit-macOS";
				PRODUCT_NAME = ChessToolkit;
				SDKROOT = macosx;
				SKIP_INSTALL = YES;
				SWIFT_ACTIVE_COMPILATION_CONDITIONS = DEBUG;
				SWIFT_OPTIMIZATION_LEVEL = "-Onone";
				SWIFT_VERSION = 3.0;
				VERSIONING_SYSTEM = "apple-generic";
				VERSION_INFO_PREFIX = "";
			};
			name = Debug;
		};
		F2F2156D1E86DFD7000BBC9A /* Release */ = {
			isa = XCBuildConfiguration;
			buildSettings = {
				ALWAYS_SEARCH_USER_PATHS = NO;
				CLANG_ANALYZER_NONNULL = YES;
				CLANG_CXX_LANGUAGE_STANDARD = "gnu++0x";
				CLANG_CXX_LIBRARY = "libc++";
				CLANG_ENABLE_MODULES = YES;
				CLANG_ENABLE_OBJC_ARC = YES;
				CLANG_WARN_DIRECT_OBJC_ISA_USAGE = YES_ERROR;
				CLANG_WARN_DOCUMENTATION_COMMENTS = YES;
				CLANG_WARN_OBJC_ROOT_CLASS = YES_ERROR;
				CODE_SIGN_IDENTITY = "-";
				COMBINE_HIDPI_IMAGES = YES;
				COPY_PHASE_STRIP = NO;
				CURRENT_PROJECT_VERSION = 1;
				DEBUG_INFORMATION_FORMAT = "dwarf-with-dsym";
				DEFINES_MODULE = YES;
				DEVELOPMENT_TEAM = YZB6HYGFR3;
				DYLIB_COMPATIBILITY_VERSION = 1;
				DYLIB_CURRENT_VERSION = 1;
				DYLIB_INSTALL_NAME_BASE = "@rpath";
				ENABLE_NS_ASSERTIONS = NO;
				FRAMEWORK_VERSION = A;
				GCC_C_LANGUAGE_STANDARD = gnu99;
				GCC_WARN_ABOUT_RETURN_TYPE = YES_ERROR;
				GCC_WARN_UNINITIALIZED_AUTOS = YES_AGGRESSIVE;
				INFOPLIST_FILE = "ChessToolkit-macOS/Info.plist";
				INSTALL_PATH = "$(LOCAL_LIBRARY_DIR)/Frameworks";
				LD_RUNPATH_SEARCH_PATHS = "$(inherited) @executable_path/../Frameworks @loader_path/Frameworks";
				MACOSX_DEPLOYMENT_TARGET = 10.12;
				MTL_ENABLE_DEBUG_INFO = NO;
				PRODUCT_BUNDLE_IDENTIFIER = "org.karrmarr.ChessToolkit-macOS";
				PRODUCT_NAME = ChessToolkit;
				SDKROOT = macosx;
				SKIP_INSTALL = YES;
				SWIFT_OPTIMIZATION_LEVEL = "-Owholemodule";
				SWIFT_VERSION = 3.0;
				VERSIONING_SYSTEM = "apple-generic";
				VERSION_INFO_PREFIX = "";
			};
			name = Release;
		};
/* End XCBuildConfiguration section */

/* Begin XCConfigurationList section */
		F214A81C206417A700A4CC73 /* Build configuration list for PBXNativeTarget "ChessToolki-tvos-Example" */ = {
			isa = XCConfigurationList;
			buildConfigurations = (
				F214A81A206417A700A4CC73 /* Debug */,
				F214A81B206417A700A4CC73 /* Release */,
			);
			defaultConfigurationIsVisible = 0;
			defaultConfigurationName = Release;
		};
		F214A82B20641A9E00A4CC73 /* Build configuration list for PBXNativeTarget "ChessToolkitUI-tvOS" */ = {
			isa = XCConfigurationList;
			buildConfigurations = (
				F214A82C20641A9E00A4CC73 /* Debug */,
				F214A82D20641A9E00A4CC73 /* Release */,
			);
			defaultConfigurationIsVisible = 0;
			defaultConfigurationName = Release;
		};
		F214A83D20641AE700A4CC73 /* Build configuration list for PBXNativeTarget "ChessToolkit-tvOS" */ = {
			isa = XCConfigurationList;
			buildConfigurations = (
				F214A83E20641AE700A4CC73 /* Debug */,
				F214A83F20641AE700A4CC73 /* Release */,
			);
			defaultConfigurationIsVisible = 0;
			defaultConfigurationName = Release;
		};
		F29DEC451DF2CB9D00047BBD /* Build configuration list for PBXNativeTarget "ChessToolkitUI-iOS" */ = {
			isa = XCConfigurationList;
			buildConfigurations = (
				F29DEC461DF2CB9D00047BBD /* Debug */,
				F29DEC471DF2CB9D00047BBD /* Release */,
			);
			defaultConfigurationIsVisible = 0;
			defaultConfigurationName = Release;
		};
		F2A1FDC11E86F25900ED1166 /* Build configuration list for PBXNativeTarget "ChessToolkit-iOS-Tests" */ = {
			isa = XCConfigurationList;
			buildConfigurations = (
				F2A1FDC21E86F25900ED1166 /* Debug */,
				F2A1FDC31E86F25900ED1166 /* Release */,
			);
			defaultConfigurationIsVisible = 0;
			defaultConfigurationName = Release;
		};
		F2D143311DDE222800288DFC /* Build configuration list for PBXProject "ChessToolkit" */ = {
			isa = XCConfigurationList;
			buildConfigurations = (
				F2D143321DDE222800288DFC /* Debug */,
				F2D143331DDE222800288DFC /* Release */,
			);
			defaultConfigurationIsVisible = 0;
			defaultConfigurationName = Release;
		};
		F2D143651DDE245800288DFC /* Build configuration list for PBXNativeTarget "ChessToolkit-iOS" */ = {
			isa = XCConfigurationList;
			buildConfigurations = (
				F2D143661DDE245800288DFC /* Debug */,
				F2D143671DDE245800288DFC /* Release */,
			);
			defaultConfigurationIsVisible = 0;
			defaultConfigurationName = Release;
		};
		F2D1438B1DDE260600288DFC /* Build configuration list for PBXNativeTarget "ChessToolkit-Example" */ = {
			isa = XCConfigurationList;
			buildConfigurations = (
				F2D1438C1DDE260600288DFC /* Debug */,
				F2D1438D1DDE260600288DFC /* Release */,
			);
			defaultConfigurationIsVisible = 0;
			defaultConfigurationName = Release;
		};
		F2F215821E86DFD7000BBC9A /* Build configuration list for PBXNativeTarget "ChessToolkit-macOS" */ = {
			isa = XCConfigurationList;
			buildConfigurations = (
				F2F2156C1E86DFD7000BBC9A /* Debug */,
				F2F2156D1E86DFD7000BBC9A /* Release */,
			);
			defaultConfigurationIsVisible = 0;
			defaultConfigurationName = Release;
		};
/* End XCConfigurationList section */
	};
	rootObject = F2D1432E1DDE222800288DFC /* Project object */;
}
