// !$*UTF8*$!
{
	archiveVersion = 1;
	classes = {
	};
	objectVersion = 46;
	objects = {

/* Begin PBXBuildFile section */
		F20F822B1E6F54F8006360FE /* SVGKit.framework in Frameworks */ = {isa = PBXBuildFile; fileRef = F2D143531DDE23F000288DFC /* SVGKit.framework */; };
		F25B16091DF2C3220013F60C /* CTCastlingRights.swift in Sources */ = {isa = PBXBuildFile; fileRef = F25B15FA1DF2C3220013F60C /* CTCastlingRights.swift */; };
		F25B160B1DF2C3220013F60C /* CTConstants.swift in Sources */ = {isa = PBXBuildFile; fileRef = F25B15FC1DF2C3220013F60C /* CTConstants.swift */; };
		F25B160C1DF2C3220013F60C /* CTEnums.swift in Sources */ = {isa = PBXBuildFile; fileRef = F25B15FD1DF2C3220013F60C /* CTEnums.swift */; };
		F25B160D1DF2C3220013F60C /* CTFENParser.swift in Sources */ = {isa = PBXBuildFile; fileRef = F25B15FE1DF2C3220013F60C /* CTFENParser.swift */; };
		F25B160E1DF2C3220013F60C /* CTGame.swift in Sources */ = {isa = PBXBuildFile; fileRef = F25B15FF1DF2C3220013F60C /* CTGame.swift */; };
		F25B160F1DF2C3220013F60C /* CTMove.swift in Sources */ = {isa = PBXBuildFile; fileRef = F25B16001DF2C3220013F60C /* CTMove.swift */; };
		F25B16101DF2C3220013F60C /* CTMoveBuilder.swift in Sources */ = {isa = PBXBuildFile; fileRef = F25B16011DF2C3220013F60C /* CTMoveBuilder.swift */; };
		F25B16111DF2C3220013F60C /* CTMoveGenerator.swift in Sources */ = {isa = PBXBuildFile; fileRef = F25B16021DF2C3220013F60C /* CTMoveGenerator.swift */; };
		F25B16121DF2C3220013F60C /* CTMoveNode.swift in Sources */ = {isa = PBXBuildFile; fileRef = F25B16031DF2C3220013F60C /* CTMoveNode.swift */; };
		F25B16141DF2C3220013F60C /* CTPosition.swift in Sources */ = {isa = PBXBuildFile; fileRef = F25B16051DF2C3220013F60C /* CTPosition.swift */; };
		F25B16151DF2C3220013F60C /* CTUtils.swift in Sources */ = {isa = PBXBuildFile; fileRef = F25B16061DF2C3220013F60C /* CTUtils.swift */; };
		F29DEC361DF2CB5800047BBD /* String+Extension.swift in Sources */ = {isa = PBXBuildFile; fileRef = F25B16071DF2C3220013F60C /* String+Extension.swift */; };
		F29DEC401DF2CB9D00047BBD /* ChessToolkitUI-iOS.h in Headers */ = {isa = PBXBuildFile; fileRef = F29DEC3E1DF2CB9D00047BBD /* ChessToolkitUI-iOS.h */; settings = {ATTRIBUTES = (Public, ); }; };
		F29DEC431DF2CB9D00047BBD /* ChessToolkitUI.framework in Frameworks */ = {isa = PBXBuildFile; fileRef = F29DEC3C1DF2CB9D00047BBD /* ChessToolkitUI.framework */; };
		F29DEC441DF2CB9D00047BBD /* ChessToolkitUI.framework in Embed Frameworks */ = {isa = PBXBuildFile; fileRef = F29DEC3C1DF2CB9D00047BBD /* ChessToolkitUI.framework */; settings = {ATTRIBUTES = (CodeSignOnCopy, RemoveHeadersOnCopy, ); }; };
		F29DEC481DF2CBB500047BBD /* UIColor+Extension.swift in Sources */ = {isa = PBXBuildFile; fileRef = F25B16081DF2C3220013F60C /* UIColor+Extension.swift */; };
		F29DEC491DF2CBB500047BBD /* CTChessboardView.swift in Sources */ = {isa = PBXBuildFile; fileRef = F25B15FB1DF2C3220013F60C /* CTChessboardView.swift */; };
		F29DEC4A1DF2CBB500047BBD /* CTPieceSet.swift in Sources */ = {isa = PBXBuildFile; fileRef = F25B16041DF2C3220013F60C /* CTPieceSet.swift */; };
		F29DEC4B1DF2CBBE00047BBD /* PieceSet_Default.plist in Resources */ = {isa = PBXBuildFile; fileRef = F2D3448B1DDE2F490067F51F /* PieceSet_Default.plist */; };
		F29DEC4C1DF2CBBE00047BBD /* Chess_bdt45.svg in Resources */ = {isa = PBXBuildFile; fileRef = F2D344731DDE2F3A0067F51F /* Chess_bdt45.svg */; };
		F29DEC4D1DF2CBBE00047BBD /* Chess_blt45.svg in Resources */ = {isa = PBXBuildFile; fileRef = F2D344741DDE2F3A0067F51F /* Chess_blt45.svg */; };
		F29DEC4E1DF2CBBE00047BBD /* Chess_kdt45.svg in Resources */ = {isa = PBXBuildFile; fileRef = F2D344751DDE2F3A0067F51F /* Chess_kdt45.svg */; };
		F29DEC4F1DF2CBBE00047BBD /* Chess_klt45.svg in Resources */ = {isa = PBXBuildFile; fileRef = F2D344761DDE2F3A0067F51F /* Chess_klt45.svg */; };
		F29DEC501DF2CBBE00047BBD /* Chess_ndt45.svg in Resources */ = {isa = PBXBuildFile; fileRef = F2D344771DDE2F3A0067F51F /* Chess_ndt45.svg */; };
		F29DEC511DF2CBBE00047BBD /* Chess_nlt45.svg in Resources */ = {isa = PBXBuildFile; fileRef = F2D344781DDE2F3A0067F51F /* Chess_nlt45.svg */; };
		F29DEC521DF2CBBE00047BBD /* Chess_pdt45.svg in Resources */ = {isa = PBXBuildFile; fileRef = F2D344791DDE2F3A0067F51F /* Chess_pdt45.svg */; };
		F29DEC531DF2CBBE00047BBD /* Chess_plt45.svg in Resources */ = {isa = PBXBuildFile; fileRef = F2D3447A1DDE2F3A0067F51F /* Chess_plt45.svg */; };
		F29DEC541DF2CBBE00047BBD /* Chess_qdt45.svg in Resources */ = {isa = PBXBuildFile; fileRef = F2D3447B1DDE2F3A0067F51F /* Chess_qdt45.svg */; };
		F29DEC551DF2CBBE00047BBD /* Chess_qlt45.svg in Resources */ = {isa = PBXBuildFile; fileRef = F2D3447C1DDE2F3A0067F51F /* Chess_qlt45.svg */; };
		F29DEC561DF2CBBE00047BBD /* Chess_rdt45.svg in Resources */ = {isa = PBXBuildFile; fileRef = F2D3447D1DDE2F3A0067F51F /* Chess_rdt45.svg */; };
		F29DEC571DF2CBBE00047BBD /* Chess_rlt45.svg in Resources */ = {isa = PBXBuildFile; fileRef = F2D3447E1DDE2F3A0067F51F /* Chess_rlt45.svg */; };
		F29DEC5A1DF2CBDA00047BBD /* ChessToolkit.framework in Frameworks */ = {isa = PBXBuildFile; fileRef = F2D1435F1DDE245800288DFC /* ChessToolkit.framework */; };
		F29DEC5D1DF2D0EE00047BBD /* CTUIConstants.swift in Sources */ = {isa = PBXBuildFile; fileRef = F29DEC5B1DF2CD9800047BBD /* CTUIConstants.swift */; };
		F2D143641DDE245800288DFC /* ChessToolkit-iOS.h in Headers */ = {isa = PBXBuildFile; fileRef = F2D143621DDE245800288DFC /* ChessToolkit-iOS.h */; settings = {ATTRIBUTES = (Public, ); }; };
		F2D1437F1DDE260600288DFC /* AppDelegate.swift in Sources */ = {isa = PBXBuildFile; fileRef = F2D1437E1DDE260600288DFC /* AppDelegate.swift */; };
		F2D143811DDE260600288DFC /* ViewController.swift in Sources */ = {isa = PBXBuildFile; fileRef = F2D143801DDE260600288DFC /* ViewController.swift */; };
		F2D143841DDE260600288DFC /* Main.storyboard in Resources */ = {isa = PBXBuildFile; fileRef = F2D143821DDE260600288DFC /* Main.storyboard */; };
		F2D143861DDE260600288DFC /* Assets.xcassets in Resources */ = {isa = PBXBuildFile; fileRef = F2D143851DDE260600288DFC /* Assets.xcassets */; };
		F2D143891DDE260600288DFC /* LaunchScreen.storyboard in Resources */ = {isa = PBXBuildFile; fileRef = F2D143871DDE260600288DFC /* LaunchScreen.storyboard */; };
		F2D1438E1DDE261800288DFC /* ChessToolkit.framework in Frameworks */ = {isa = PBXBuildFile; fileRef = F2D1435F1DDE245800288DFC /* ChessToolkit.framework */; settings = {ATTRIBUTES = (Required, ); }; };
		F2D143921DDE27BA00288DFC /* SVGKit.framework in Frameworks */ = {isa = PBXBuildFile; fileRef = F2D143531DDE23F000288DFC /* SVGKit.framework */; settings = {ATTRIBUTES = (Required, ); }; };
		F2D143931DDE27BA00288DFC /* SVGKit.framework in Embed Frameworks */ = {isa = PBXBuildFile; fileRef = F2D143531DDE23F000288DFC /* SVGKit.framework */; settings = {ATTRIBUTES = (CodeSignOnCopy, RemoveHeadersOnCopy, ); }; };
		F2D3446E1DDE2E610067F51F /* CocoaLumberjack.framework in Frameworks */ = {isa = PBXBuildFile; fileRef = F2D3444A1DDE2E090067F51F /* CocoaLumberjack.framework */; };
		F2D3446F1DDE2E610067F51F /* CocoaLumberjack.framework in Embed Frameworks */ = {isa = PBXBuildFile; fileRef = F2D3444A1DDE2E090067F51F /* CocoaLumberjack.framework */; settings = {ATTRIBUTES = (CodeSignOnCopy, RemoveHeadersOnCopy, ); }; };
		F2DAFE8B1DDF74B30094F9A3 /* ChessToolkit.framework in Frameworks */ = {isa = PBXBuildFile; fileRef = F2D1435F1DDE245800288DFC /* ChessToolkit.framework */; };
		F2DAFE961DDF74E20094F9A3 /* CTFENParserTests.swift in Sources */ = {isa = PBXBuildFile; fileRef = F2DAFE911DDF74E20094F9A3 /* CTFENParserTests.swift */; };
		F2DAFE971DDF74E20094F9A3 /* CTGameTests.swift in Sources */ = {isa = PBXBuildFile; fileRef = F2DAFE921DDF74E20094F9A3 /* CTGameTests.swift */; };
		F2DAFE981DDF74E20094F9A3 /* CTMoveGeneratorTests.swift in Sources */ = {isa = PBXBuildFile; fileRef = F2DAFE931DDF74E20094F9A3 /* CTMoveGeneratorTests.swift */; };
		F2DAFE991DDF74E20094F9A3 /* CTMoveTests.swift in Sources */ = {isa = PBXBuildFile; fileRef = F2DAFE941DDF74E20094F9A3 /* CTMoveTests.swift */; };
		F2DAFE9A1DDF74E20094F9A3 /* CTPositionTests.swift in Sources */ = {isa = PBXBuildFile; fileRef = F2DAFE951DDF74E20094F9A3 /* CTPositionTests.swift */; };
/* End PBXBuildFile section */

/* Begin PBXContainerItemProxy section */
		F29DEC411DF2CB9D00047BBD /* PBXContainerItemProxy */ = {
			isa = PBXContainerItemProxy;
			containerPortal = F2D1432E1DDE222800288DFC /* Project object */;
			proxyType = 1;
			remoteGlobalIDString = F29DEC3B1DF2CB9D00047BBD;
			remoteInfo = "ChessToolkitUI-iOS";
		};
		F29DEC581DF2CBD000047BBD /* PBXContainerItemProxy */ = {
			isa = PBXContainerItemProxy;
			containerPortal = F2D1432E1DDE222800288DFC /* Project object */;
			proxyType = 1;
			remoteGlobalIDString = F2D1435E1DDE245800288DFC;
			remoteInfo = "ChessToolkit-iOS";
		};
		F2D1434E1DDE23F000288DFC /* PBXContainerItemProxy */ = {
			isa = PBXContainerItemProxy;
			containerPortal = F2D143451DDE23F000288DFC /* SVGKit-iOS.xcodeproj */;
			proxyType = 2;
			remoteGlobalIDString = 6639618E16145D0400E58CCA;
			remoteInfo = "SVGKit-iOS";
		};
		F2D143501DDE23F000288DFC /* PBXContainerItemProxy */ = {
			isa = PBXContainerItemProxy;
			containerPortal = F2D143451DDE23F000288DFC /* SVGKit-iOS.xcodeproj */;
			proxyType = 2;
			remoteGlobalIDString = 55452BF119EC68A200B75A30;
			remoteInfo = "SVGKit-iOS Tests";
		};
		F2D143521DDE23F000288DFC /* PBXContainerItemProxy */ = {
			isa = PBXContainerItemProxy;
			containerPortal = F2D143451DDE23F000288DFC /* SVGKit-iOS.xcodeproj */;
			proxyType = 2;
			remoteGlobalIDString = 825CDAAF1BDA4BC0003C1C12;
			remoteInfo = "SVGKitFramework-iOS";
		};
		F2D143541DDE23F000288DFC /* PBXContainerItemProxy */ = {
			isa = PBXContainerItemProxy;
			containerPortal = F2D143451DDE23F000288DFC /* SVGKit-iOS.xcodeproj */;
			proxyType = 2;
			remoteGlobalIDString = 825CDAB81BDA4BC0003C1C12;
			remoteInfo = "SVGKitFramework-iOSTests";
		};
		F2D143561DDE23F000288DFC /* PBXContainerItemProxy */ = {
			isa = PBXContainerItemProxy;
			containerPortal = F2D143451DDE23F000288DFC /* SVGKit-iOS.xcodeproj */;
			proxyType = 2;
			remoteGlobalIDString = 825CDAD31BDA4D38003C1C12;
			remoteInfo = "SVGKitFramework-tvOS";
		};
		F2D143581DDE23F000288DFC /* PBXContainerItemProxy */ = {
			isa = PBXContainerItemProxy;
			containerPortal = F2D143451DDE23F000288DFC /* SVGKit-iOS.xcodeproj */;
			proxyType = 2;
			remoteGlobalIDString = 825CDADC1BDA4D38003C1C12;
			remoteInfo = "SVGKitFramework-tvOSTests";
		};
		F2D143941DDE27BA00288DFC /* PBXContainerItemProxy */ = {
			isa = PBXContainerItemProxy;
			containerPortal = F2D143451DDE23F000288DFC /* SVGKit-iOS.xcodeproj */;
			proxyType = 1;
			remoteGlobalIDString = 825CDAAE1BDA4BC0003C1C12;
			remoteInfo = "SVGKitFramework-iOS";
		};
		F2D344491DDE2E090067F51F /* PBXContainerItemProxy */ = {
			isa = PBXContainerItemProxy;
			containerPortal = F2D344361DDE2E090067F51F /* Lumberjack.xcodeproj */;
			proxyType = 2;
			remoteGlobalIDString = DCB3185114EB418E001CFBEE;
			remoteInfo = CocoaLumberjack;
		};
		F2D3444B1DDE2E090067F51F /* PBXContainerItemProxy */ = {
			isa = PBXContainerItemProxy;
			containerPortal = F2D344361DDE2E090067F51F /* Lumberjack.xcodeproj */;
			proxyType = 2;
			remoteGlobalIDString = 18F3BF0F1A81D8B700692297;
			remoteInfo = CocoaLumberjackSwift;
		};
		F2D3444D1DDE2E090067F51F /* PBXContainerItemProxy */ = {
			isa = PBXContainerItemProxy;
			containerPortal = F2D344361DDE2E090067F51F /* Lumberjack.xcodeproj */;
			proxyType = 2;
			remoteGlobalIDString = 19FF46021B8B4CF400B43179;
			remoteInfo = "CocoaLumberjack-iOS";
		};
		F2D3444F1DDE2E090067F51F /* PBXContainerItemProxy */ = {
			isa = PBXContainerItemProxy;
			containerPortal = F2D344361DDE2E090067F51F /* Lumberjack.xcodeproj */;
			proxyType = 2;
			remoteGlobalIDString = 19FF460F1B8B4D1400B43179;
			remoteInfo = "CocoaLumberjackSwift-iOS";
		};
		F2D344511DDE2E090067F51F /* PBXContainerItemProxy */ = {
			isa = PBXContainerItemProxy;
			containerPortal = F2D344361DDE2E090067F51F /* Lumberjack.xcodeproj */;
			proxyType = 2;
			remoteGlobalIDString = 18F3BFD71A81E06E00692297;
			remoteInfo = "CocoaLumberjack-iOS-Static";
		};
		F2D344531DDE2E090067F51F /* PBXContainerItemProxy */ = {
			isa = PBXContainerItemProxy;
			containerPortal = F2D344361DDE2E090067F51F /* Lumberjack.xcodeproj */;
			proxyType = 2;
			remoteGlobalIDString = 19190EDE1B84D812008D059E;
			remoteInfo = "CocoaLumberjack-watchOS";
		};
		F2D344551DDE2E090067F51F /* PBXContainerItemProxy */ = {
			isa = PBXContainerItemProxy;
			containerPortal = F2D344361DDE2E090067F51F /* Lumberjack.xcodeproj */;
			proxyType = 2;
			remoteGlobalIDString = 19190EEB1B84D826008D059E;
			remoteInfo = "CocoaLumberjackSwift-watchOS";
		};
		F2D344571DDE2E090067F51F /* PBXContainerItemProxy */ = {
			isa = PBXContainerItemProxy;
			containerPortal = F2D344361DDE2E090067F51F /* Lumberjack.xcodeproj */;
			proxyType = 2;
			remoteGlobalIDString = 19D90B261BBFA9DB00947169;
			remoteInfo = "CocoaLumberjack-tvOS";
		};
		F2D344591DDE2E090067F51F /* PBXContainerItemProxy */ = {
			isa = PBXContainerItemProxy;
			containerPortal = F2D344361DDE2E090067F51F /* Lumberjack.xcodeproj */;
			proxyType = 2;
			remoteGlobalIDString = 19D90B351BBFAA7500947169;
			remoteInfo = "CocoaLumberjackSwift-tvOS";
		};
		F2D3445B1DDE2E090067F51F /* PBXContainerItemProxy */ = {
			isa = PBXContainerItemProxy;
			containerPortal = F2D344361DDE2E090067F51F /* Lumberjack.xcodeproj */;
			proxyType = 2;
			remoteGlobalIDString = DCB318CA14ED6C3B001CFBEE;
			remoteInfo = FmwkTest;
		};
		F2D3445D1DDE2E090067F51F /* PBXContainerItemProxy */ = {
			isa = PBXContainerItemProxy;
			containerPortal = F2D344361DDE2E090067F51F /* Lumberjack.xcodeproj */;
			proxyType = 2;
			remoteGlobalIDString = 55CCBEFF19BA679200957A39;
			remoteInfo = SwiftTest;
		};
		F2D3445F1DDE2E090067F51F /* PBXContainerItemProxy */ = {
			isa = PBXContainerItemProxy;
			containerPortal = F2D344361DDE2E090067F51F /* Lumberjack.xcodeproj */;
			proxyType = 2;
			remoteGlobalIDString = 18F3BF5F1A81DD2E00692297;
			remoteInfo = iOSSwiftTest;
		};
		F2D344611DDE2E090067F51F /* PBXContainerItemProxy */ = {
			isa = PBXContainerItemProxy;
			containerPortal = F2D344361DDE2E090067F51F /* Lumberjack.xcodeproj */;
			proxyType = 2;
			remoteGlobalIDString = 19EC14671B84D134000EC2E7;
			remoteInfo = watchOSSwiftTest;
		};
		F2D344631DDE2E090067F51F /* PBXContainerItemProxy */ = {
			isa = PBXContainerItemProxy;
			containerPortal = F2D344361DDE2E090067F51F /* Lumberjack.xcodeproj */;
			proxyType = 2;
			remoteGlobalIDString = 19EC14731B84D134000EC2E7;
			remoteInfo = "watchOSSwiftTest Extension";
		};
		F2D344651DDE2E090067F51F /* PBXContainerItemProxy */ = {
			isa = PBXContainerItemProxy;
			containerPortal = F2D344361DDE2E090067F51F /* Lumberjack.xcodeproj */;
			proxyType = 2;
			remoteGlobalIDString = 19406BE11BDBABFF001194DC;
			remoteInfo = tvOSSwiftTest;
		};
		F2D344671DDE2E090067F51F /* PBXContainerItemProxy */ = {
			isa = PBXContainerItemProxy;
			containerPortal = F2D344361DDE2E090067F51F /* Lumberjack.xcodeproj */;
			proxyType = 2;
			remoteGlobalIDString = 18F3BFF21A81E0C700692297;
			remoteInfo = iOSLibStaticTest;
		};
		F2D344701DDE2E610067F51F /* PBXContainerItemProxy */ = {
			isa = PBXContainerItemProxy;
			containerPortal = F2D344361DDE2E090067F51F /* Lumberjack.xcodeproj */;
			proxyType = 1;
			remoteGlobalIDString = DCB3185014EB418E001CFBEE;
			remoteInfo = CocoaLumberjack;
		};
		F2DAFE8C1DDF74B30094F9A3 /* PBXContainerItemProxy */ = {
			isa = PBXContainerItemProxy;
			containerPortal = F2D1432E1DDE222800288DFC /* Project object */;
			proxyType = 1;
			remoteGlobalIDString = F2D1435E1DDE245800288DFC;
			remoteInfo = "ChessToolkit-iOS";
		};
/* End PBXContainerItemProxy section */

/* Begin PBXCopyFilesBuildPhase section */
		F2D143911DDE27A000288DFC /* Embed Frameworks */ = {
			isa = PBXCopyFilesBuildPhase;
			buildActionMask = 8;
			dstPath = "";
			dstSubfolderSpec = 10;
			files = (
				F29DEC441DF2CB9D00047BBD /* ChessToolkitUI.framework in Embed Frameworks */,
				F2D3446F1DDE2E610067F51F /* CocoaLumberjack.framework in Embed Frameworks */,
				F2D143931DDE27BA00288DFC /* SVGKit.framework in Embed Frameworks */,
			);
			name = "Embed Frameworks";
			runOnlyForDeploymentPostprocessing = 1;
		};
/* End PBXCopyFilesBuildPhase section */

/* Begin PBXFileReference section */
		F25B15FA1DF2C3220013F60C /* CTCastlingRights.swift */ = {isa = PBXFileReference; fileEncoding = 4; lastKnownFileType = sourcecode.swift; path = CTCastlingRights.swift; sourceTree = "<group>"; };
		F25B15FB1DF2C3220013F60C /* CTChessboardView.swift */ = {isa = PBXFileReference; fileEncoding = 4; lastKnownFileType = sourcecode.swift; path = CTChessboardView.swift; sourceTree = "<group>"; };
		F25B15FC1DF2C3220013F60C /* CTConstants.swift */ = {isa = PBXFileReference; fileEncoding = 4; lastKnownFileType = sourcecode.swift; path = CTConstants.swift; sourceTree = "<group>"; };
		F25B15FD1DF2C3220013F60C /* CTEnums.swift */ = {isa = PBXFileReference; fileEncoding = 4; lastKnownFileType = sourcecode.swift; path = CTEnums.swift; sourceTree = "<group>"; };
		F25B15FE1DF2C3220013F60C /* CTFENParser.swift */ = {isa = PBXFileReference; fileEncoding = 4; lastKnownFileType = sourcecode.swift; path = CTFENParser.swift; sourceTree = "<group>"; };
		F25B15FF1DF2C3220013F60C /* CTGame.swift */ = {isa = PBXFileReference; fileEncoding = 4; lastKnownFileType = sourcecode.swift; path = CTGame.swift; sourceTree = "<group>"; };
		F25B16001DF2C3220013F60C /* CTMove.swift */ = {isa = PBXFileReference; fileEncoding = 4; lastKnownFileType = sourcecode.swift; path = CTMove.swift; sourceTree = "<group>"; };
		F25B16011DF2C3220013F60C /* CTMoveBuilder.swift */ = {isa = PBXFileReference; fileEncoding = 4; lastKnownFileType = sourcecode.swift; path = CTMoveBuilder.swift; sourceTree = "<group>"; };
		F25B16021DF2C3220013F60C /* CTMoveGenerator.swift */ = {isa = PBXFileReference; fileEncoding = 4; lastKnownFileType = sourcecode.swift; path = CTMoveGenerator.swift; sourceTree = "<group>"; };
		F25B16031DF2C3220013F60C /* CTMoveNode.swift */ = {isa = PBXFileReference; fileEncoding = 4; lastKnownFileType = sourcecode.swift; path = CTMoveNode.swift; sourceTree = "<group>"; };
		F25B16041DF2C3220013F60C /* CTPieceSet.swift */ = {isa = PBXFileReference; fileEncoding = 4; lastKnownFileType = sourcecode.swift; path = CTPieceSet.swift; sourceTree = "<group>"; };
		F25B16051DF2C3220013F60C /* CTPosition.swift */ = {isa = PBXFileReference; fileEncoding = 4; lastKnownFileType = sourcecode.swift; path = CTPosition.swift; sourceTree = "<group>"; };
		F25B16061DF2C3220013F60C /* CTUtils.swift */ = {isa = PBXFileReference; fileEncoding = 4; lastKnownFileType = sourcecode.swift; path = CTUtils.swift; sourceTree = "<group>"; };
		F25B16071DF2C3220013F60C /* String+Extension.swift */ = {isa = PBXFileReference; fileEncoding = 4; lastKnownFileType = sourcecode.swift; path = "String+Extension.swift"; sourceTree = "<group>"; };
		F25B16081DF2C3220013F60C /* UIColor+Extension.swift */ = {isa = PBXFileReference; fileEncoding = 4; lastKnownFileType = sourcecode.swift; path = "UIColor+Extension.swift"; sourceTree = "<group>"; };
		F29DEC3C1DF2CB9D00047BBD /* ChessToolkitUI.framework */ = {isa = PBXFileReference; explicitFileType = wrapper.framework; includeInIndex = 0; path = ChessToolkitUI.framework; sourceTree = BUILT_PRODUCTS_DIR; };
		F29DEC3E1DF2CB9D00047BBD /* ChessToolkitUI-iOS.h */ = {isa = PBXFileReference; lastKnownFileType = sourcecode.c.h; path = "ChessToolkitUI-iOS.h"; sourceTree = "<group>"; };
		F29DEC3F1DF2CB9D00047BBD /* Info.plist */ = {isa = PBXFileReference; lastKnownFileType = text.plist.xml; path = Info.plist; sourceTree = "<group>"; };
		F29DEC5B1DF2CD9800047BBD /* CTUIConstants.swift */ = {isa = PBXFileReference; fileEncoding = 4; lastKnownFileType = sourcecode.swift; path = CTUIConstants.swift; sourceTree = "<group>"; };
		F2D143451DDE23F000288DFC /* SVGKit-iOS.xcodeproj */ = {isa = PBXFileReference; lastKnownFileType = "wrapper.pb-project"; name = "SVGKit-iOS.xcodeproj"; path = "SVGKit/SVGKit-iOS.xcodeproj"; sourceTree = "<group>"; };
		F2D1435F1DDE245800288DFC /* ChessToolkit.framework */ = {isa = PBXFileReference; explicitFileType = wrapper.framework; includeInIndex = 0; path = ChessToolkit.framework; sourceTree = BUILT_PRODUCTS_DIR; };
		F2D143621DDE245800288DFC /* ChessToolkit-iOS.h */ = {isa = PBXFileReference; lastKnownFileType = sourcecode.c.h; path = "ChessToolkit-iOS.h"; sourceTree = "<group>"; };
		F2D143631DDE245800288DFC /* Info.plist */ = {isa = PBXFileReference; lastKnownFileType = text.plist.xml; path = Info.plist; sourceTree = "<group>"; };
		F2D1437C1DDE260600288DFC /* ChessToolkitExample.app */ = {isa = PBXFileReference; explicitFileType = wrapper.application; includeInIndex = 0; path = ChessToolkitExample.app; sourceTree = BUILT_PRODUCTS_DIR; };
		F2D1437E1DDE260600288DFC /* AppDelegate.swift */ = {isa = PBXFileReference; lastKnownFileType = sourcecode.swift; path = AppDelegate.swift; sourceTree = "<group>"; };
		F2D143801DDE260600288DFC /* ViewController.swift */ = {isa = PBXFileReference; lastKnownFileType = sourcecode.swift; path = ViewController.swift; sourceTree = "<group>"; };
		F2D143831DDE260600288DFC /* Base */ = {isa = PBXFileReference; lastKnownFileType = file.storyboard; name = Base; path = Base.lproj/Main.storyboard; sourceTree = "<group>"; };
		F2D143851DDE260600288DFC /* Assets.xcassets */ = {isa = PBXFileReference; lastKnownFileType = folder.assetcatalog; path = Assets.xcassets; sourceTree = "<group>"; };
		F2D143881DDE260600288DFC /* Base */ = {isa = PBXFileReference; lastKnownFileType = file.storyboard; name = Base; path = Base.lproj/LaunchScreen.storyboard; sourceTree = "<group>"; };
		F2D1438A1DDE260600288DFC /* Info.plist */ = {isa = PBXFileReference; lastKnownFileType = text.plist.xml; path = Info.plist; sourceTree = "<group>"; };
		F2D344361DDE2E090067F51F /* Lumberjack.xcodeproj */ = {isa = PBXFileReference; lastKnownFileType = "wrapper.pb-project"; name = Lumberjack.xcodeproj; path = CocoaLumberjack/Lumberjack.xcodeproj; sourceTree = "<group>"; };
		F2D344731DDE2F3A0067F51F /* Chess_bdt45.svg */ = {isa = PBXFileReference; fileEncoding = 4; lastKnownFileType = text.xml; path = Chess_bdt45.svg; sourceTree = "<group>"; };
		F2D344741DDE2F3A0067F51F /* Chess_blt45.svg */ = {isa = PBXFileReference; fileEncoding = 4; lastKnownFileType = text.xml; path = Chess_blt45.svg; sourceTree = "<group>"; };
		F2D344751DDE2F3A0067F51F /* Chess_kdt45.svg */ = {isa = PBXFileReference; fileEncoding = 4; lastKnownFileType = text.xml; path = Chess_kdt45.svg; sourceTree = "<group>"; };
		F2D344761DDE2F3A0067F51F /* Chess_klt45.svg */ = {isa = PBXFileReference; fileEncoding = 4; lastKnownFileType = text.xml; path = Chess_klt45.svg; sourceTree = "<group>"; };
		F2D344771DDE2F3A0067F51F /* Chess_ndt45.svg */ = {isa = PBXFileReference; fileEncoding = 4; lastKnownFileType = text.xml; path = Chess_ndt45.svg; sourceTree = "<group>"; };
		F2D344781DDE2F3A0067F51F /* Chess_nlt45.svg */ = {isa = PBXFileReference; fileEncoding = 4; lastKnownFileType = text.xml; path = Chess_nlt45.svg; sourceTree = "<group>"; };
		F2D344791DDE2F3A0067F51F /* Chess_pdt45.svg */ = {isa = PBXFileReference; fileEncoding = 4; lastKnownFileType = text.xml; path = Chess_pdt45.svg; sourceTree = "<group>"; };
		F2D3447A1DDE2F3A0067F51F /* Chess_plt45.svg */ = {isa = PBXFileReference; fileEncoding = 4; lastKnownFileType = text.xml; path = Chess_plt45.svg; sourceTree = "<group>"; };
		F2D3447B1DDE2F3A0067F51F /* Chess_qdt45.svg */ = {isa = PBXFileReference; fileEncoding = 4; lastKnownFileType = text.xml; path = Chess_qdt45.svg; sourceTree = "<group>"; };
		F2D3447C1DDE2F3A0067F51F /* Chess_qlt45.svg */ = {isa = PBXFileReference; fileEncoding = 4; lastKnownFileType = text.xml; path = Chess_qlt45.svg; sourceTree = "<group>"; };
		F2D3447D1DDE2F3A0067F51F /* Chess_rdt45.svg */ = {isa = PBXFileReference; fileEncoding = 4; lastKnownFileType = text.xml; path = Chess_rdt45.svg; sourceTree = "<group>"; };
		F2D3447E1DDE2F3A0067F51F /* Chess_rlt45.svg */ = {isa = PBXFileReference; fileEncoding = 4; lastKnownFileType = text.xml; path = Chess_rlt45.svg; sourceTree = "<group>"; };
		F2D3448B1DDE2F490067F51F /* PieceSet_Default.plist */ = {isa = PBXFileReference; fileEncoding = 4; lastKnownFileType = text.plist.xml; path = PieceSet_Default.plist; sourceTree = "<group>"; };
		F2DAFE861DDF74B30094F9A3 /* ChessToolkitiOSTests.xctest */ = {isa = PBXFileReference; explicitFileType = wrapper.cfbundle; includeInIndex = 0; path = ChessToolkitiOSTests.xctest; sourceTree = BUILT_PRODUCTS_DIR; };
		F2DAFE8A1DDF74B30094F9A3 /* Info.plist */ = {isa = PBXFileReference; lastKnownFileType = text.plist.xml; path = Info.plist; sourceTree = "<group>"; };
		F2DAFE911DDF74E20094F9A3 /* CTFENParserTests.swift */ = {isa = PBXFileReference; fileEncoding = 4; lastKnownFileType = sourcecode.swift; path = CTFENParserTests.swift; sourceTree = "<group>"; };
		F2DAFE921DDF74E20094F9A3 /* CTGameTests.swift */ = {isa = PBXFileReference; fileEncoding = 4; lastKnownFileType = sourcecode.swift; path = CTGameTests.swift; sourceTree = "<group>"; };
		F2DAFE931DDF74E20094F9A3 /* CTMoveGeneratorTests.swift */ = {isa = PBXFileReference; fileEncoding = 4; lastKnownFileType = sourcecode.swift; path = CTMoveGeneratorTests.swift; sourceTree = "<group>"; };
		F2DAFE941DDF74E20094F9A3 /* CTMoveTests.swift */ = {isa = PBXFileReference; fileEncoding = 4; lastKnownFileType = sourcecode.swift; path = CTMoveTests.swift; sourceTree = "<group>"; };
		F2DAFE951DDF74E20094F9A3 /* CTPositionTests.swift */ = {isa = PBXFileReference; fileEncoding = 4; lastKnownFileType = sourcecode.swift; path = CTPositionTests.swift; sourceTree = "<group>"; };
/* End PBXFileReference section */

/* Begin PBXFrameworksBuildPhase section */
		F29DEC381DF2CB9D00047BBD /* Frameworks */ = {
			isa = PBXFrameworksBuildPhase;
			buildActionMask = 2147483647;
			files = (
				F20F822B1E6F54F8006360FE /* SVGKit.framework in Frameworks */,
				F29DEC5A1DF2CBDA00047BBD /* ChessToolkit.framework in Frameworks */,
			);
			runOnlyForDeploymentPostprocessing = 0;
		};
		F2D1435B1DDE245800288DFC /* Frameworks */ = {
			isa = PBXFrameworksBuildPhase;
			buildActionMask = 2147483647;
			files = (
			);
			runOnlyForDeploymentPostprocessing = 0;
		};
		F2D143791DDE260600288DFC /* Frameworks */ = {
			isa = PBXFrameworksBuildPhase;
			buildActionMask = 2147483647;
			files = (
				F2D143921DDE27BA00288DFC /* SVGKit.framework in Frameworks */,
				F2D3446E1DDE2E610067F51F /* CocoaLumberjack.framework in Frameworks */,
				F29DEC431DF2CB9D00047BBD /* ChessToolkitUI.framework in Frameworks */,
				F2D1438E1DDE261800288DFC /* ChessToolkit.framework in Frameworks */,
			);
			runOnlyForDeploymentPostprocessing = 0;
		};
		F2DAFE831DDF74B30094F9A3 /* Frameworks */ = {
			isa = PBXFrameworksBuildPhase;
			buildActionMask = 2147483647;
			files = (
				F2DAFE8B1DDF74B30094F9A3 /* ChessToolkit.framework in Frameworks */,
			);
			runOnlyForDeploymentPostprocessing = 0;
		};
/* End PBXFrameworksBuildPhase section */

/* Begin PBXGroup section */
		F29DEC201DF2C7C100047BBD /* Core */ = {
			isa = PBXGroup;
			children = (
				F25B15FA1DF2C3220013F60C /* CTCastlingRights.swift */,
				F25B15FC1DF2C3220013F60C /* CTConstants.swift */,
				F25B15FD1DF2C3220013F60C /* CTEnums.swift */,
				F25B15FE1DF2C3220013F60C /* CTFENParser.swift */,
				F25B15FF1DF2C3220013F60C /* CTGame.swift */,
				F25B16001DF2C3220013F60C /* CTMove.swift */,
				F25B16011DF2C3220013F60C /* CTMoveBuilder.swift */,
				F25B16021DF2C3220013F60C /* CTMoveGenerator.swift */,
				F25B16031DF2C3220013F60C /* CTMoveNode.swift */,
				F25B16051DF2C3220013F60C /* CTPosition.swift */,
				F25B16061DF2C3220013F60C /* CTUtils.swift */,
				F25B16071DF2C3220013F60C /* String+Extension.swift */,
			);
			name = Core;
			sourceTree = "<group>";
		};
		F29DEC351DF2C7C700047BBD /* UI */ = {
			isa = PBXGroup;
			children = (
				F29DEC5B1DF2CD9800047BBD /* CTUIConstants.swift */,
				F25B16081DF2C3220013F60C /* UIColor+Extension.swift */,
				F25B15FB1DF2C3220013F60C /* CTChessboardView.swift */,
				F25B16041DF2C3220013F60C /* CTPieceSet.swift */,
				F2D344721DDE2F190067F51F /* PieceSets */,
			);
			name = UI;
			sourceTree = "<group>";
		};
		F29DEC3D1DF2CB9D00047BBD /* ChessToolkitUI-iOS */ = {
			isa = PBXGroup;
			children = (
				F29DEC3E1DF2CB9D00047BBD /* ChessToolkitUI-iOS.h */,
				F29DEC3F1DF2CB9D00047BBD /* Info.plist */,
			);
			path = "ChessToolkitUI-iOS";
			sourceTree = "<group>";
		};
		F2D1432D1DDE222800288DFC = {
			isa = PBXGroup;
			children = (
				F2D344361DDE2E090067F51F /* Lumberjack.xcodeproj */,
				F2D143451DDE23F000288DFC /* SVGKit-iOS.xcodeproj */,
				F2D143351DDE227000288DFC /* Sources */,
				F2DAFE6D1DDF74010094F9A3 /* Tests */,
				F2D143611DDE245800288DFC /* ChessToolkit-iOS */,
				F2D1437D1DDE260600288DFC /* ChessToolkit-Example */,
				F2DAFE871DDF74B30094F9A3 /* ChessToolkit-iOS-Tests */,
				F29DEC3D1DF2CB9D00047BBD /* ChessToolkitUI-iOS */,
				F2D143601DDE245800288DFC /* Products */,
			);
			sourceTree = "<group>";
		};
		F2D143351DDE227000288DFC /* Sources */ = {
			isa = PBXGroup;
			children = (
				F29DEC351DF2C7C700047BBD /* UI */,
				F29DEC201DF2C7C100047BBD /* Core */,
			);
			path = Sources;
			sourceTree = "<group>";
		};
		F2D143461DDE23F000288DFC /* Products */ = {
			isa = PBXGroup;
			children = (
				F2D1434F1DDE23F000288DFC /* libSVGKit-iOS.2.0.0.a */,
				F2D143511DDE23F000288DFC /* SVGKit-iOS Tests.xctest */,
				F2D143531DDE23F000288DFC /* SVGKit.framework */,
				F2D143551DDE23F000288DFC /* SVGKitFramework-iOSTests.xctest */,
				F2D143571DDE23F000288DFC /* SVGKit.framework */,
				F2D143591DDE23F000288DFC /* SVGKitFramework-tvOSTests.xctest */,
			);
			name = Products;
			sourceTree = "<group>";
		};
		F2D143601DDE245800288DFC /* Products */ = {
			isa = PBXGroup;
			children = (
				F2D1435F1DDE245800288DFC /* ChessToolkit.framework */,
				F2D1437C1DDE260600288DFC /* ChessToolkitExample.app */,
				F2DAFE861DDF74B30094F9A3 /* ChessToolkitiOSTests.xctest */,
				F29DEC3C1DF2CB9D00047BBD /* ChessToolkitUI.framework */,
			);
			name = Products;
			sourceTree = "<group>";
		};
		F2D143611DDE245800288DFC /* ChessToolkit-iOS */ = {
			isa = PBXGroup;
			children = (
				F2D143621DDE245800288DFC /* ChessToolkit-iOS.h */,
				F2D143631DDE245800288DFC /* Info.plist */,
			);
			path = "ChessToolkit-iOS";
			sourceTree = "<group>";
		};
		F2D1437D1DDE260600288DFC /* ChessToolkit-Example */ = {
			isa = PBXGroup;
			children = (
				F2D1437E1DDE260600288DFC /* AppDelegate.swift */,
				F2D143801DDE260600288DFC /* ViewController.swift */,
				F2D143821DDE260600288DFC /* Main.storyboard */,
				F2D143851DDE260600288DFC /* Assets.xcassets */,
				F2D143871DDE260600288DFC /* LaunchScreen.storyboard */,
				F2D1438A1DDE260600288DFC /* Info.plist */,
			);
			path = "ChessToolkit-Example";
			sourceTree = "<group>";
		};
		F2D344371DDE2E090067F51F /* Products */ = {
			isa = PBXGroup;
			children = (
				F2D3444A1DDE2E090067F51F /* CocoaLumberjack.framework */,
				F2D3444C1DDE2E090067F51F /* CocoaLumberjackSwift.framework */,
				F2D3444E1DDE2E090067F51F /* CocoaLumberjack.framework */,
				F2D344501DDE2E090067F51F /* CocoaLumberjackSwift.framework */,
				F2D344521DDE2E090067F51F /* libCocoaLumberjack-iOS-Static.a */,
				F2D344541DDE2E090067F51F /* CocoaLumberjack.framework */,
				F2D344561DDE2E090067F51F /* CocoaLumberjackSwift.framework */,
				F2D344581DDE2E090067F51F /* CocoaLumberjack.framework */,
				F2D3445A1DDE2E090067F51F /* CocoaLumberjackSwift.framework */,
				F2D3445C1DDE2E090067F51F /* FmwkTest.app */,
				F2D3445E1DDE2E090067F51F /* SwiftTest.app */,
				F2D344601DDE2E090067F51F /* iOSSwiftTest.app */,
				F2D344621DDE2E090067F51F /* watchOSSwiftTest.app */,
				F2D344641DDE2E090067F51F /* watchOSSwiftTest Extension.appex */,
				F2D344661DDE2E090067F51F /* tvOSSwiftTest.app */,
				F2D344681DDE2E090067F51F /* iOSLibStaticTest.app */,
			);
			name = Products;
			sourceTree = "<group>";
		};
		F2D344721DDE2F190067F51F /* PieceSets */ = {
			isa = PBXGroup;
			children = (
				F2D3448B1DDE2F490067F51F /* PieceSet_Default.plist */,
				F2D344731DDE2F3A0067F51F /* Chess_bdt45.svg */,
				F2D344741DDE2F3A0067F51F /* Chess_blt45.svg */,
				F2D344751DDE2F3A0067F51F /* Chess_kdt45.svg */,
				F2D344761DDE2F3A0067F51F /* Chess_klt45.svg */,
				F2D344771DDE2F3A0067F51F /* Chess_ndt45.svg */,
				F2D344781DDE2F3A0067F51F /* Chess_nlt45.svg */,
				F2D344791DDE2F3A0067F51F /* Chess_pdt45.svg */,
				F2D3447A1DDE2F3A0067F51F /* Chess_plt45.svg */,
				F2D3447B1DDE2F3A0067F51F /* Chess_qdt45.svg */,
				F2D3447C1DDE2F3A0067F51F /* Chess_qlt45.svg */,
				F2D3447D1DDE2F3A0067F51F /* Chess_rdt45.svg */,
				F2D3447E1DDE2F3A0067F51F /* Chess_rlt45.svg */,
			);
			name = PieceSets;
			sourceTree = "<group>";
		};
		F2DAFE6D1DDF74010094F9A3 /* Tests */ = {
			isa = PBXGroup;
			children = (
				F2DAFE911DDF74E20094F9A3 /* CTFENParserTests.swift */,
				F2DAFE921DDF74E20094F9A3 /* CTGameTests.swift */,
				F2DAFE931DDF74E20094F9A3 /* CTMoveGeneratorTests.swift */,
				F2DAFE941DDF74E20094F9A3 /* CTMoveTests.swift */,
				F2DAFE951DDF74E20094F9A3 /* CTPositionTests.swift */,
			);
			path = Tests;
			sourceTree = "<group>";
		};
		F2DAFE871DDF74B30094F9A3 /* ChessToolkit-iOS-Tests */ = {
			isa = PBXGroup;
			children = (
				F2DAFE8A1DDF74B30094F9A3 /* Info.plist */,
			);
			path = "ChessToolkit-iOS-Tests";
			sourceTree = "<group>";
		};
/* End PBXGroup section */

/* Begin PBXHeadersBuildPhase section */
		F29DEC391DF2CB9D00047BBD /* Headers */ = {
			isa = PBXHeadersBuildPhase;
			buildActionMask = 2147483647;
			files = (
				F29DEC401DF2CB9D00047BBD /* ChessToolkitUI-iOS.h in Headers */,
			);
			runOnlyForDeploymentPostprocessing = 0;
		};
		F2D1435C1DDE245800288DFC /* Headers */ = {
			isa = PBXHeadersBuildPhase;
			buildActionMask = 2147483647;
			files = (
				F2D143641DDE245800288DFC /* ChessToolkit-iOS.h in Headers */,
			);
			runOnlyForDeploymentPostprocessing = 0;
		};
/* End PBXHeadersBuildPhase section */

/* Begin PBXNativeTarget section */
		F29DEC3B1DF2CB9D00047BBD /* ChessToolkitUI-iOS */ = {
			isa = PBXNativeTarget;
			buildConfigurationList = F29DEC451DF2CB9D00047BBD /* Build configuration list for PBXNativeTarget "ChessToolkitUI-iOS" */;
			buildPhases = (
				F29DEC371DF2CB9D00047BBD /* Sources */,
				F29DEC381DF2CB9D00047BBD /* Frameworks */,
				F29DEC391DF2CB9D00047BBD /* Headers */,
				F29DEC3A1DF2CB9D00047BBD /* Resources */,
			);
			buildRules = (
			);
			dependencies = (
				F29DEC591DF2CBD000047BBD /* PBXTargetDependency */,
			);
			name = "ChessToolkitUI-iOS";
			productName = "ChessToolkitUI-iOS";
			productReference = F29DEC3C1DF2CB9D00047BBD /* ChessToolkitUI.framework */;
			productType = "com.apple.product-type.framework";
		};
		F2D1435E1DDE245800288DFC /* ChessToolkit-iOS */ = {
			isa = PBXNativeTarget;
			buildConfigurationList = F2D143651DDE245800288DFC /* Build configuration list for PBXNativeTarget "ChessToolkit-iOS" */;
			buildPhases = (
				F2D1435A1DDE245800288DFC /* Sources */,
				F2D1435B1DDE245800288DFC /* Frameworks */,
				F2D1435C1DDE245800288DFC /* Headers */,
				F2D1435D1DDE245800288DFC /* Resources */,
			);
			buildRules = (
			);
			dependencies = (
			);
			name = "ChessToolkit-iOS";
			productName = "ChessToolkit-iOS";
			productReference = F2D1435F1DDE245800288DFC /* ChessToolkit.framework */;
			productType = "com.apple.product-type.framework";
		};
		F2D1437B1DDE260600288DFC /* ChessToolkit-Example */ = {
			isa = PBXNativeTarget;
			buildConfigurationList = F2D1438B1DDE260600288DFC /* Build configuration list for PBXNativeTarget "ChessToolkit-Example" */;
			buildPhases = (
				F2D143781DDE260600288DFC /* Sources */,
				F2D143791DDE260600288DFC /* Frameworks */,
				F2D1437A1DDE260600288DFC /* Resources */,
				F2D143911DDE27A000288DFC /* Embed Frameworks */,
			);
			buildRules = (
			);
			dependencies = (
				F2D143951DDE27BA00288DFC /* PBXTargetDependency */,
				F2D344711DDE2E610067F51F /* PBXTargetDependency */,
				F29DEC421DF2CB9D00047BBD /* PBXTargetDependency */,
			);
			name = "ChessToolkit-Example";
			productName = "ChessToolkit-Example";
			productReference = F2D1437C1DDE260600288DFC /* ChessToolkitExample.app */;
			productType = "com.apple.product-type.application";
		};
		F2DAFE851DDF74B30094F9A3 /* ChessToolkit-iOS-Tests */ = {
			isa = PBXNativeTarget;
			buildConfigurationList = F2DAFE8E1DDF74B30094F9A3 /* Build configuration list for PBXNativeTarget "ChessToolkit-iOS-Tests" */;
			buildPhases = (
				F2DAFE821DDF74B30094F9A3 /* Sources */,
				F2DAFE831DDF74B30094F9A3 /* Frameworks */,
				F2DAFE841DDF74B30094F9A3 /* Resources */,
			);
			buildRules = (
			);
			dependencies = (
				F2DAFE8D1DDF74B30094F9A3 /* PBXTargetDependency */,
			);
			name = "ChessToolkit-iOS-Tests";
			productName = "ChessToolkit-iOS-Tests";
			productReference = F2DAFE861DDF74B30094F9A3 /* ChessToolkitiOSTests.xctest */;
			productType = "com.apple.product-type.bundle.unit-test";
		};
/* End PBXNativeTarget section */

/* Begin PBXProject section */
		F2D1432E1DDE222800288DFC /* Project object */ = {
			isa = PBXProject;
			attributes = {
				LastSwiftUpdateCheck = 0810;
				LastUpgradeCheck = 0810;
				TargetAttributes = {
					F29DEC3B1DF2CB9D00047BBD = {
						CreatedOnToolsVersion = 8.1;
						DevelopmentTeam = YZB6HYGFR3;
						ProvisioningStyle = Automatic;
					};
					F2D1435E1DDE245800288DFC = {
						CreatedOnToolsVersion = 8.1;
						DevelopmentTeam = YZB6HYGFR3;
						LastSwiftMigration = 0810;
						ProvisioningStyle = Automatic;
					};
					F2D1437B1DDE260600288DFC = {
						CreatedOnToolsVersion = 8.1;
						DevelopmentTeam = YZB6HYGFR3;
						ProvisioningStyle = Automatic;
					};
					F2DAFE851DDF74B30094F9A3 = {
						CreatedOnToolsVersion = 8.1;
						DevelopmentTeam = YZB6HYGFR3;
						LastSwiftMigration = 0810;
						ProvisioningStyle = Automatic;
					};
				};
			};
			buildConfigurationList = F2D143311DDE222800288DFC /* Build configuration list for PBXProject "ChessToolkit" */;
			compatibilityVersion = "Xcode 3.2";
			developmentRegion = English;
			hasScannedForEncodings = 0;
			knownRegions = (
				en,
				Base,
			);
			mainGroup = F2D1432D1DDE222800288DFC;
			productRefGroup = F2D143601DDE245800288DFC /* Products */;
			projectDirPath = "";
			projectReferences = (
				{
					ProductGroup = F2D344371DDE2E090067F51F /* Products */;
					ProjectRef = F2D344361DDE2E090067F51F /* Lumberjack.xcodeproj */;
				},
				{
					ProductGroup = F2D143461DDE23F000288DFC /* Products */;
					ProjectRef = F2D143451DDE23F000288DFC /* SVGKit-iOS.xcodeproj */;
				},
			);
			projectRoot = "";
			targets = (
				F2D1435E1DDE245800288DFC /* ChessToolkit-iOS */,
				F29DEC3B1DF2CB9D00047BBD /* ChessToolkitUI-iOS */,
				F2D1437B1DDE260600288DFC /* ChessToolkit-Example */,
				F2DAFE851DDF74B30094F9A3 /* ChessToolkit-iOS-Tests */,
			);
		};
/* End PBXProject section */

/* Begin PBXReferenceProxy section */
		F2D1434F1DDE23F000288DFC /* libSVGKit-iOS.2.0.0.a */ = {
			isa = PBXReferenceProxy;
			fileType = archive.ar;
			path = "libSVGKit-iOS.2.0.0.a";
			remoteRef = F2D1434E1DDE23F000288DFC /* PBXContainerItemProxy */;
			sourceTree = BUILT_PRODUCTS_DIR;
		};
		F2D143511DDE23F000288DFC /* SVGKit-iOS Tests.xctest */ = {
			isa = PBXReferenceProxy;
			fileType = wrapper.cfbundle;
			path = "SVGKit-iOS Tests.xctest";
			remoteRef = F2D143501DDE23F000288DFC /* PBXContainerItemProxy */;
			sourceTree = BUILT_PRODUCTS_DIR;
		};
		F2D143531DDE23F000288DFC /* SVGKit.framework */ = {
			isa = PBXReferenceProxy;
			fileType = wrapper.framework;
			path = SVGKit.framework;
			remoteRef = F2D143521DDE23F000288DFC /* PBXContainerItemProxy */;
			sourceTree = BUILT_PRODUCTS_DIR;
		};
		F2D143551DDE23F000288DFC /* SVGKitFramework-iOSTests.xctest */ = {
			isa = PBXReferenceProxy;
			fileType = wrapper.cfbundle;
			path = "SVGKitFramework-iOSTests.xctest";
			remoteRef = F2D143541DDE23F000288DFC /* PBXContainerItemProxy */;
			sourceTree = BUILT_PRODUCTS_DIR;
		};
		F2D143571DDE23F000288DFC /* SVGKit.framework */ = {
			isa = PBXReferenceProxy;
			fileType = wrapper.framework;
			path = SVGKit.framework;
			remoteRef = F2D143561DDE23F000288DFC /* PBXContainerItemProxy */;
			sourceTree = BUILT_PRODUCTS_DIR;
		};
		F2D143591DDE23F000288DFC /* SVGKitFramework-tvOSTests.xctest */ = {
			isa = PBXReferenceProxy;
			fileType = wrapper.cfbundle;
			path = "SVGKitFramework-tvOSTests.xctest";
			remoteRef = F2D143581DDE23F000288DFC /* PBXContainerItemProxy */;
			sourceTree = BUILT_PRODUCTS_DIR;
		};
		F2D3444A1DDE2E090067F51F /* CocoaLumberjack.framework */ = {
			isa = PBXReferenceProxy;
			fileType = wrapper.framework;
			path = CocoaLumberjack.framework;
			remoteRef = F2D344491DDE2E090067F51F /* PBXContainerItemProxy */;
			sourceTree = BUILT_PRODUCTS_DIR;
		};
		F2D3444C1DDE2E090067F51F /* CocoaLumberjackSwift.framework */ = {
			isa = PBXReferenceProxy;
			fileType = wrapper.framework;
			path = CocoaLumberjackSwift.framework;
			remoteRef = F2D3444B1DDE2E090067F51F /* PBXContainerItemProxy */;
			sourceTree = BUILT_PRODUCTS_DIR;
		};
		F2D3444E1DDE2E090067F51F /* CocoaLumberjack.framework */ = {
			isa = PBXReferenceProxy;
			fileType = wrapper.framework;
			path = CocoaLumberjack.framework;
			remoteRef = F2D3444D1DDE2E090067F51F /* PBXContainerItemProxy */;
			sourceTree = BUILT_PRODUCTS_DIR;
		};
		F2D344501DDE2E090067F51F /* CocoaLumberjackSwift.framework */ = {
			isa = PBXReferenceProxy;
			fileType = wrapper.framework;
			path = CocoaLumberjackSwift.framework;
			remoteRef = F2D3444F1DDE2E090067F51F /* PBXContainerItemProxy */;
			sourceTree = BUILT_PRODUCTS_DIR;
		};
		F2D344521DDE2E090067F51F /* libCocoaLumberjack-iOS-Static.a */ = {
			isa = PBXReferenceProxy;
			fileType = archive.ar;
			path = "libCocoaLumberjack-iOS-Static.a";
			remoteRef = F2D344511DDE2E090067F51F /* PBXContainerItemProxy */;
			sourceTree = BUILT_PRODUCTS_DIR;
		};
		F2D344541DDE2E090067F51F /* CocoaLumberjack.framework */ = {
			isa = PBXReferenceProxy;
			fileType = wrapper.framework;
			path = CocoaLumberjack.framework;
			remoteRef = F2D344531DDE2E090067F51F /* PBXContainerItemProxy */;
			sourceTree = BUILT_PRODUCTS_DIR;
		};
		F2D344561DDE2E090067F51F /* CocoaLumberjackSwift.framework */ = {
			isa = PBXReferenceProxy;
			fileType = wrapper.framework;
			path = CocoaLumberjackSwift.framework;
			remoteRef = F2D344551DDE2E090067F51F /* PBXContainerItemProxy */;
			sourceTree = BUILT_PRODUCTS_DIR;
		};
		F2D344581DDE2E090067F51F /* CocoaLumberjack.framework */ = {
			isa = PBXReferenceProxy;
			fileType = wrapper.framework;
			path = CocoaLumberjack.framework;
			remoteRef = F2D344571DDE2E090067F51F /* PBXContainerItemProxy */;
			sourceTree = BUILT_PRODUCTS_DIR;
		};
		F2D3445A1DDE2E090067F51F /* CocoaLumberjackSwift.framework */ = {
			isa = PBXReferenceProxy;
			fileType = wrapper.framework;
			path = CocoaLumberjackSwift.framework;
			remoteRef = F2D344591DDE2E090067F51F /* PBXContainerItemProxy */;
			sourceTree = BUILT_PRODUCTS_DIR;
		};
		F2D3445C1DDE2E090067F51F /* FmwkTest.app */ = {
			isa = PBXReferenceProxy;
			fileType = wrapper.application;
			path = FmwkTest.app;
			remoteRef = F2D3445B1DDE2E090067F51F /* PBXContainerItemProxy */;
			sourceTree = BUILT_PRODUCTS_DIR;
		};
		F2D3445E1DDE2E090067F51F /* SwiftTest.app */ = {
			isa = PBXReferenceProxy;
			fileType = wrapper.application;
			path = SwiftTest.app;
			remoteRef = F2D3445D1DDE2E090067F51F /* PBXContainerItemProxy */;
			sourceTree = BUILT_PRODUCTS_DIR;
		};
		F2D344601DDE2E090067F51F /* iOSSwiftTest.app */ = {
			isa = PBXReferenceProxy;
			fileType = wrapper.application;
			path = iOSSwiftTest.app;
			remoteRef = F2D3445F1DDE2E090067F51F /* PBXContainerItemProxy */;
			sourceTree = BUILT_PRODUCTS_DIR;
		};
		F2D344621DDE2E090067F51F /* watchOSSwiftTest.app */ = {
			isa = PBXReferenceProxy;
			fileType = wrapper.application;
			path = watchOSSwiftTest.app;
			remoteRef = F2D344611DDE2E090067F51F /* PBXContainerItemProxy */;
			sourceTree = BUILT_PRODUCTS_DIR;
		};
		F2D344641DDE2E090067F51F /* watchOSSwiftTest Extension.appex */ = {
			isa = PBXReferenceProxy;
			fileType = "wrapper.app-extension";
			path = "watchOSSwiftTest Extension.appex";
			remoteRef = F2D344631DDE2E090067F51F /* PBXContainerItemProxy */;
			sourceTree = BUILT_PRODUCTS_DIR;
		};
		F2D344661DDE2E090067F51F /* tvOSSwiftTest.app */ = {
			isa = PBXReferenceProxy;
			fileType = wrapper.application;
			path = tvOSSwiftTest.app;
			remoteRef = F2D344651DDE2E090067F51F /* PBXContainerItemProxy */;
			sourceTree = BUILT_PRODUCTS_DIR;
		};
		F2D344681DDE2E090067F51F /* iOSLibStaticTest.app */ = {
			isa = PBXReferenceProxy;
			fileType = wrapper.application;
			path = iOSLibStaticTest.app;
			remoteRef = F2D344671DDE2E090067F51F /* PBXContainerItemProxy */;
			sourceTree = BUILT_PRODUCTS_DIR;
		};
/* End PBXReferenceProxy section */

/* Begin PBXResourcesBuildPhase section */
		F29DEC3A1DF2CB9D00047BBD /* Resources */ = {
			isa = PBXResourcesBuildPhase;
			buildActionMask = 2147483647;
			files = (
				F29DEC4B1DF2CBBE00047BBD /* PieceSet_Default.plist in Resources */,
				F29DEC4C1DF2CBBE00047BBD /* Chess_bdt45.svg in Resources */,
				F29DEC4D1DF2CBBE00047BBD /* Chess_blt45.svg in Resources */,
				F29DEC4E1DF2CBBE00047BBD /* Chess_kdt45.svg in Resources */,
				F29DEC4F1DF2CBBE00047BBD /* Chess_klt45.svg in Resources */,
				F29DEC501DF2CBBE00047BBD /* Chess_ndt45.svg in Resources */,
				F29DEC511DF2CBBE00047BBD /* Chess_nlt45.svg in Resources */,
				F29DEC521DF2CBBE00047BBD /* Chess_pdt45.svg in Resources */,
				F29DEC531DF2CBBE00047BBD /* Chess_plt45.svg in Resources */,
				F29DEC541DF2CBBE00047BBD /* Chess_qdt45.svg in Resources */,
				F29DEC551DF2CBBE00047BBD /* Chess_qlt45.svg in Resources */,
				F29DEC561DF2CBBE00047BBD /* Chess_rdt45.svg in Resources */,
				F29DEC571DF2CBBE00047BBD /* Chess_rlt45.svg in Resources */,
			);
			runOnlyForDeploymentPostprocessing = 0;
		};
		F2D1435D1DDE245800288DFC /* Resources */ = {
			isa = PBXResourcesBuildPhase;
			buildActionMask = 2147483647;
			files = (
			);
			runOnlyForDeploymentPostprocessing = 0;
		};
		F2D1437A1DDE260600288DFC /* Resources */ = {
			isa = PBXResourcesBuildPhase;
			buildActionMask = 2147483647;
			files = (
				F2D143891DDE260600288DFC /* LaunchScreen.storyboard in Resources */,
				F2D143861DDE260600288DFC /* Assets.xcassets in Resources */,
				F2D143841DDE260600288DFC /* Main.storyboard in Resources */,
			);
			runOnlyForDeploymentPostprocessing = 0;
		};
		F2DAFE841DDF74B30094F9A3 /* Resources */ = {
			isa = PBXResourcesBuildPhase;
			buildActionMask = 2147483647;
			files = (
			);
			runOnlyForDeploymentPostprocessing = 0;
		};
/* End PBXResourcesBuildPhase section */

/* Begin PBXSourcesBuildPhase section */
		F29DEC371DF2CB9D00047BBD /* Sources */ = {
			isa = PBXSourcesBuildPhase;
			buildActionMask = 2147483647;
			files = (
				F29DEC5D1DF2D0EE00047BBD /* CTUIConstants.swift in Sources */,
				F29DEC481DF2CBB500047BBD /* UIColor+Extension.swift in Sources */,
				F29DEC491DF2CBB500047BBD /* CTChessboardView.swift in Sources */,
				F29DEC4A1DF2CBB500047BBD /* CTPieceSet.swift in Sources */,
			);
			runOnlyForDeploymentPostprocessing = 0;
		};
		F2D1435A1DDE245800288DFC /* Sources */ = {
			isa = PBXSourcesBuildPhase;
			buildActionMask = 2147483647;
			files = (
				F29DEC361DF2CB5800047BBD /* String+Extension.swift in Sources */,
				F25B16091DF2C3220013F60C /* CTCastlingRights.swift in Sources */,
				F25B160F1DF2C3220013F60C /* CTMove.swift in Sources */,
				F25B160D1DF2C3220013F60C /* CTFENParser.swift in Sources */,
				F25B16101DF2C3220013F60C /* CTMoveBuilder.swift in Sources */,
				F25B160E1DF2C3220013F60C /* CTGame.swift in Sources */,
				F25B160B1DF2C3220013F60C /* CTConstants.swift in Sources */,
				F25B16141DF2C3220013F60C /* CTPosition.swift in Sources */,
				F25B16151DF2C3220013F60C /* CTUtils.swift in Sources */,
				F25B160C1DF2C3220013F60C /* CTEnums.swift in Sources */,
				F25B16111DF2C3220013F60C /* CTMoveGenerator.swift in Sources */,
				F25B16121DF2C3220013F60C /* CTMoveNode.swift in Sources */,
			);
			runOnlyForDeploymentPostprocessing = 0;
		};
		F2D143781DDE260600288DFC /* Sources */ = {
			isa = PBXSourcesBuildPhase;
			buildActionMask = 2147483647;
			files = (
				F2D143811DDE260600288DFC /* ViewController.swift in Sources */,
				F2D1437F1DDE260600288DFC /* AppDelegate.swift in Sources */,
			);
			runOnlyForDeploymentPostprocessing = 0;
		};
		F2DAFE821DDF74B30094F9A3 /* Sources */ = {
			isa = PBXSourcesBuildPhase;
			buildActionMask = 2147483647;
			files = (
				F2DAFE9A1DDF74E20094F9A3 /* CTPositionTests.swift in Sources */,
				F2DAFE981DDF74E20094F9A3 /* CTMoveGeneratorTests.swift in Sources */,
				F2DAFE971DDF74E20094F9A3 /* CTGameTests.swift in Sources */,
				F2DAFE961DDF74E20094F9A3 /* CTFENParserTests.swift in Sources */,
				F2DAFE991DDF74E20094F9A3 /* CTMoveTests.swift in Sources */,
			);
			runOnlyForDeploymentPostprocessing = 0;
		};
/* End PBXSourcesBuildPhase section */

/* Begin PBXTargetDependency section */
		F29DEC421DF2CB9D00047BBD /* PBXTargetDependency */ = {
			isa = PBXTargetDependency;
			target = F29DEC3B1DF2CB9D00047BBD /* ChessToolkitUI-iOS */;
			targetProxy = F29DEC411DF2CB9D00047BBD /* PBXContainerItemProxy */;
		};
		F29DEC591DF2CBD000047BBD /* PBXTargetDependency */ = {
			isa = PBXTargetDependency;
			target = F2D1435E1DDE245800288DFC /* ChessToolkit-iOS */;
			targetProxy = F29DEC581DF2CBD000047BBD /* PBXContainerItemProxy */;
		};
		F2D143951DDE27BA00288DFC /* PBXTargetDependency */ = {
			isa = PBXTargetDependency;
			name = "SVGKitFramework-iOS";
			targetProxy = F2D143941DDE27BA00288DFC /* PBXContainerItemProxy */;
		};
		F2D344711DDE2E610067F51F /* PBXTargetDependency */ = {
			isa = PBXTargetDependency;
			name = CocoaLumberjack;
			targetProxy = F2D344701DDE2E610067F51F /* PBXContainerItemProxy */;
		};
		F2DAFE8D1DDF74B30094F9A3 /* PBXTargetDependency */ = {
			isa = PBXTargetDependency;
			target = F2D1435E1DDE245800288DFC /* ChessToolkit-iOS */;
			targetProxy = F2DAFE8C1DDF74B30094F9A3 /* PBXContainerItemProxy */;
		};
/* End PBXTargetDependency section */

/* Begin PBXVariantGroup section */
		F2D143821DDE260600288DFC /* Main.storyboard */ = {
			isa = PBXVariantGroup;
			children = (
				F2D143831DDE260600288DFC /* Base */,
			);
			name = Main.storyboard;
			sourceTree = "<group>";
		};
		F2D143871DDE260600288DFC /* LaunchScreen.storyboard */ = {
			isa = PBXVariantGroup;
			children = (
				F2D143881DDE260600288DFC /* Base */,
			);
			name = LaunchScreen.storyboard;
			sourceTree = "<group>";
		};
/* End PBXVariantGroup section */

/* Begin XCBuildConfiguration section */
		F29DEC461DF2CB9D00047BBD /* Debug */ = {
			isa = XCBuildConfiguration;
			buildSettings = {
				ALWAYS_SEARCH_USER_PATHS = NO;
				CLANG_ANALYZER_NONNULL = YES;
				CLANG_CXX_LANGUAGE_STANDARD = "gnu++0x";
				CLANG_CXX_LIBRARY = "libc++";
				CLANG_ENABLE_MODULES = YES;
				CLANG_ENABLE_OBJC_ARC = YES;
				CLANG_WARN_DIRECT_OBJC_ISA_USAGE = YES_ERROR;
				CLANG_WARN_DOCUMENTATION_COMMENTS = YES;
				CLANG_WARN_OBJC_ROOT_CLASS = YES_ERROR;
				CLANG_WARN_SUSPICIOUS_MOVES = YES;
				CODE_SIGN_IDENTITY = "";
				"CODE_SIGN_IDENTITY[sdk=iphoneos*]" = "iPhone Developer";
				COPY_PHASE_STRIP = NO;
				CURRENT_PROJECT_VERSION = 1;
				DEBUG_INFORMATION_FORMAT = dwarf;
				DEFINES_MODULE = YES;
				DEVELOPMENT_TEAM = YZB6HYGFR3;
				DYLIB_COMPATIBILITY_VERSION = 1;
				DYLIB_CURRENT_VERSION = 1;
				DYLIB_INSTALL_NAME_BASE = "@rpath";
				GCC_C_LANGUAGE_STANDARD = gnu99;
				GCC_DYNAMIC_NO_PIC = NO;
				GCC_OPTIMIZATION_LEVEL = 0;
				GCC_PREPROCESSOR_DEFINITIONS = (
					"DEBUG=1",
					"$(inherited)",
				);
				GCC_WARN_ABOUT_RETURN_TYPE = YES_ERROR;
				GCC_WARN_UNINITIALIZED_AUTOS = YES_AGGRESSIVE;
				INFOPLIST_FILE = "ChessToolkitUI-iOS/Info.plist";
				INSTALL_PATH = "$(LOCAL_LIBRARY_DIR)/Frameworks";
				IPHONEOS_DEPLOYMENT_TARGET = 10.1;
				LD_RUNPATH_SEARCH_PATHS = "$(inherited) @executable_path/Frameworks @loader_path/Frameworks";
				MTL_ENABLE_DEBUG_INFO = YES;
				PRODUCT_BUNDLE_IDENTIFIER = "org.karrmarr.ChessToolkitUI-iOS";
				PRODUCT_NAME = ChessToolkitUI;
				SDKROOT = iphoneos;
				SKIP_INSTALL = YES;
				SWIFT_ACTIVE_COMPILATION_CONDITIONS = DEBUG;
				SWIFT_OPTIMIZATION_LEVEL = "-Onone";
				SWIFT_VERSION = 3.0;
				TARGETED_DEVICE_FAMILY = "1,2";
				VERSIONING_SYSTEM = "apple-generic";
				VERSION_INFO_PREFIX = "";
			};
			name = Debug;
		};
		F29DEC471DF2CB9D00047BBD /* Release */ = {
			isa = XCBuildConfiguration;
			buildSettings = {
				ALWAYS_SEARCH_USER_PATHS = NO;
				CLANG_ANALYZER_NONNULL = YES;
				CLANG_CXX_LANGUAGE_STANDARD = "gnu++0x";
				CLANG_CXX_LIBRARY = "libc++";
				CLANG_ENABLE_MODULES = YES;
				CLANG_ENABLE_OBJC_ARC = YES;
				CLANG_WARN_DIRECT_OBJC_ISA_USAGE = YES_ERROR;
				CLANG_WARN_DOCUMENTATION_COMMENTS = YES;
				CLANG_WARN_OBJC_ROOT_CLASS = YES_ERROR;
				CLANG_WARN_SUSPICIOUS_MOVES = YES;
				CODE_SIGN_IDENTITY = "";
				"CODE_SIGN_IDENTITY[sdk=iphoneos*]" = "iPhone Developer";
				COPY_PHASE_STRIP = NO;
				CURRENT_PROJECT_VERSION = 1;
				DEBUG_INFORMATION_FORMAT = "dwarf-with-dsym";
				DEFINES_MODULE = YES;
				DEVELOPMENT_TEAM = YZB6HYGFR3;
				DYLIB_COMPATIBILITY_VERSION = 1;
				DYLIB_CURRENT_VERSION = 1;
				DYLIB_INSTALL_NAME_BASE = "@rpath";
				ENABLE_NS_ASSERTIONS = NO;
				GCC_C_LANGUAGE_STANDARD = gnu99;
				GCC_WARN_ABOUT_RETURN_TYPE = YES_ERROR;
				GCC_WARN_UNINITIALIZED_AUTOS = YES_AGGRESSIVE;
				INFOPLIST_FILE = "ChessToolkitUI-iOS/Info.plist";
				INSTALL_PATH = "$(LOCAL_LIBRARY_DIR)/Frameworks";
				IPHONEOS_DEPLOYMENT_TARGET = 10.1;
				LD_RUNPATH_SEARCH_PATHS = "$(inherited) @executable_path/Frameworks @loader_path/Frameworks";
				MTL_ENABLE_DEBUG_INFO = NO;
				PRODUCT_BUNDLE_IDENTIFIER = "org.karrmarr.ChessToolkitUI-iOS";
				PRODUCT_NAME = ChessToolkitUI;
				SDKROOT = iphoneos;
				SKIP_INSTALL = YES;
				SWIFT_OPTIMIZATION_LEVEL = "-Owholemodule";
				SWIFT_VERSION = 3.0;
				TARGETED_DEVICE_FAMILY = "1,2";
				VALIDATE_PRODUCT = YES;
				VERSIONING_SYSTEM = "apple-generic";
				VERSION_INFO_PREFIX = "";
			};
			name = Release;
		};
		F2D143321DDE222800288DFC /* Debug */ = {
			isa = XCBuildConfiguration;
			buildSettings = {
				CLANG_WARN_BOOL_CONVERSION = YES;
				CLANG_WARN_CONSTANT_CONVERSION = YES;
				CLANG_WARN_EMPTY_BODY = YES;
				CLANG_WARN_ENUM_CONVERSION = YES;
				CLANG_WARN_INFINITE_RECURSION = YES;
				CLANG_WARN_INT_CONVERSION = YES;
				CLANG_WARN_SUSPICIOUS_MOVE = YES;
				CLANG_WARN_UNREACHABLE_CODE = YES;
				CLANG_WARN__DUPLICATE_METHOD_MATCH = YES;
				ENABLE_STRICT_OBJC_MSGSEND = YES;
				ENABLE_TESTABILITY = YES;
				GCC_NO_COMMON_BLOCKS = YES;
				GCC_WARN_64_TO_32_BIT_CONVERSION = YES;
				GCC_WARN_ABOUT_RETURN_TYPE = YES;
				GCC_WARN_UNDECLARED_SELECTOR = YES;
				GCC_WARN_UNINITIALIZED_AUTOS = YES;
				GCC_WARN_UNUSED_FUNCTION = YES;
				GCC_WARN_UNUSED_VARIABLE = YES;
				ONLY_ACTIVE_ARCH = YES;
			};
			name = Debug;
		};
		F2D143331DDE222800288DFC /* Release */ = {
			isa = XCBuildConfiguration;
			buildSettings = {
				CLANG_WARN_BOOL_CONVERSION = YES;
				CLANG_WARN_CONSTANT_CONVERSION = YES;
				CLANG_WARN_EMPTY_BODY = YES;
				CLANG_WARN_ENUM_CONVERSION = YES;
				CLANG_WARN_INFINITE_RECURSION = YES;
				CLANG_WARN_INT_CONVERSION = YES;
				CLANG_WARN_SUSPICIOUS_MOVE = YES;
				CLANG_WARN_UNREACHABLE_CODE = YES;
				CLANG_WARN__DUPLICATE_METHOD_MATCH = YES;
				ENABLE_STRICT_OBJC_MSGSEND = YES;
				GCC_NO_COMMON_BLOCKS = YES;
				GCC_WARN_64_TO_32_BIT_CONVERSION = YES;
				GCC_WARN_ABOUT_RETURN_TYPE = YES;
				GCC_WARN_UNDECLARED_SELECTOR = YES;
				GCC_WARN_UNINITIALIZED_AUTOS = YES;
				GCC_WARN_UNUSED_FUNCTION = YES;
				GCC_WARN_UNUSED_VARIABLE = YES;
			};
			name = Release;
		};
		F2D143661DDE245800288DFC /* Debug */ = {
			isa = XCBuildConfiguration;
			buildSettings = {
				ALWAYS_SEARCH_USER_PATHS = NO;
				CLANG_ANALYZER_NONNULL = YES;
				CLANG_CXX_LANGUAGE_STANDARD = "gnu++0x";
				CLANG_CXX_LIBRARY = "libc++";
				CLANG_ENABLE_MODULES = YES;
				CLANG_ENABLE_OBJC_ARC = YES;
				CLANG_WARN_BOOL_CONVERSION = YES;
				CLANG_WARN_CONSTANT_CONVERSION = YES;
				CLANG_WARN_DIRECT_OBJC_ISA_USAGE = YES_ERROR;
				CLANG_WARN_DOCUMENTATION_COMMENTS = YES;
				CLANG_WARN_EMPTY_BODY = YES;
				CLANG_WARN_ENUM_CONVERSION = YES;
				CLANG_WARN_INFINITE_RECURSION = YES;
				CLANG_WARN_INT_CONVERSION = YES;
				CLANG_WARN_OBJC_ROOT_CLASS = YES_ERROR;
				CLANG_WARN_SUSPICIOUS_MOVES = YES;
				CLANG_WARN_UNREACHABLE_CODE = YES;
				CLANG_WARN__DUPLICATE_METHOD_MATCH = YES;
				CODE_SIGN_IDENTITY = "";
				"CODE_SIGN_IDENTITY[sdk=iphoneos*]" = "";
				COPY_PHASE_STRIP = NO;
				CURRENT_PROJECT_VERSION = 1;
				DEBUG_INFORMATION_FORMAT = dwarf;
				DEFINES_MODULE = YES;
				DEVELOPMENT_TEAM = YZB6HYGFR3;
				DYLIB_COMPATIBILITY_VERSION = 1;
				DYLIB_CURRENT_VERSION = 1;
				DYLIB_INSTALL_NAME_BASE = "@rpath";
				ENABLE_STRICT_OBJC_MSGSEND = YES;
				ENABLE_TESTABILITY = YES;
				GCC_C_LANGUAGE_STANDARD = gnu99;
				GCC_DYNAMIC_NO_PIC = NO;
				GCC_NO_COMMON_BLOCKS = YES;
				GCC_OPTIMIZATION_LEVEL = 0;
				GCC_PREPROCESSOR_DEFINITIONS = (
					"DEBUG=1",
					"$(inherited)",
				);
				GCC_WARN_64_TO_32_BIT_CONVERSION = YES;
				GCC_WARN_ABOUT_RETURN_TYPE = YES_ERROR;
				GCC_WARN_UNDECLARED_SELECTOR = YES;
				GCC_WARN_UNINITIALIZED_AUTOS = YES_AGGRESSIVE;
				GCC_WARN_UNUSED_FUNCTION = YES;
				GCC_WARN_UNUSED_VARIABLE = YES;
				INFOPLIST_FILE = "ChessToolkit-iOS/Info.plist";
				INSTALL_PATH = "$(LOCAL_LIBRARY_DIR)/Frameworks";
				IPHONEOS_DEPLOYMENT_TARGET = 10.1;
				LD_RUNPATH_SEARCH_PATHS = "$(inherited) @executable_path/Frameworks @loader_path/Frameworks";
				MTL_ENABLE_DEBUG_INFO = YES;
				ONLY_ACTIVE_ARCH = YES;
				PRODUCT_BUNDLE_IDENTIFIER = "org.karrmarr.ChessToolkit-iOS";
				PRODUCT_NAME = ChessToolkit;
				SDKROOT = iphoneos;
				SKIP_INSTALL = YES;
				SWIFT_ACTIVE_COMPILATION_CONDITIONS = DEBUG;
				SWIFT_OPTIMIZATION_LEVEL = "-Onone";
				SWIFT_VERSION = 3.0;
				TARGETED_DEVICE_FAMILY = "1,2";
				VERSIONING_SYSTEM = "apple-generic";
				VERSION_INFO_PREFIX = "";
			};
			name = Debug;
		};
		F2D143671DDE245800288DFC /* Release */ = {
			isa = XCBuildConfiguration;
			buildSettings = {
				ALWAYS_SEARCH_USER_PATHS = NO;
				CLANG_ANALYZER_NONNULL = YES;
				CLANG_CXX_LANGUAGE_STANDARD = "gnu++0x";
				CLANG_CXX_LIBRARY = "libc++";
				CLANG_ENABLE_MODULES = YES;
				CLANG_ENABLE_OBJC_ARC = YES;
				CLANG_WARN_BOOL_CONVERSION = YES;
				CLANG_WARN_CONSTANT_CONVERSION = YES;
				CLANG_WARN_DIRECT_OBJC_ISA_USAGE = YES_ERROR;
				CLANG_WARN_DOCUMENTATION_COMMENTS = YES;
				CLANG_WARN_EMPTY_BODY = YES;
				CLANG_WARN_ENUM_CONVERSION = YES;
				CLANG_WARN_INFINITE_RECURSION = YES;
				CLANG_WARN_INT_CONVERSION = YES;
				CLANG_WARN_OBJC_ROOT_CLASS = YES_ERROR;
				CLANG_WARN_SUSPICIOUS_MOVES = YES;
				CLANG_WARN_UNREACHABLE_CODE = YES;
				CLANG_WARN__DUPLICATE_METHOD_MATCH = YES;
				CODE_SIGN_IDENTITY = "";
				"CODE_SIGN_IDENTITY[sdk=iphoneos*]" = "";
				COPY_PHASE_STRIP = NO;
				CURRENT_PROJECT_VERSION = 1;
				DEBUG_INFORMATION_FORMAT = "dwarf-with-dsym";
				DEFINES_MODULE = YES;
				DEVELOPMENT_TEAM = YZB6HYGFR3;
				DYLIB_COMPATIBILITY_VERSION = 1;
				DYLIB_CURRENT_VERSION = 1;
				DYLIB_INSTALL_NAME_BASE = "@rpath";
				ENABLE_NS_ASSERTIONS = NO;
				ENABLE_STRICT_OBJC_MSGSEND = YES;
				GCC_C_LANGUAGE_STANDARD = gnu99;
				GCC_NO_COMMON_BLOCKS = YES;
				GCC_WARN_64_TO_32_BIT_CONVERSION = YES;
				GCC_WARN_ABOUT_RETURN_TYPE = YES_ERROR;
				GCC_WARN_UNDECLARED_SELECTOR = YES;
				GCC_WARN_UNINITIALIZED_AUTOS = YES_AGGRESSIVE;
				GCC_WARN_UNUSED_FUNCTION = YES;
				GCC_WARN_UNUSED_VARIABLE = YES;
				INFOPLIST_FILE = "ChessToolkit-iOS/Info.plist";
				INSTALL_PATH = "$(LOCAL_LIBRARY_DIR)/Frameworks";
				IPHONEOS_DEPLOYMENT_TARGET = 10.1;
				LD_RUNPATH_SEARCH_PATHS = "$(inherited) @executable_path/Frameworks @loader_path/Frameworks";
				MTL_ENABLE_DEBUG_INFO = NO;
				PRODUCT_BUNDLE_IDENTIFIER = "org.karrmarr.ChessToolkit-iOS";
				PRODUCT_NAME = ChessToolkit;
				SDKROOT = iphoneos;
				SKIP_INSTALL = YES;
				SWIFT_OPTIMIZATION_LEVEL = "-Owholemodule";
				SWIFT_VERSION = 3.0;
				TARGETED_DEVICE_FAMILY = "1,2";
				VALIDATE_PRODUCT = YES;
				VERSIONING_SYSTEM = "apple-generic";
				VERSION_INFO_PREFIX = "";
			};
			name = Release;
		};
		F2D1438C1DDE260600288DFC /* Debug */ = {
			isa = XCBuildConfiguration;
			buildSettings = {
				ALWAYS_EMBED_SWIFT_STANDARD_LIBRARIES = YES;
				ALWAYS_SEARCH_USER_PATHS = NO;
				ASSETCATALOG_COMPILER_APPICON_NAME = AppIcon;
				CLANG_ANALYZER_NONNULL = YES;
				CLANG_CXX_LANGUAGE_STANDARD = "gnu++0x";
				CLANG_CXX_LIBRARY = "libc++";
				CLANG_ENABLE_MODULES = YES;
				CLANG_ENABLE_OBJC_ARC = YES;
				CLANG_WARN_BOOL_CONVERSION = YES;
				CLANG_WARN_CONSTANT_CONVERSION = YES;
				CLANG_WARN_DIRECT_OBJC_ISA_USAGE = YES_ERROR;
				CLANG_WARN_DOCUMENTATION_COMMENTS = YES;
				CLANG_WARN_EMPTY_BODY = YES;
				CLANG_WARN_ENUM_CONVERSION = YES;
				CLANG_WARN_INFINITE_RECURSION = YES;
				CLANG_WARN_INT_CONVERSION = YES;
				CLANG_WARN_OBJC_ROOT_CLASS = YES_ERROR;
				CLANG_WARN_SUSPICIOUS_MOVES = YES;
				CLANG_WARN_UNREACHABLE_CODE = YES;
				CLANG_WARN__DUPLICATE_METHOD_MATCH = YES;
				"CODE_SIGN_IDENTITY[sdk=iphoneos*]" = "iPhone Developer";
				COPY_PHASE_STRIP = NO;
				DEBUG_INFORMATION_FORMAT = dwarf;
				DEVELOPMENT_TEAM = YZB6HYGFR3;
				ENABLE_STRICT_OBJC_MSGSEND = YES;
				ENABLE_TESTABILITY = YES;
				GCC_C_LANGUAGE_STANDARD = gnu99;
				GCC_DYNAMIC_NO_PIC = NO;
				GCC_NO_COMMON_BLOCKS = YES;
				GCC_OPTIMIZATION_LEVEL = 0;
				GCC_PREPROCESSOR_DEFINITIONS = (
					"DEBUG=1",
					"$(inherited)",
				);
				GCC_WARN_64_TO_32_BIT_CONVERSION = YES;
				GCC_WARN_ABOUT_RETURN_TYPE = YES_ERROR;
				GCC_WARN_UNDECLARED_SELECTOR = YES;
				GCC_WARN_UNINITIALIZED_AUTOS = YES_AGGRESSIVE;
				GCC_WARN_UNUSED_FUNCTION = YES;
				GCC_WARN_UNUSED_VARIABLE = YES;
				INFOPLIST_FILE = "ChessToolkit-Example/Info.plist";
				IPHONEOS_DEPLOYMENT_TARGET = 10.1;
				LD_RUNPATH_SEARCH_PATHS = "$(inherited) @executable_path/Frameworks";
				MTL_ENABLE_DEBUG_INFO = YES;
				ONLY_ACTIVE_ARCH = YES;
				PRODUCT_BUNDLE_IDENTIFIER = "org.karrmarr.ChessToolkit-Example";
				PRODUCT_NAME = ChessToolkitExample;
				SDKROOT = iphoneos;
				SWIFT_ACTIVE_COMPILATION_CONDITIONS = DEBUG;
				SWIFT_OPTIMIZATION_LEVEL = "-Onone";
				SWIFT_VERSION = 3.0;
			};
			name = Debug;
		};
		F2D1438D1DDE260600288DFC /* Release */ = {
			isa = XCBuildConfiguration;
			buildSettings = {
				ALWAYS_EMBED_SWIFT_STANDARD_LIBRARIES = YES;
				ALWAYS_SEARCH_USER_PATHS = NO;
				ASSETCATALOG_COMPILER_APPICON_NAME = AppIcon;
				CLANG_ANALYZER_NONNULL = YES;
				CLANG_CXX_LANGUAGE_STANDARD = "gnu++0x";
				CLANG_CXX_LIBRARY = "libc++";
				CLANG_ENABLE_MODULES = YES;
				CLANG_ENABLE_OBJC_ARC = YES;
				CLANG_WARN_BOOL_CONVERSION = YES;
				CLANG_WARN_CONSTANT_CONVERSION = YES;
				CLANG_WARN_DIRECT_OBJC_ISA_USAGE = YES_ERROR;
				CLANG_WARN_DOCUMENTATION_COMMENTS = YES;
				CLANG_WARN_EMPTY_BODY = YES;
				CLANG_WARN_ENUM_CONVERSION = YES;
				CLANG_WARN_INFINITE_RECURSION = YES;
				CLANG_WARN_INT_CONVERSION = YES;
				CLANG_WARN_OBJC_ROOT_CLASS = YES_ERROR;
				CLANG_WARN_SUSPICIOUS_MOVES = YES;
				CLANG_WARN_UNREACHABLE_CODE = YES;
				CLANG_WARN__DUPLICATE_METHOD_MATCH = YES;
				"CODE_SIGN_IDENTITY[sdk=iphoneos*]" = "iPhone Developer";
				COPY_PHASE_STRIP = NO;
				DEBUG_INFORMATION_FORMAT = "dwarf-with-dsym";
				DEVELOPMENT_TEAM = YZB6HYGFR3;
				ENABLE_NS_ASSERTIONS = NO;
				ENABLE_STRICT_OBJC_MSGSEND = YES;
				GCC_C_LANGUAGE_STANDARD = gnu99;
				GCC_NO_COMMON_BLOCKS = YES;
				GCC_WARN_64_TO_32_BIT_CONVERSION = YES;
				GCC_WARN_ABOUT_RETURN_TYPE = YES_ERROR;
				GCC_WARN_UNDECLARED_SELECTOR = YES;
				GCC_WARN_UNINITIALIZED_AUTOS = YES_AGGRESSIVE;
				GCC_WARN_UNUSED_FUNCTION = YES;
				GCC_WARN_UNUSED_VARIABLE = YES;
				INFOPLIST_FILE = "ChessToolkit-Example/Info.plist";
				IPHONEOS_DEPLOYMENT_TARGET = 10.1;
				LD_RUNPATH_SEARCH_PATHS = "$(inherited) @executable_path/Frameworks";
				MTL_ENABLE_DEBUG_INFO = NO;
				PRODUCT_BUNDLE_IDENTIFIER = "org.karrmarr.ChessToolkit-Example";
				PRODUCT_NAME = ChessToolkitExample;
				SDKROOT = iphoneos;
				SWIFT_OPTIMIZATION_LEVEL = "-Owholemodule";
				SWIFT_VERSION = 3.0;
				VALIDATE_PRODUCT = YES;
			};
			name = Release;
		};
		F2DAFE8F1DDF74B30094F9A3 /* Debug */ = {
			isa = XCBuildConfiguration;
			buildSettings = {
				ALWAYS_EMBED_SWIFT_STANDARD_LIBRARIES = YES;
				ALWAYS_SEARCH_USER_PATHS = NO;
				CLANG_ANALYZER_NONNULL = YES;
				CLANG_CXX_LANGUAGE_STANDARD = "gnu++0x";
				CLANG_CXX_LIBRARY = "libc++";
				CLANG_ENABLE_MODULES = YES;
				CLANG_ENABLE_OBJC_ARC = YES;
				CLANG_WARN_DIRECT_OBJC_ISA_USAGE = YES_ERROR;
				CLANG_WARN_DOCUMENTATION_COMMENTS = YES;
				CLANG_WARN_OBJC_ROOT_CLASS = YES_ERROR;
				CLANG_WARN_SUSPICIOUS_MOVES = YES;
				"CODE_SIGN_IDENTITY[sdk=iphoneos*]" = "iPhone Developer";
				COPY_PHASE_STRIP = NO;
				DEBUG_INFORMATION_FORMAT = dwarf;
				DEVELOPMENT_TEAM = YZB6HYGFR3;
				GCC_C_LANGUAGE_STANDARD = gnu99;
				GCC_DYNAMIC_NO_PIC = NO;
				GCC_OPTIMIZATION_LEVEL = 0;
				GCC_PREPROCESSOR_DEFINITIONS = (
					"DEBUG=1",
					"$(inherited)",
				);
				GCC_WARN_ABOUT_RETURN_TYPE = YES_ERROR;
				GCC_WARN_UNINITIALIZED_AUTOS = YES_AGGRESSIVE;
				INFOPLIST_FILE = "ChessToolkit-iOS-Tests/Info.plist";
				IPHONEOS_DEPLOYMENT_TARGET = 10.1;
				LD_RUNPATH_SEARCH_PATHS = "$(inherited) @executable_path/Frameworks @loader_path/Frameworks";
				MTL_ENABLE_DEBUG_INFO = YES;
				PRODUCT_BUNDLE_IDENTIFIER = "org.karrmarr.ChessToolkit-iOS-Tests";
				PRODUCT_NAME = ChessToolkitiOSTests;
				SDKROOT = iphoneos;
				SWIFT_ACTIVE_COMPILATION_CONDITIONS = DEBUG;
				SWIFT_OPTIMIZATION_LEVEL = "-Onone";
				SWIFT_VERSION = 3.0;
			};
			name = Debug;
		};
		F2DAFE901DDF74B30094F9A3 /* Release */ = {
			isa = XCBuildConfiguration;
			buildSettings = {
				ALWAYS_EMBED_SWIFT_STANDARD_LIBRARIES = YES;
				ALWAYS_SEARCH_USER_PATHS = NO;
				CLANG_ANALYZER_NONNULL = YES;
				CLANG_CXX_LANGUAGE_STANDARD = "gnu++0x";
				CLANG_CXX_LIBRARY = "libc++";
				CLANG_ENABLE_MODULES = YES;
				CLANG_ENABLE_OBJC_ARC = YES;
				CLANG_WARN_DIRECT_OBJC_ISA_USAGE = YES_ERROR;
				CLANG_WARN_DOCUMENTATION_COMMENTS = YES;
				CLANG_WARN_OBJC_ROOT_CLASS = YES_ERROR;
				CLANG_WARN_SUSPICIOUS_MOVES = YES;
				"CODE_SIGN_IDENTITY[sdk=iphoneos*]" = "iPhone Developer";
				COPY_PHASE_STRIP = NO;
				DEBUG_INFORMATION_FORMAT = "dwarf-with-dsym";
				DEVELOPMENT_TEAM = YZB6HYGFR3;
				ENABLE_NS_ASSERTIONS = NO;
				GCC_C_LANGUAGE_STANDARD = gnu99;
				GCC_WARN_ABOUT_RETURN_TYPE = YES_ERROR;
				GCC_WARN_UNINITIALIZED_AUTOS = YES_AGGRESSIVE;
				INFOPLIST_FILE = "ChessToolkit-iOS-Tests/Info.plist";
				IPHONEOS_DEPLOYMENT_TARGET = 10.1;
				LD_RUNPATH_SEARCH_PATHS = "$(inherited) @executable_path/Frameworks @loader_path/Frameworks";
				MTL_ENABLE_DEBUG_INFO = NO;
				PRODUCT_BUNDLE_IDENTIFIER = "org.karrmarr.ChessToolkit-iOS-Tests";
				PRODUCT_NAME = ChessToolkitiOSTests;
				SDKROOT = iphoneos;
				SWIFT_OPTIMIZATION_LEVEL = "-Owholemodule";
				SWIFT_VERSION = 3.0;
				VALIDATE_PRODUCT = YES;
			};
			name = Release;
		};
/* End XCBuildConfiguration section */

/* Begin XCConfigurationList section */
		F29DEC451DF2CB9D00047BBD /* Build configuration list for PBXNativeTarget "ChessToolkitUI-iOS" */ = {
			isa = XCConfigurationList;
			buildConfigurations = (
				F29DEC461DF2CB9D00047BBD /* Debug */,
				F29DEC471DF2CB9D00047BBD /* Release */,
			);
			defaultConfigurationIsVisible = 0;
			defaultConfigurationName = Release;
		};
		F2D143311DDE222800288DFC /* Build configuration list for PBXProject "ChessToolkit" */ = {
			isa = XCConfigurationList;
			buildConfigurations = (
				F2D143321DDE222800288DFC /* Debug */,
				F2D143331DDE222800288DFC /* Release */,
			);
			defaultConfigurationIsVisible = 0;
			defaultConfigurationName = Release;
		};
		F2D143651DDE245800288DFC /* Build configuration list for PBXNativeTarget "ChessToolkit-iOS" */ = {
			isa = XCConfigurationList;
			buildConfigurations = (
				F2D143661DDE245800288DFC /* Debug */,
				F2D143671DDE245800288DFC /* Release */,
			);
			defaultConfigurationIsVisible = 0;
			defaultConfigurationName = Release;
		};
		F2D1438B1DDE260600288DFC /* Build configuration list for PBXNativeTarget "ChessToolkit-Example" */ = {
			isa = XCConfigurationList;
			buildConfigurations = (
				F2D1438C1DDE260600288DFC /* Debug */,
				F2D1438D1DDE260600288DFC /* Release */,
			);
			defaultConfigurationIsVisible = 0;
			defaultConfigurationName = Release;
		};
		F2DAFE8E1DDF74B30094F9A3 /* Build configuration list for PBXNativeTarget "ChessToolkit-iOS-Tests" */ = {
			isa = XCConfigurationList;
			buildConfigurations = (
				F2DAFE8F1DDF74B30094F9A3 /* Debug */,
				F2DAFE901DDF74B30094F9A3 /* Release */,
			);
			defaultConfigurationIsVisible = 0;
			defaultConfigurationName = Release;
		};
/* End XCConfigurationList section */
	};
	rootObject = F2D1432E1DDE222800288DFC /* Project object */;
}
